// !$*UTF8*$!
{
	archiveVersion = 1;
	classes = {
	};
	objectVersion = 45;
	objects = {

/* Begin PBXContainerItemProxy section */
		C45954921331E2ED00D6C668 /* PBXContainerItemProxy */ = {
			isa = PBXContainerItemProxy;
			containerPortal = C45954731331E2EC00D6C668 /* ATMHud.xcodeproj */;
			proxyType = 2;
			remoteGlobalIDString = 1D6058910D05DD3D006BFB54 /* ATMHud.app */;
			remoteInfo = ATMHud;
		};
		C45954C31331E37500D6C668 /* PBXContainerItemProxy */ = {
			isa = PBXContainerItemProxy;
			containerPortal = C45954BB1331E37500D6C668 /* TokenFieldExample.xcodeproj */;
			proxyType = 2;
			remoteGlobalIDString = 1D6058910D05DD3D006BFB54 /* TokenFieldExample.app */;
			remoteInfo = TokenFieldExample;
		};
/* End PBXContainerItemProxy section */

/* Begin PBXFileReference section */
		1D30AB110D05D00D00671497 /* Foundation.framework */ = {isa = PBXFileReference; lastKnownFileType = wrapper.framework; name = Foundation.framework; path = System/Library/Frameworks/Foundation.framework; sourceTree = SDKROOT; };
		1DF5F4DF0D08C38300B7A737 /* UIKit.framework */ = {isa = PBXFileReference; lastKnownFileType = wrapper.framework; name = UIKit.framework; path = System/Library/Frameworks/UIKit.framework; sourceTree = SDKROOT; };
		288765FC0DF74451002DB57D /* CoreGraphics.framework */ = {isa = PBXFileReference; lastKnownFileType = wrapper.framework; name = CoreGraphics.framework; path = System/Library/Frameworks/CoreGraphics.framework; sourceTree = SDKROOT; };
		28AD733E0D9D9553002E5188 /* MainWindow.xib */ = {isa = PBXFileReference; lastKnownFileType = file.xib; path = MainWindow.xib; sourceTree = "<group>"; };
		29B97316FDCFA39411CA2CEA /* main.m */ = {isa = PBXFileReference; fileEncoding = 4; lastKnownFileType = sourcecode.c.objc; path = main.m; sourceTree = "<group>"; };
		32CA4F630368D1EE00C91783 /* FJSCode_Prefix.pch */ = {isa = PBXFileReference; fileEncoding = 4; lastKnownFileType = sourcecode.c.h; path = FJSCode_Prefix.pch; sourceTree = "<group>"; };
		8D1107310486CEB800E47090 /* FJSCode-Info.plist */ = {isa = PBXFileReference; fileEncoding = 4; lastKnownFileType = text.plist.xml; path = "FJSCode-Info.plist"; plistStructureDefinitionIdentifier = "com.apple.xcode.plist.structure-definition.iphone.info-plist"; sourceTree = "<group>"; };
		C403FC78100F866A00DCA31A /* SCListener.h */ = {isa = PBXFileReference; fileEncoding = 4; lastKnownFileType = sourcecode.c.h; path = SCListener.h; sourceTree = "<group>"; };
		C403FC79100F866A00DCA31A /* SCListener.m */ = {isa = PBXFileReference; fileEncoding = 4; lastKnownFileType = sourcecode.c.objc; path = SCListener.m; sourceTree = "<group>"; };
		C403FC7E100F86A900DCA31A /* SoundEffect.h */ = {isa = PBXFileReference; fileEncoding = 4; lastKnownFileType = sourcecode.c.h; path = SoundEffect.h; sourceTree = "<group>"; };
		C403FC7F100F86A900DCA31A /* SoundEffect.m */ = {isa = PBXFileReference; fileEncoding = 4; lastKnownFileType = sourcecode.c.objc; path = SoundEffect.m; sourceTree = "<group>"; };
		C403FCE8100FA10A00DCA31A /* ListenerController.h */ = {isa = PBXFileReference; fileEncoding = 4; lastKnownFileType = sourcecode.c.h; path = ListenerController.h; sourceTree = "<group>"; };
		C403FCE9100FA10A00DCA31A /* ListenerController.m */ = {isa = PBXFileReference; fileEncoding = 4; lastKnownFileType = sourcecode.c.objc; path = ListenerController.m; sourceTree = "<group>"; };
		C40A51640FFF27CD001D4CDE /* KBCollectionExtensions.m */ = {isa = PBXFileReference; fileEncoding = 4; lastKnownFileType = sourcecode.c.objc; path = KBCollectionExtensions.m; sourceTree = "<group>"; };
		C40A51650FFF27CD001D4CDE /* KBCollectionExtensions.h */ = {isa = PBXFileReference; fileEncoding = 4; lastKnownFileType = sourcecode.c.h; path = KBCollectionExtensions.h; sourceTree = "<group>"; };
		C40B1D9811D51ABC00ADE99B /* Connect_iphone.png */ = {isa = PBXFileReference; lastKnownFileType = image.png; path = Connect_iphone.png; sourceTree = "<group>"; };
		C40B1D9911D51ABC00ADE99B /* FacebookAgent.h */ = {isa = PBXFileReference; fileEncoding = 4; lastKnownFileType = sourcecode.c.h; path = FacebookAgent.h; sourceTree = "<group>"; };
		C40B1D9A11D51ABC00ADE99B /* FacebookAgent.m */ = {isa = PBXFileReference; fileEncoding = 4; lastKnownFileType = sourcecode.c.objc; path = FacebookAgent.m; sourceTree = "<group>"; };
		C40B1D9B11D51ABC00ADE99B /* Logout_iphone.png */ = {isa = PBXFileReference; lastKnownFileType = image.png; path = Logout_iphone.png; sourceTree = "<group>"; };
		C410226611CBE6E000E651D3 /* SFHFKeychainUtils.h */ = {isa = PBXFileReference; fileEncoding = 4; lastKnownFileType = sourcecode.c.h; path = SFHFKeychainUtils.h; sourceTree = "<group>"; };
		C410226711CBE6E000E651D3 /* SFHFKeychainUtils.m */ = {isa = PBXFileReference; fileEncoding = 4; lastKnownFileType = sourcecode.c.objc; path = SFHFKeychainUtils.m; sourceTree = "<group>"; };
		C41AFD31101E0F910095F37D /* VisualFeedbackHiddenButton.h */ = {isa = PBXFileReference; fileEncoding = 4; lastKnownFileType = sourcecode.c.h; path = VisualFeedbackHiddenButton.h; sourceTree = "<group>"; };
		C41AFD32101E0F910095F37D /* VisualFeedbackHiddenButton.m */ = {isa = PBXFileReference; fileEncoding = 4; lastKnownFileType = sourcecode.c.objc; path = VisualFeedbackHiddenButton.m; sourceTree = "<group>"; };
		C41CD42B11308CCB0085A3BF /* FJSTweetViewController.h */ = {isa = PBXFileReference; fileEncoding = 4; lastKnownFileType = sourcecode.c.h; path = FJSTweetViewController.h; sourceTree = "<group>"; };
		C41CD42C11308CCB0085A3BF /* FJSTweetViewController.m */ = {isa = PBXFileReference; fileEncoding = 4; lastKnownFileType = sourcecode.c.objc; path = FJSTweetViewController.m; sourceTree = "<group>"; };
		C41CD42D11308CCB0085A3BF /* FJSTweetViewController.xib */ = {isa = PBXFileReference; lastKnownFileType = file.xib; path = FJSTweetViewController.xib; sourceTree = "<group>"; };
		C41CD43011308D290085A3BF /* charCount.png */ = {isa = PBXFileReference; lastKnownFileType = image.png; path = charCount.png; sourceTree = "<group>"; };
		C41CD43111308D580085A3BF /* twittername.png */ = {isa = PBXFileReference; lastKnownFileType = image.png; path = twittername.png; sourceTree = "<group>"; };
		C41CD43211308D730085A3BF /* tweetbubble.png */ = {isa = PBXFileReference; lastKnownFileType = image.png; path = tweetbubble.png; sourceTree = "<group>"; };
		C422B99710FAA0A900925B8E /* NSURL+Extensions.h */ = {isa = PBXFileReference; fileEncoding = 4; lastKnownFileType = sourcecode.c.h; path = "NSURL+Extensions.h"; sourceTree = "<group>"; };
		C422B99810FAA0A900925B8E /* NSURL+Extensions.m */ = {isa = PBXFileReference; fileEncoding = 4; lastKnownFileType = sourcecode.c.objc; path = "NSURL+Extensions.m"; sourceTree = "<group>"; };
		C42E952810D6CEB600754443 /* UIBarButtonItem+extensions.h */ = {isa = PBXFileReference; fileEncoding = 4; lastKnownFileType = sourcecode.c.h; path = "UIBarButtonItem+extensions.h"; sourceTree = "<group>"; };
		C42E952910D6CEB600754443 /* UIBarButtonItem+extensions.m */ = {isa = PBXFileReference; fileEncoding = 4; lastKnownFileType = sourcecode.c.objc; path = "UIBarButtonItem+extensions.m"; sourceTree = "<group>"; };
		C42E952E10D6CEE900754443 /* UIColor+extensions.h */ = {isa = PBXFileReference; fileEncoding = 4; lastKnownFileType = sourcecode.c.h; path = "UIColor+extensions.h"; sourceTree = "<group>"; };
		C42E952F10D6CEE900754443 /* UIColor+extensions.m */ = {isa = PBXFileReference; fileEncoding = 4; lastKnownFileType = sourcecode.c.objc; path = "UIColor+extensions.m"; sourceTree = "<group>"; };
		C43FAB660FCC424000EB4F92 /* IFActionToolbar.m */ = {isa = PBXFileReference; fileEncoding = 4; lastKnownFileType = sourcecode.c.objc; path = IFActionToolbar.m; sourceTree = "<group>"; };
		C43FAB670FCC424000EB4F92 /* IFActionToolbar.h */ = {isa = PBXFileReference; fileEncoding = 4; lastKnownFileType = sourcecode.c.h; path = IFActionToolbar.h; sourceTree = "<group>"; };
		C45954111331DB4F00D6C668 /* MKNumberBadgeView.h */ = {isa = PBXFileReference; fileEncoding = 4; lastKnownFileType = sourcecode.c.h; path = MKNumberBadgeView.h; sourceTree = "<group>"; };
		C45954121331DB4F00D6C668 /* MKNumberBadgeView.m */ = {isa = PBXFileReference; fileEncoding = 4; lastKnownFileType = sourcecode.c.objc; path = MKNumberBadgeView.m; sourceTree = "<group>"; };
		C45954131331DC2E00D6C668 /* NSObject+DCTBetterDescription.h */ = {isa = PBXFileReference; fileEncoding = 4; lastKnownFileType = sourcecode.c.h; path = "NSObject+DCTBetterDescription.h"; sourceTree = "<group>"; };
		C45954141331DC2E00D6C668 /* NSObject+DCTBetterDescription.m */ = {isa = PBXFileReference; fileEncoding = 4; lastKnownFileType = sourcecode.c.objc; path = "NSObject+DCTBetterDescription.m"; sourceTree = "<group>"; };
		C45954151331DC3500D6C668 /* CLLocation+DCTBetterDescription.h */ = {isa = PBXFileReference; fileEncoding = 4; lastKnownFileType = sourcecode.c.h; path = "CLLocation+DCTBetterDescription.h"; sourceTree = "<group>"; };
		C45954161331DC3500D6C668 /* CLLocation+DCTBetterDescription.m */ = {isa = PBXFileReference; fileEncoding = 4; lastKnownFileType = sourcecode.c.objc; path = "CLLocation+DCTBetterDescription.m"; sourceTree = "<group>"; };
		C45954171331DC4100D6C668 /* UIFont+DCTBetterDescription.h */ = {isa = PBXFileReference; fileEncoding = 4; lastKnownFileType = sourcecode.c.h; path = "UIFont+DCTBetterDescription.h"; sourceTree = "<group>"; };
		C45954181331DC4100D6C668 /* UIFont+DCTBetterDescription.m */ = {isa = PBXFileReference; fileEncoding = 4; lastKnownFileType = sourcecode.c.objc; path = "UIFont+DCTBetterDescription.m"; sourceTree = "<group>"; };
		C459546E1331E2EC00D6C668 /* 11-x.png */ = {isa = PBXFileReference; lastKnownFileType = image.png; path = "11-x.png"; sourceTree = "<group>"; };
		C459546F1331E2EC00D6C668 /* 19-check.png */ = {isa = PBXFileReference; lastKnownFileType = image.png; path = "19-check.png"; sourceTree = "<group>"; };
		C45954701331E2EC00D6C668 /* ATMHud-Info.plist */ = {isa = PBXFileReference; fileEncoding = 4; lastKnownFileType = text.plist.xml; path = "ATMHud-Info.plist"; sourceTree = "<group>"; };
		C45954711331E2EC00D6C668 /* ATMHud.h */ = {isa = PBXFileReference; fileEncoding = 4; lastKnownFileType = sourcecode.c.h; path = ATMHud.h; sourceTree = "<group>"; };
		C45954721331E2EC00D6C668 /* ATMHud.m */ = {isa = PBXFileReference; fileEncoding = 4; lastKnownFileType = sourcecode.c.objc; path = ATMHud.m; sourceTree = "<group>"; };
		C45954731331E2EC00D6C668 /* ATMHud.xcodeproj */ = {isa = PBXFileReference; lastKnownFileType = "wrapper.pb-project"; name = ATMHud.xcodeproj; path = ../../../Desktop/ATMHud/ATMHud.xcodeproj; sourceTree = SOURCE_ROOT; };
		C45954761331E2EC00D6C668 /* ATMHud_Prefix.pch */ = {isa = PBXFileReference; fileEncoding = 4; lastKnownFileType = sourcecode.c.h; path = ATMHud_Prefix.pch; sourceTree = "<group>"; };
		C45954771331E2EC00D6C668 /* ATMHudDelegate.h */ = {isa = PBXFileReference; fileEncoding = 4; lastKnownFileType = sourcecode.c.h; path = ATMHudDelegate.h; sourceTree = "<group>"; };
		C45954781331E2EC00D6C668 /* ATMHudQueueItem.h */ = {isa = PBXFileReference; fileEncoding = 4; lastKnownFileType = sourcecode.c.h; path = ATMHudQueueItem.h; sourceTree = "<group>"; };
		C45954791331E2EC00D6C668 /* ATMHudQueueItem.m */ = {isa = PBXFileReference; fileEncoding = 4; lastKnownFileType = sourcecode.c.objc; path = ATMHudQueueItem.m; sourceTree = "<group>"; };
		C459547A1331E2EC00D6C668 /* ATMHudView.h */ = {isa = PBXFileReference; fileEncoding = 4; lastKnownFileType = sourcecode.c.h; path = ATMHudView.h; sourceTree = "<group>"; };
		C459547B1331E2EC00D6C668 /* ATMHudView.m */ = {isa = PBXFileReference; fileEncoding = 4; lastKnownFileType = sourcecode.c.objc; path = ATMHudView.m; sourceTree = "<group>"; };
		C459547C1331E2EC00D6C668 /* ATMProgressLayer.h */ = {isa = PBXFileReference; fileEncoding = 4; lastKnownFileType = sourcecode.c.h; path = ATMProgressLayer.h; sourceTree = "<group>"; };
		C459547D1331E2EC00D6C668 /* ATMProgressLayer.m */ = {isa = PBXFileReference; fileEncoding = 4; lastKnownFileType = sourcecode.c.objc; path = ATMProgressLayer.m; sourceTree = "<group>"; };
		C459547E1331E2EC00D6C668 /* ATMSoundFX.h */ = {isa = PBXFileReference; fileEncoding = 4; lastKnownFileType = sourcecode.c.h; path = ATMSoundFX.h; sourceTree = "<group>"; };
		C459547F1331E2EC00D6C668 /* ATMSoundFX.m */ = {isa = PBXFileReference; fileEncoding = 4; lastKnownFileType = sourcecode.c.objc; path = ATMSoundFX.m; sourceTree = "<group>"; };
		C45954801331E2EC00D6C668 /* ATMTextLayer.h */ = {isa = PBXFileReference; fileEncoding = 4; lastKnownFileType = sourcecode.c.h; path = ATMTextLayer.h; sourceTree = "<group>"; };
		C45954811331E2EC00D6C668 /* ATMTextLayer.m */ = {isa = PBXFileReference; fileEncoding = 4; lastKnownFileType = sourcecode.c.objc; path = ATMTextLayer.m; sourceTree = "<group>"; };
		C45954831331E2EC00D6C668 /* ATMHudAppDelegate.h */ = {isa = PBXFileReference; fileEncoding = 4; lastKnownFileType = sourcecode.c.h; path = ATMHudAppDelegate.h; sourceTree = "<group>"; };
		C45954841331E2EC00D6C668 /* ATMHudAppDelegate.m */ = {isa = PBXFileReference; fileEncoding = 4; lastKnownFileType = sourcecode.c.objc; path = ATMHudAppDelegate.m; sourceTree = "<group>"; };
		C45954851331E2EC00D6C668 /* DemoViewController.h */ = {isa = PBXFileReference; fileEncoding = 4; lastKnownFileType = sourcecode.c.h; path = DemoViewController.h; sourceTree = "<group>"; };
		C45954861331E2EC00D6C668 /* DemoViewController.m */ = {isa = PBXFileReference; fileEncoding = 4; lastKnownFileType = sourcecode.c.objc; path = DemoViewController.m; sourceTree = "<group>"; };
		C45954871331E2EC00D6C668 /* Icon.png */ = {isa = PBXFileReference; lastKnownFileType = image.png; path = Icon.png; sourceTree = "<group>"; };
		C45954881331E2EC00D6C668 /* Icon@2x.png */ = {isa = PBXFileReference; lastKnownFileType = image.png; path = "Icon@2x.png"; sourceTree = "<group>"; };
		C45954891331E2EC00D6C668 /* LICENSE */ = {isa = PBXFileReference; fileEncoding = 4; lastKnownFileType = text; path = LICENSE; sourceTree = "<group>"; };
		C459548A1331E2ED00D6C668 /* main.m */ = {isa = PBXFileReference; fileEncoding = 4; lastKnownFileType = sourcecode.c.objc; path = main.m; sourceTree = "<group>"; };
		C459548B1331E2ED00D6C668 /* MainWindow.xib */ = {isa = PBXFileReference; lastKnownFileType = file.xib; path = MainWindow.xib; sourceTree = "<group>"; };
		C459548C1331E2ED00D6C668 /* pop.wav */ = {isa = PBXFileReference; lastKnownFileType = audio.wav; path = pop.wav; sourceTree = "<group>"; };
		C459548D1331E2ED00D6C668 /* README.md */ = {isa = PBXFileReference; fileEncoding = 4; lastKnownFileType = text; path = README.md; sourceTree = "<group>"; };
		C45954AD1331E37500D6C668 /* .gitignore */ = {isa = PBXFileReference; fileEncoding = 4; lastKnownFileType = text; path = .gitignore; sourceTree = "<group>"; };
		C45954AE1331E37500D6C668 /* Names.h */ = {isa = PBXFileReference; fileEncoding = 4; lastKnownFileType = sourcecode.c.h; path = Names.h; sourceTree = "<group>"; };
		C45954AF1331E37500D6C668 /* Names.m */ = {isa = PBXFileReference; fileEncoding = 4; lastKnownFileType = sourcecode.c.objc; path = Names.m; sourceTree = "<group>"; };
		C45954B01331E37500D6C668 /* README.markdown */ = {isa = PBXFileReference; fileEncoding = 4; lastKnownFileType = text; path = README.markdown; sourceTree = "<group>"; };
		C45954B11331E37500D6C668 /* TITokenFieldView.h */ = {isa = PBXFileReference; fileEncoding = 4; lastKnownFileType = sourcecode.c.h; path = TITokenFieldView.h; sourceTree = "<group>"; };
		C45954B21331E37500D6C668 /* TITokenFieldView.m */ = {isa = PBXFileReference; fileEncoding = 4; lastKnownFileType = sourcecode.c.objc; path = TITokenFieldView.m; sourceTree = "<group>"; };
		C45954B51331E37500D6C668 /* TokenFieldExampleAppDelegate.h */ = {isa = PBXFileReference; fileEncoding = 4; lastKnownFileType = sourcecode.c.h; path = TokenFieldExampleAppDelegate.h; sourceTree = "<group>"; };
		C45954B61331E37500D6C668 /* TokenFieldExampleAppDelegate.m */ = {isa = PBXFileReference; fileEncoding = 4; lastKnownFileType = sourcecode.c.objc; path = TokenFieldExampleAppDelegate.m; sourceTree = "<group>"; };
		C45954B71331E37500D6C668 /* TokenFieldExampleViewController.h */ = {isa = PBXFileReference; fileEncoding = 4; lastKnownFileType = sourcecode.c.h; path = TokenFieldExampleViewController.h; sourceTree = "<group>"; };
		C45954B81331E37500D6C668 /* TokenFieldExampleViewController.m */ = {isa = PBXFileReference; fileEncoding = 4; lastKnownFileType = sourcecode.c.objc; path = TokenFieldExampleViewController.m; sourceTree = "<group>"; };
		C45954B91331E37500D6C668 /* main.m */ = {isa = PBXFileReference; fileEncoding = 4; lastKnownFileType = sourcecode.c.objc; path = main.m; sourceTree = "<group>"; };
		C45954BA1331E37500D6C668 /* TokenFieldExample-Info.plist */ = {isa = PBXFileReference; fileEncoding = 4; lastKnownFileType = text.plist.xml; path = "TokenFieldExample-Info.plist"; sourceTree = "<group>"; };
		C45954BB1331E37500D6C668 /* TokenFieldExample.xcodeproj */ = {isa = PBXFileReference; lastKnownFileType = "wrapper.pb-project"; name = TokenFieldExample.xcodeproj; path = ../../../Desktop/TITokenFieldView/TokenFieldExample/TokenFieldExample.xcodeproj; sourceTree = SOURCE_ROOT; };
		C45954BE1331E37500D6C668 /* TokenFieldExample_Prefix.pch */ = {isa = PBXFileReference; fileEncoding = 4; lastKnownFileType = sourcecode.c.h; path = TokenFieldExample_Prefix.pch; sourceTree = "<group>"; };
		C45F72D211D71B3B0040CF4E /* TwitterEngineController.h */ = {isa = PBXFileReference; fileEncoding = 4; lastKnownFileType = sourcecode.c.h; path = TwitterEngineController.h; sourceTree = "<group>"; };
		C45F72D311D71B3B0040CF4E /* TwitterEngineController.m */ = {isa = PBXFileReference; fileEncoding = 4; lastKnownFileType = sourcecode.c.objc; path = TwitterEngineController.m; sourceTree = "<group>"; };
		C461FE910FC5C0980036595E /* NSDate+Helper.h */ = {isa = PBXFileReference; fileEncoding = 4; lastKnownFileType = sourcecode.c.h; path = "NSDate+Helper.h"; sourceTree = "<group>"; };
		C461FE920FC5C0980036595E /* NSDate+Helper.m */ = {isa = PBXFileReference; fileEncoding = 4; lastKnownFileType = sourcecode.c.objc; path = "NSDate+Helper.m"; sourceTree = "<group>"; };
		C461FE9F0FC5C0980036595E /* SynthesizeSingleton.h */ = {isa = PBXFileReference; fileEncoding = 4; lastKnownFileType = sourcecode.c.h; path = SynthesizeSingleton.h; sourceTree = "<group>"; };
		C461FEA00FC5C0980036595E /* FJSCode.h */ = {isa = PBXFileReference; fileEncoding = 4; lastKnownFileType = sourcecode.c.h; path = FJSCode.h; sourceTree = "<group>"; };
		C461FEAA0FC5C1200036595E /* QuartzCore.framework */ = {isa = PBXFileReference; lastKnownFileType = wrapper.framework; name = QuartzCore.framework; path = System/Library/Frameworks/QuartzCore.framework; sourceTree = SDKROOT; };
		C468A6B6105B005300302D93 /* IFTweetLabel.m */ = {isa = PBXFileReference; fileEncoding = 4; lastKnownFileType = sourcecode.c.objc; path = IFTweetLabel.m; sourceTree = "<group>"; };
		C468A6B7105B005300302D93 /* IFTweetLabel.h */ = {isa = PBXFileReference; fileEncoding = 4; lastKnownFileType = sourcecode.c.h; path = IFTweetLabel.h; sourceTree = "<group>"; };
		C46C16BA11F6107200377E8C /* MapViewController.h */ = {isa = PBXFileReference; fileEncoding = 4; lastKnownFileType = sourcecode.c.h; path = MapViewController.h; sourceTree = "<group>"; };
		C46C16BB11F6107200377E8C /* MapViewController.m */ = {isa = PBXFileReference; fileEncoding = 4; lastKnownFileType = sourcecode.c.objc; path = MapViewController.m; sourceTree = "<group>"; };
		C470931511C971370082307C /* UIView-Extensions.h */ = {isa = PBXFileReference; fileEncoding = 4; lastKnownFileType = sourcecode.c.h; path = "UIView-Extensions.h"; sourceTree = "<group>"; };
		C470931611C971370082307C /* UIView-Extensions.m */ = {isa = PBXFileReference; fileEncoding = 4; lastKnownFileType = sourcecode.c.objc; path = "UIView-Extensions.m"; sourceTree = "<group>"; };
		C470931911C9715A0082307C /* UIAlertViewHelper.h */ = {isa = PBXFileReference; fileEncoding = 4; lastKnownFileType = sourcecode.c.h; path = UIAlertViewHelper.h; sourceTree = "<group>"; };
		C470931A11C9715A0082307C /* UIAlertViewHelper.m */ = {isa = PBXFileReference; fileEncoding = 4; lastKnownFileType = sourcecode.c.objc; path = UIAlertViewHelper.m; sourceTree = "<group>"; };
		C470933611C972720082307C /* MacroUtilities.h */ = {isa = PBXFileReference; fileEncoding = 4; lastKnownFileType = sourcecode.c.h; path = MacroUtilities.h; sourceTree = "<group>"; };
		C470935611C974D30082307C /* NSManagedObjectContext+CoreDataStack.h */ = {isa = PBXFileReference; fileEncoding = 4; lastKnownFileType = sourcecode.c.h; path = "NSManagedObjectContext+CoreDataStack.h"; sourceTree = "<group>"; };
		C470935711C974D30082307C /* NSManagedObjectContext+CoreDataStack.m */ = {isa = PBXFileReference; fileEncoding = 4; lastKnownFileType = sourcecode.c.objc; path = "NSManagedObjectContext+CoreDataStack.m"; sourceTree = "<group>"; };
		C470935811C974D30082307C /* NSManagedObjectContext+Convenience.h */ = {isa = PBXFileReference; fileEncoding = 4; lastKnownFileType = sourcecode.c.h; path = "NSManagedObjectContext+Convenience.h"; sourceTree = "<group>"; };
		C470935911C974D30082307C /* NSManagedObjectContext+Convenience.m */ = {isa = PBXFileReference; fileEncoding = 4; lastKnownFileType = sourcecode.c.objc; path = "NSManagedObjectContext+Convenience.m"; sourceTree = "<group>"; };
		C470953211C97D100082307C /* NSString+extensions.h */ = {isa = PBXFileReference; fileEncoding = 4; lastKnownFileType = sourcecode.c.h; path = "NSString+extensions.h"; sourceTree = "<group>"; };
		C470953311C97D100082307C /* NSString+extensions.m */ = {isa = PBXFileReference; fileEncoding = 4; lastKnownFileType = sourcecode.c.objc; path = "NSString+extensions.m"; sourceTree = "<group>"; };
		C486534C10BCA7360064A126 /* UIDevice-Hardware.h */ = {isa = PBXFileReference; fileEncoding = 4; lastKnownFileType = sourcecode.c.h; path = "UIDevice-Hardware.h"; sourceTree = "<group>"; };
		C486534D10BCA7360064A126 /* UIDevice-Hardware.m */ = {isa = PBXFileReference; fileEncoding = 4; lastKnownFileType = sourcecode.c.objc; path = "UIDevice-Hardware.m"; sourceTree = "<group>"; };
		C486534E10BCA7360064A126 /* UIDevice-IOKitExtensions.h */ = {isa = PBXFileReference; fileEncoding = 4; lastKnownFileType = sourcecode.c.h; path = "UIDevice-IOKitExtensions.h"; sourceTree = "<group>"; };
		C486534F10BCA7360064A126 /* UIDevice-IOKitExtensions.m */ = {isa = PBXFileReference; fileEncoding = 4; lastKnownFileType = sourcecode.c.objc; path = "UIDevice-IOKitExtensions.m"; sourceTree = "<group>"; };
		C486535010BCA7360064A126 /* UIDevice-Reachability.h */ = {isa = PBXFileReference; fileEncoding = 4; lastKnownFileType = sourcecode.c.h; path = "UIDevice-Reachability.h"; sourceTree = "<group>"; };
		C486535110BCA7360064A126 /* UIDevice-Reachability.m */ = {isa = PBXFileReference; fileEncoding = 4; lastKnownFileType = sourcecode.c.objc; path = "UIDevice-Reachability.m"; sourceTree = "<group>"; };
		C489B6A01032782B00514567 /* CoreData.framework */ = {isa = PBXFileReference; lastKnownFileType = wrapper.framework; name = CoreData.framework; path = ../../../../../Developer/Platforms/iPhoneSimulator.platform/Developer/SDKs/iPhoneSimulator3.0.sdk/System/Library/Frameworks/CoreData.framework; sourceTree = FJSCODE_SRC; };
		C489B6B310327C2A00514567 /* NSManagedObject+Extensions.m */ = {isa = PBXFileReference; fileEncoding = 4; lastKnownFileType = sourcecode.c.objc; path = "NSManagedObject+Extensions.m"; sourceTree = "<group>"; };
		C49D434B1021454500FF8BCC /* AQGlassButton.h */ = {isa = PBXFileReference; fileEncoding = 4; lastKnownFileType = sourcecode.c.h; path = AQGlassButton.h; sourceTree = "<group>"; };
		C49D434C1021454500FF8BCC /* AQGlassButton.m */ = {isa = PBXFileReference; fileEncoding = 4; lastKnownFileType = sourcecode.c.objc; path = AQGlassButton.m; sourceTree = "<group>"; };
		C49D439B10220C8B00FF8BCC /* UIButton+Glossy.h */ = {isa = PBXFileReference; fileEncoding = 4; lastKnownFileType = sourcecode.c.h; path = "UIButton+Glossy.h"; sourceTree = "<group>"; };
		C49D439D10220C9200FF8BCC /* UIButton+Glossy.m */ = {isa = PBXFileReference; fileEncoding = 4; lastKnownFileType = sourcecode.c.objc; path = "UIButton+Glossy.m"; sourceTree = "<group>"; };
		C4A189730FCF5DB200E70A29 /* MyCLController.h */ = {isa = PBXFileReference; fileEncoding = 4; lastKnownFileType = sourcecode.c.h; path = MyCLController.h; sourceTree = "<group>"; };
		C4A189740FCF5DB200E70A29 /* MyCLController.m */ = {isa = PBXFileReference; fileEncoding = 4; lastKnownFileType = sourcecode.c.objc; path = MyCLController.m; sourceTree = "<group>"; };
		C4A1A6F7106C04A500AC2F9D /* AudioToolbox.framework */ = {isa = PBXFileReference; lastKnownFileType = wrapper.framework; name = AudioToolbox.framework; path = System/Library/Frameworks/AudioToolbox.framework; sourceTree = SDKROOT; };
		C4A1A783106C0A4B00AC2F9D /* CoreData.framework */ = {isa = PBXFileReference; lastKnownFileType = wrapper.framework; name = CoreData.framework; path = System/Library/Frameworks/CoreData.framework; sourceTree = SDKROOT; };
		C4A1A785106C0A5F00AC2F9D /* UIKit.framework */ = {isa = PBXFileReference; lastKnownFileType = wrapper.framework; name = UIKit.framework; path = System/Library/Frameworks/UIKit.framework; sourceTree = SDKROOT; };
		C4A4596910339C30002CBE45 /* NSManagedObject+Extensions.h */ = {isa = PBXFileReference; fileEncoding = 4; lastKnownFileType = sourcecode.c.h; path = "NSManagedObject+Extensions.h"; sourceTree = "<group>"; };
		C4A83633117A2369007D9A2A /* NSObject+Proxy.h */ = {isa = PBXFileReference; fileEncoding = 4; lastKnownFileType = sourcecode.c.h; path = "NSObject+Proxy.h"; sourceTree = "<group>"; };
		C4A83634117A2369007D9A2A /* NSObject+Proxy.m */ = {isa = PBXFileReference; fileEncoding = 4; lastKnownFileType = sourcecode.c.objc; path = "NSObject+Proxy.m"; sourceTree = "<group>"; };
		C4A8364B117A256A007D9A2A /* NSOperationQueue+Shared.h */ = {isa = PBXFileReference; fileEncoding = 4; lastKnownFileType = sourcecode.c.h; path = "NSOperationQueue+Shared.h"; sourceTree = "<group>"; };
		C4A8364C117A256A007D9A2A /* NSOperationQueue+Shared.m */ = {isa = PBXFileReference; fileEncoding = 4; lastKnownFileType = sourcecode.c.objc; path = "NSOperationQueue+Shared.m"; sourceTree = "<group>"; };
		C4A8369A117A267F007D9A2A /* MBProgressHUD.h */ = {isa = PBXFileReference; fileEncoding = 4; lastKnownFileType = sourcecode.c.h; path = MBProgressHUD.h; sourceTree = "<group>"; };
		C4A8369B117A267F007D9A2A /* MBProgressHUD.m */ = {isa = PBXFileReference; fileEncoding = 4; lastKnownFileType = sourcecode.c.objc; path = MBProgressHUD.m; sourceTree = "<group>"; };
		C4A9080F12B88DEE006CFE9B /* BNColor.h */ = {isa = PBXFileReference; fileEncoding = 4; lastKnownFileType = sourcecode.c.h; path = BNColor.h; sourceTree = "<group>"; };
		C4A9081012B88DEE006CFE9B /* BNColor.m */ = {isa = PBXFileReference; fileEncoding = 4; lastKnownFileType = sourcecode.c.objc; path = BNColor.m; sourceTree = "<group>"; };
		C4A9081F12B88FBB006CFE9B /* SMModelObject.h */ = {isa = PBXFileReference; fileEncoding = 4; lastKnownFileType = sourcecode.c.h; path = SMModelObject.h; sourceTree = "<group>"; };
		C4A9082012B88FBB006CFE9B /* SMModelObject.m */ = {isa = PBXFileReference; fileEncoding = 4; lastKnownFileType = sourcecode.c.objc; path = SMModelObject.m; sourceTree = "<group>"; };
		C4A9085412B89034006CFE9B /* FJExpandingTextView.h */ = {isa = PBXFileReference; fileEncoding = 4; lastKnownFileType = sourcecode.c.h; path = FJExpandingTextView.h; sourceTree = "<group>"; };
		C4A9085512B89034006CFE9B /* FJExpandingTextView.m */ = {isa = PBXFileReference; fileEncoding = 4; lastKnownFileType = sourcecode.c.objc; path = FJExpandingTextView.m; sourceTree = "<group>"; };
		C4AC0F2411B1AFAC00FEE0ED /* MAKVONotificationCenter.h */ = {isa = PBXFileReference; fileEncoding = 4; lastKnownFileType = sourcecode.c.h; path = MAKVONotificationCenter.h; sourceTree = "<group>"; };
		C4AC0F2511B1AFAD00FEE0ED /* MAKVONotificationCenter.m */ = {isa = PBXFileReference; fileEncoding = 4; lastKnownFileType = sourcecode.c.objc; path = MAKVONotificationCenter.m; sourceTree = "<group>"; };
		C4B3A70412984C950084F2C9 /* FJFlipViewController.h */ = {isa = PBXFileReference; fileEncoding = 4; lastKnownFileType = sourcecode.c.h; path = FJFlipViewController.h; sourceTree = "<group>"; };
		C4B3A70512984C950084F2C9 /* FJFlipViewController.m */ = {isa = PBXFileReference; fileEncoding = 4; lastKnownFileType = sourcecode.c.objc; path = FJFlipViewController.m; sourceTree = "<group>"; };
		C4C4DC9A11592AB3003906C9 /* UIImage+Caching.h */ = {isa = PBXFileReference; fileEncoding = 4; lastKnownFileType = sourcecode.c.h; path = "UIImage+Caching.h"; sourceTree = "<group>"; };
		C4C4DC9B11592AB3003906C9 /* UIImage+Caching.m */ = {isa = PBXFileReference; fileEncoding = 4; lastKnownFileType = sourcecode.c.objc; path = "UIImage+Caching.m"; sourceTree = "<group>"; };
		C4C4DC9C11592AB3003906C9 /* UIImage+Disk.h */ = {isa = PBXFileReference; fileEncoding = 4; lastKnownFileType = sourcecode.c.h; path = "UIImage+Disk.h"; sourceTree = "<group>"; };
		C4C4DC9D11592AB3003906C9 /* UIImage+Disk.m */ = {isa = PBXFileReference; fileEncoding = 4; lastKnownFileType = sourcecode.c.objc; path = "UIImage+Disk.m"; sourceTree = "<group>"; };
		C4C6522D1142264500EAA479 /* NSSet+blocks.h */ = {isa = PBXFileReference; fileEncoding = 4; lastKnownFileType = sourcecode.c.h; path = "NSSet+blocks.h"; sourceTree = "<group>"; };
		C4C6522E1142266900EAA479 /* NSSet+blocks.m */ = {isa = PBXFileReference; fileEncoding = 4; lastKnownFileType = sourcecode.c.objc; path = "NSSet+blocks.m"; sourceTree = "<group>"; };
		C4C6522F1142268500EAA479 /* NSArray+blocks.m */ = {isa = PBXFileReference; fileEncoding = 4; lastKnownFileType = sourcecode.c.objc; path = "NSArray+blocks.m"; sourceTree = "<group>"; };
		C4C652301142268500EAA479 /* NSArray+blocks.h */ = {isa = PBXFileReference; fileEncoding = 4; lastKnownFileType = sourcecode.c.h; path = "NSArray+blocks.h"; sourceTree = "<group>"; };
		C4C921981299664E005C12F4 /* FJFoundationExtensions.h */ = {isa = PBXFileReference; fileEncoding = 4; lastKnownFileType = sourcecode.c.h; path = FJFoundationExtensions.h; sourceTree = "<group>"; };
		C4C921C4129968CA005C12F4 /* FJCoreDataExtensions.h */ = {isa = PBXFileReference; fileEncoding = 4; lastKnownFileType = sourcecode.c.h; path = FJCoreDataExtensions.h; sourceTree = "<group>"; };
		C4C921CF12996A5B005C12F4 /* FJUIKitExtensions.h */ = {isa = PBXFileReference; fileEncoding = 4; lastKnownFileType = sourcecode.c.h; path = FJUIKitExtensions.h; sourceTree = "<group>"; };
		C4C921DE12996EEB005C12F4 /* TPAutoArchiver.h */ = {isa = PBXFileReference; fileEncoding = 4; lastKnownFileType = sourcecode.c.h; path = TPAutoArchiver.h; sourceTree = "<group>"; };
		C4C921DF12996EEB005C12F4 /* TPAutoArchiver.m */ = {isa = PBXFileReference; fileEncoding = 4; lastKnownFileType = sourcecode.c.objc; path = TPAutoArchiver.m; sourceTree = "<group>"; };
		C4C921E212996FBC005C12F4 /* CKVOBlockNotificationHelper.h */ = {isa = PBXFileReference; fileEncoding = 4; lastKnownFileType = sourcecode.c.h; path = CKVOBlockNotificationHelper.h; sourceTree = "<group>"; };
		C4C921E312996FBC005C12F4 /* CKVOBlockNotificationHelper.m */ = {isa = PBXFileReference; fileEncoding = 4; lastKnownFileType = sourcecode.c.objc; path = CKVOBlockNotificationHelper.m; sourceTree = "<group>"; };
		C4C921E412996FBC005C12F4 /* NSObject_KVOBlockNotificationExtensions.h */ = {isa = PBXFileReference; fileEncoding = 4; lastKnownFileType = sourcecode.c.h; path = NSObject_KVOBlockNotificationExtensions.h; sourceTree = "<group>"; };
		C4C921E512996FBC005C12F4 /* NSObject_KVOBlockNotificationExtensions.m */ = {isa = PBXFileReference; fileEncoding = 4; lastKnownFileType = sourcecode.c.objc; path = NSObject_KVOBlockNotificationExtensions.m; sourceTree = "<group>"; };
		C4C9220612997124005C12F4 /* DDCoreData.h */ = {isa = PBXFileReference; fileEncoding = 4; lastKnownFileType = sourcecode.c.h; path = DDCoreData.h; sourceTree = "<group>"; };
		C4C9220712997124005C12F4 /* DDCoreDataException.h */ = {isa = PBXFileReference; fileEncoding = 4; lastKnownFileType = sourcecode.c.h; path = DDCoreDataException.h; sourceTree = "<group>"; };
		C4C9220812997125005C12F4 /* DDCoreDataException.m */ = {isa = PBXFileReference; fileEncoding = 4; lastKnownFileType = sourcecode.c.objc; path = DDCoreDataException.m; sourceTree = "<group>"; };
		C4C9220912997125005C12F4 /* DDCoreDataHelper.h */ = {isa = PBXFileReference; fileEncoding = 4; lastKnownFileType = sourcecode.c.h; path = DDCoreDataHelper.h; sourceTree = "<group>"; };
		C4C9220A12997125005C12F4 /* DDCoreDataHelper.m */ = {isa = PBXFileReference; fileEncoding = 4; lastKnownFileType = sourcecode.c.objc; path = DDCoreDataHelper.m; sourceTree = "<group>"; };
		C4C9220B12997125005C12F4 /* DDCoreDataProvider.h */ = {isa = PBXFileReference; fileEncoding = 4; lastKnownFileType = sourcecode.c.h; path = DDCoreDataProvider.h; sourceTree = "<group>"; };
		C4C9220C12997125005C12F4 /* DDCoreDataStack.h */ = {isa = PBXFileReference; fileEncoding = 4; lastKnownFileType = sourcecode.c.h; path = DDCoreDataStack.h; sourceTree = "<group>"; };
		C4C9220D12997125005C12F4 /* DDCoreDataStack.m */ = {isa = PBXFileReference; fileEncoding = 4; lastKnownFileType = sourcecode.c.objc; path = DDCoreDataStack.m; sourceTree = "<group>"; };
		C4C9220F12997168005C12F4 /* ACActivityIndicatorQueue.h */ = {isa = PBXFileReference; fileEncoding = 4; lastKnownFileType = sourcecode.c.h; path = ACActivityIndicatorQueue.h; sourceTree = "<group>"; };
		C4C9221012997168005C12F4 /* ACActivityIndicatorQueue.m */ = {isa = PBXFileReference; fileEncoding = 4; lastKnownFileType = sourcecode.c.objc; path = ACActivityIndicatorQueue.m; sourceTree = "<group>"; };
		C4C9221212997239005C12F4 /* UITableViewContentUnavailableView.h */ = {isa = PBXFileReference; fileEncoding = 4; lastKnownFileType = sourcecode.c.h; path = UITableViewContentUnavailableView.h; sourceTree = "<group>"; };
		C4C9221312997239005C12F4 /* UITableViewContentUnavailableView.m */ = {isa = PBXFileReference; fileEncoding = 4; lastKnownFileType = sourcecode.c.objc; path = UITableViewContentUnavailableView.m; sourceTree = "<group>"; };
		C4C9221412997239005C12F4 /* UITableViewHelper.h */ = {isa = PBXFileReference; fileEncoding = 4; lastKnownFileType = sourcecode.c.h; path = UITableViewHelper.h; sourceTree = "<group>"; };
		C4C9221512997239005C12F4 /* UITableViewHelper.m */ = {isa = PBXFileReference; fileEncoding = 4; lastKnownFileType = sourcecode.c.objc; path = UITableViewHelper.m; sourceTree = "<group>"; };
		C4C9221612997239005C12F4 /* UITableViewUpdatingView.h */ = {isa = PBXFileReference; fileEncoding = 4; lastKnownFileType = sourcecode.c.h; path = UITableViewUpdatingView.h; sourceTree = "<group>"; };
		C4C9221712997239005C12F4 /* UITableViewUpdatingView.m */ = {isa = PBXFileReference; fileEncoding = 4; lastKnownFileType = sourcecode.c.objc; path = UITableViewUpdatingView.m; sourceTree = "<group>"; };
		C4C92219129972BA005C12F4 /* UITableViewControllerHelper.h */ = {isa = PBXFileReference; fileEncoding = 4; lastKnownFileType = sourcecode.c.h; path = UITableViewControllerHelper.h; sourceTree = "<group>"; };
		C4C9221A129972BA005C12F4 /* UITableViewControllerHelper.m */ = {isa = PBXFileReference; fileEncoding = 4; lastKnownFileType = sourcecode.c.objc; path = UITableViewControllerHelper.m; sourceTree = "<group>"; };
		C4C92231129973D5005C12F4 /* NSError+FJNetwork.h */ = {isa = PBXFileReference; fileEncoding = 4; lastKnownFileType = sourcecode.c.h; path = "NSError+FJNetwork.h"; sourceTree = "<group>"; };
		C4C92232129973D5005C12F4 /* NSError+FJNetwork.m */ = {isa = PBXFileReference; fileEncoding = 4; lastKnownFileType = sourcecode.c.objc; path = "NSError+FJNetwork.m"; sourceTree = "<group>"; };
		C4C92238129973FA005C12F4 /* FJNetworkExtensions.h */ = {isa = PBXFileReference; fileEncoding = 4; lastKnownFileType = sourcecode.c.h; path = FJNetworkExtensions.h; sourceTree = "<group>"; };
		C4C9224C1299754B005C12F4 /* Global.h */ = {isa = PBXFileReference; fileEncoding = 4; lastKnownFileType = sourcecode.c.h; path = Global.h; sourceTree = "<group>"; };
		C4C9224D1299754B005C12F4 /* Global.m */ = {isa = PBXFileReference; fileEncoding = 4; lastKnownFileType = sourcecode.c.objc; path = Global.m; sourceTree = "<group>"; };
		C4C9227212997756005C12F4 /* UIDevice+Additions.h */ = {isa = PBXFileReference; fileEncoding = 4; lastKnownFileType = sourcecode.c.h; path = "UIDevice+Additions.h"; sourceTree = "<group>"; };
		C4C9227312997756005C12F4 /* UIDevice+Additions.m */ = {isa = PBXFileReference; fileEncoding = 4; lastKnownFileType = sourcecode.c.objc; path = "UIDevice+Additions.m"; sourceTree = "<group>"; };
		C4CC16BF10DDFB7B00DBE821 /* BrowserViewController.h */ = {isa = PBXFileReference; fileEncoding = 4; lastKnownFileType = sourcecode.c.h; path = BrowserViewController.h; sourceTree = "<group>"; };
		C4CC16C010DDFB7B00DBE821 /* BrowserViewController.m */ = {isa = PBXFileReference; fileEncoding = 4; lastKnownFileType = sourcecode.c.objc; path = BrowserViewController.m; sourceTree = "<group>"; };
		C4CC16D310DDFF6700DBE821 /* UIImageHelper.h */ = {isa = PBXFileReference; fileEncoding = 4; lastKnownFileType = sourcecode.c.h; path = UIImageHelper.h; sourceTree = "<group>"; };
		C4CC16D410DDFF6700DBE821 /* UIImageHelper.m */ = {isa = PBXFileReference; fileEncoding = 4; lastKnownFileType = sourcecode.c.objc; path = UIImageHelper.m; sourceTree = "<group>"; };
		C4CC16FE10DE011D00DBE821 /* NSArrayHelper.h */ = {isa = PBXFileReference; fileEncoding = 4; lastKnownFileType = sourcecode.c.h; path = NSArrayHelper.h; sourceTree = "<group>"; };
		C4CC16FF10DE011D00DBE821 /* NSArrayHelper.m */ = {isa = PBXFileReference; fileEncoding = 4; lastKnownFileType = sourcecode.c.objc; path = NSArrayHelper.m; sourceTree = "<group>"; };
		C4CC170710DE018300DBE821 /* NSDictionaryHelper.h */ = {isa = PBXFileReference; fileEncoding = 4; lastKnownFileType = sourcecode.c.h; path = NSDictionaryHelper.h; sourceTree = "<group>"; };
		C4CC170810DE018300DBE821 /* NSDictionaryHelper.m */ = {isa = PBXFileReference; fileEncoding = 4; lastKnownFileType = sourcecode.c.objc; path = NSDictionaryHelper.m; sourceTree = "<group>"; };
		C4CC171C10DE020F00DBE821 /* NSObjectHelper.h */ = {isa = PBXFileReference; fileEncoding = 4; lastKnownFileType = sourcecode.c.h; path = NSObjectHelper.h; sourceTree = "<group>"; };
		C4CC171D10DE020F00DBE821 /* NSObjectHelper.m */ = {isa = PBXFileReference; fileEncoding = 4; lastKnownFileType = sourcecode.c.objc; path = NSObjectHelper.m; sourceTree = "<group>"; };
		C4CC175410DE068A00DBE821 /* ExceptionHelper.h */ = {isa = PBXFileReference; fileEncoding = 4; lastKnownFileType = sourcecode.c.h; path = ExceptionHelper.h; sourceTree = "<group>"; };
		C4CC175510DE068A00DBE821 /* ExceptionHelper.m */ = {isa = PBXFileReference; fileEncoding = 4; lastKnownFileType = sourcecode.c.objc; path = ExceptionHelper.m; sourceTree = "<group>"; };
		C4CC17B310DE0E6700DBE821 /* L0ExternalURLOpeningDetection.h */ = {isa = PBXFileReference; fileEncoding = 4; lastKnownFileType = sourcecode.c.h; path = L0ExternalURLOpeningDetection.h; sourceTree = "<group>"; };
		C4CC17B410DE0E6700DBE821 /* L0ExternalURLOpeningDetection.m */ = {isa = PBXFileReference; fileEncoding = 4; lastKnownFileType = sourcecode.c.objc; path = L0ExternalURLOpeningDetection.m; sourceTree = "<group>"; };
		C4CC17BD10DE104900DBE821 /* L0SolicitReviewController.h */ = {isa = PBXFileReference; fileEncoding = 4; lastKnownFileType = sourcecode.c.h; path = L0SolicitReviewController.h; sourceTree = "<group>"; };
		C4CC17BE10DE104900DBE821 /* L0SolicitReviewController.m */ = {isa = PBXFileReference; fileEncoding = 4; lastKnownFileType = sourcecode.c.objc; path = L0SolicitReviewController.m; sourceTree = "<group>"; };
		C4CC17D310DE10E300DBE821 /* UIAlertView+L0Alert.h */ = {isa = PBXFileReference; fileEncoding = 4; lastKnownFileType = sourcecode.c.h; path = "UIAlertView+L0Alert.h"; sourceTree = "<group>"; };
		C4CC17D410DE10E300DBE821 /* UIAlertView+L0Alert.m */ = {isa = PBXFileReference; fileEncoding = 4; lastKnownFileType = sourcecode.c.objc; path = "UIAlertView+L0Alert.m"; sourceTree = "<group>"; };
		C4CC17F310DE180700DBE821 /* BlueBadge.h */ = {isa = PBXFileReference; fileEncoding = 4; lastKnownFileType = sourcecode.c.h; path = BlueBadge.h; sourceTree = "<group>"; };
		C4CC17F410DE180700DBE821 /* BlueBadge.m */ = {isa = PBXFileReference; fileEncoding = 4; lastKnownFileType = sourcecode.c.objc; path = BlueBadge.m; sourceTree = "<group>"; };
		C4D222AA100C07B200E88C0B /* FJSFileManager.h */ = {isa = PBXFileReference; fileEncoding = 4; lastKnownFileType = sourcecode.c.h; path = FJSFileManager.h; sourceTree = "<group>"; };
		C4D222AB100C07B200E88C0B /* FJSFileManager.m */ = {isa = PBXFileReference; fileEncoding = 4; lastKnownFileType = sourcecode.c.objc; path = FJSFileManager.m; sourceTree = "<group>"; };
		C4D71B2E104C9F77002F4E70 /* CFNetwork.framework */ = {isa = PBXFileReference; lastKnownFileType = wrapper.framework; name = CFNetwork.framework; path = System/Library/Frameworks/CFNetwork.framework; sourceTree = SDKROOT; };
		C4D71F1D104E3CFB002F4E70 /* NSArray+TableView.h */ = {isa = PBXFileReference; fileEncoding = 4; lastKnownFileType = sourcecode.c.h; path = "NSArray+TableView.h"; sourceTree = "<group>"; };
		C4D71F1E104E3CFB002F4E70 /* NSArray+TableView.m */ = {isa = PBXFileReference; fileEncoding = 4; lastKnownFileType = sourcecode.c.objc; path = "NSArray+TableView.m"; sourceTree = "<group>"; };
		C4E41F9B12D7B14D00FC8F83 /* NSData+Base64.h */ = {isa = PBXFileReference; fileEncoding = 4; lastKnownFileType = sourcecode.c.h; path = "NSData+Base64.h"; sourceTree = "<group>"; };
		C4E41F9C12D7B14D00FC8F83 /* NSData+Base64.m */ = {isa = PBXFileReference; fileEncoding = 4; lastKnownFileType = sourcecode.c.objc; path = "NSData+Base64.m"; sourceTree = "<group>"; };
		C4EFEC9D10E1D13C005180AC /* FJSDatePickerController.h */ = {isa = PBXFileReference; fileEncoding = 4; lastKnownFileType = sourcecode.c.h; path = FJSDatePickerController.h; sourceTree = "<group>"; };
		C4EFEC9E10E1D13C005180AC /* FJSDatePickerController.m */ = {isa = PBXFileReference; fileEncoding = 4; lastKnownFileType = sourcecode.c.objc; path = FJSDatePickerController.m; sourceTree = "<group>"; };
		C4F64E5211BC3DCC000A4993 /* Reachability.h */ = {isa = PBXFileReference; fileEncoding = 4; lastKnownFileType = sourcecode.c.h; path = Reachability.h; sourceTree = "<group>"; };
		C4F64E5311BC3DCC000A4993 /* Reachability.m */ = {isa = PBXFileReference; fileEncoding = 4; lastKnownFileType = sourcecode.c.objc; path = Reachability.m; sourceTree = "<group>"; };
		C4FD3EB50FD242EA0084CFE3 /* CoreLocation.framework */ = {isa = PBXFileReference; lastKnownFileType = wrapper.framework; name = CoreLocation.framework; path = System/Library/Frameworks/CoreLocation.framework; sourceTree = SDKROOT; };
/* End PBXFileReference section */

/* Begin PBXGroup section */
		19C28FACFE9D520D11CA2CBB /* Products */ = {
			isa = PBXGroup;
			children = (
			);
			name = Products;
			sourceTree = "<group>";
		};
		29B97314FDCFA39411CA2CEA /* CustomTemplate */ = {
			isa = PBXGroup;
			children = (
				C461FE8E0FC5C07B0036595E /* Library */,
				29B97315FDCFA39411CA2CEA /* Other Sources */,
				29B97317FDCFA39411CA2CEA /* Resources */,
				29B97323FDCFA39411CA2CEA /* Frameworks */,
				19C28FACFE9D520D11CA2CBB /* Products */,
			);
			name = CustomTemplate;
			sourceTree = "<group>";
		};
		29B97315FDCFA39411CA2CEA /* Other Sources */ = {
			isa = PBXGroup;
			children = (
				32CA4F630368D1EE00C91783 /* FJSCode_Prefix.pch */,
				29B97316FDCFA39411CA2CEA /* main.m */,
			);
			name = "Other Sources";
			sourceTree = "<group>";
		};
		29B97317FDCFA39411CA2CEA /* Resources */ = {
			isa = PBXGroup;
			children = (
				28AD733E0D9D9553002E5188 /* MainWindow.xib */,
				8D1107310486CEB800E47090 /* FJSCode-Info.plist */,
			);
			name = Resources;
			sourceTree = "<group>";
		};
		29B97323FDCFA39411CA2CEA /* Frameworks */ = {
			isa = PBXGroup;
			children = (
				C4A1A783106C0A4B00AC2F9D /* CoreData.framework */,
				C4A1A785106C0A5F00AC2F9D /* UIKit.framework */,
				C4A1A6F7106C04A500AC2F9D /* AudioToolbox.framework */,
				C4D71B2E104C9F77002F4E70 /* CFNetwork.framework */,
				C489B6A01032782B00514567 /* CoreData.framework */,
				C4FD3EB50FD242EA0084CFE3 /* CoreLocation.framework */,
				C461FEAA0FC5C1200036595E /* QuartzCore.framework */,
				1DF5F4DF0D08C38300B7A737 /* UIKit.framework */,
				1D30AB110D05D00D00671497 /* Foundation.framework */,
				288765FC0DF74451002DB57D /* CoreGraphics.framework */,
			);
			name = Frameworks;
			sourceTree = "<group>";
		};
		C403FC77100F865300DCA31A /* Audio */ = {
			isa = PBXGroup;
			children = (
				C403FC7E100F86A900DCA31A /* SoundEffect.h */,
				C403FC7F100F86A900DCA31A /* SoundEffect.m */,
				C403FC78100F866A00DCA31A /* SCListener.h */,
				C403FC79100F866A00DCA31A /* SCListener.m */,
				C403FCE8100FA10A00DCA31A /* ListenerController.h */,
				C403FCE9100FA10A00DCA31A /* ListenerController.m */,
			);
			name = Audio;
			sourceTree = "<group>";
		};
		C4049DB50FDDB3B2001693C1 /* Network */ = {
			isa = PBXGroup;
			children = (
				C4C92238129973FA005C12F4 /* FJNetworkExtensions.h */,
				C4F64E5211BC3DCC000A4993 /* Reachability.h */,
				C4F64E5311BC3DCC000A4993 /* Reachability.m */,
				C4C92231129973D5005C12F4 /* NSError+FJNetwork.h */,
				C4C92232129973D5005C12F4 /* NSError+FJNetwork.m */,
			);
			name = Network;
			sourceTree = "<group>";
		};
		C40B1D9711D51ABC00ADE99B /* FacebookAgent */ = {
			isa = PBXGroup;
			children = (
				C40B1D9811D51ABC00ADE99B /* Connect_iphone.png */,
				C40B1D9911D51ABC00ADE99B /* FacebookAgent.h */,
				C40B1D9A11D51ABC00ADE99B /* FacebookAgent.m */,
				C40B1D9B11D51ABC00ADE99B /* Logout_iphone.png */,
			);
			path = FacebookAgent;
			sourceTree = "<group>";
		};
		C41CD521113096470085A3BF /* Twitter */ = {
			isa = PBXGroup;
			children = (
				C468A6B7105B005300302D93 /* IFTweetLabel.h */,
				C468A6B6105B005300302D93 /* IFTweetLabel.m */,
				C41CD42B11308CCB0085A3BF /* FJSTweetViewController.h */,
				C41CD42C11308CCB0085A3BF /* FJSTweetViewController.m */,
				C41CD42D11308CCB0085A3BF /* FJSTweetViewController.xib */,
				C41CD43111308D580085A3BF /* twittername.png */,
				C41CD43011308D290085A3BF /* charCount.png */,
				C41CD43211308D730085A3BF /* tweetbubble.png */,
			);
			name = Twitter;
			sourceTree = "<group>";
		};
		C43FAB610FCC422000EB4F92 /* ToolBar */ = {
			isa = PBXGroup;
			children = (
				C43FAB660FCC424000EB4F92 /* IFActionToolbar.m */,
				C43FAB670FCC424000EB4F92 /* IFActionToolbar.h */,
			);
			name = ToolBar;
			sourceTree = "<group>";
		};
		C45954101331DB4F00D6C668 /* MKNumberBadgeView */ = {
			isa = PBXGroup;
			children = (
				C45954111331DB4F00D6C668 /* MKNumberBadgeView.h */,
				C45954121331DB4F00D6C668 /* MKNumberBadgeView.m */,
			);
			path = MKNumberBadgeView;
			sourceTree = "<group>";
		};
		C459541A1331DC4900D6C668 /* Description */ = {
			isa = PBXGroup;
			children = (
				C45954151331DC3500D6C668 /* CLLocation+DCTBetterDescription.h */,
				C45954161331DC3500D6C668 /* CLLocation+DCTBetterDescription.m */,
				C45954131331DC2E00D6C668 /* NSObject+DCTBetterDescription.h */,
				C45954141331DC2E00D6C668 /* NSObject+DCTBetterDescription.m */,
				C45954171331DC4100D6C668 /* UIFont+DCTBetterDescription.h */,
				C45954181331DC4100D6C668 /* UIFont+DCTBetterDescription.m */,
			);
			name = Description;
			sourceTree = "<group>";
		};
		C459546D1331E2EC00D6C668 /* ATMHud */ = {
			isa = PBXGroup;
			children = (
				C459546E1331E2EC00D6C668 /* 11-x.png */,
				C459546F1331E2EC00D6C668 /* 19-check.png */,
				C45954701331E2EC00D6C668 /* ATMHud-Info.plist */,
				C45954711331E2EC00D6C668 /* ATMHud.h */,
				C45954721331E2EC00D6C668 /* ATMHud.m */,
				C45954731331E2EC00D6C668 /* ATMHud.xcodeproj */,
				C45954761331E2EC00D6C668 /* ATMHud_Prefix.pch */,
				C45954771331E2EC00D6C668 /* ATMHudDelegate.h */,
				C45954781331E2EC00D6C668 /* ATMHudQueueItem.h */,
				C45954791331E2EC00D6C668 /* ATMHudQueueItem.m */,
				C459547A1331E2EC00D6C668 /* ATMHudView.h */,
				C459547B1331E2EC00D6C668 /* ATMHudView.m */,
				C459547C1331E2EC00D6C668 /* ATMProgressLayer.h */,
				C459547D1331E2EC00D6C668 /* ATMProgressLayer.m */,
				C459547E1331E2EC00D6C668 /* ATMSoundFX.h */,
				C459547F1331E2EC00D6C668 /* ATMSoundFX.m */,
				C45954801331E2EC00D6C668 /* ATMTextLayer.h */,
				C45954811331E2EC00D6C668 /* ATMTextLayer.m */,
				C45954821331E2EC00D6C668 /* Classes */,
				C45954871331E2EC00D6C668 /* Icon.png */,
				C45954881331E2EC00D6C668 /* Icon@2x.png */,
				C45954891331E2EC00D6C668 /* LICENSE */,
				C459548A1331E2ED00D6C668 /* main.m */,
				C459548B1331E2ED00D6C668 /* MainWindow.xib */,
				C459548C1331E2ED00D6C668 /* pop.wav */,
				C459548D1331E2ED00D6C668 /* README.md */,
			);
			path = ATMHud;
			sourceTree = "<group>";
		};
		C45954741331E2EC00D6C668 /* Products */ = {
			isa = PBXGroup;
			children = (
				C45954931331E2ED00D6C668 /* ATMHud.app */,
			);
			name = Products;
			sourceTree = "<group>";
		};
		C45954821331E2EC00D6C668 /* Classes */ = {
			isa = PBXGroup;
			children = (
				C45954831331E2EC00D6C668 /* ATMHudAppDelegate.h */,
				C45954841331E2EC00D6C668 /* ATMHudAppDelegate.m */,
				C45954851331E2EC00D6C668 /* DemoViewController.h */,
				C45954861331E2EC00D6C668 /* DemoViewController.m */,
			);
			path = Classes;
			sourceTree = "<group>";
		};
		C45954AC1331E37500D6C668 /* TITokenFieldView */ = {
			isa = PBXGroup;
			children = (
				C45954AD1331E37500D6C668 /* .gitignore */,
				C45954AE1331E37500D6C668 /* Names.h */,
				C45954AF1331E37500D6C668 /* Names.m */,
				C45954B01331E37500D6C668 /* README.markdown */,
				C45954B11331E37500D6C668 /* TITokenFieldView.h */,
				C45954B21331E37500D6C668 /* TITokenFieldView.m */,
				C45954B31331E37500D6C668 /* TokenFieldExample */,
			);
			path = TITokenFieldView;
			sourceTree = "<group>";
		};
		C45954B31331E37500D6C668 /* TokenFieldExample */ = {
			isa = PBXGroup;
			children = (
				C45954B41331E37500D6C668 /* Classes */,
				C45954B91331E37500D6C668 /* main.m */,
				C45954BA1331E37500D6C668 /* TokenFieldExample-Info.plist */,
				C45954BB1331E37500D6C668 /* TokenFieldExample.xcodeproj */,
				C45954BE1331E37500D6C668 /* TokenFieldExample_Prefix.pch */,
			);
			path = TokenFieldExample;
			sourceTree = "<group>";
		};
		C45954B41331E37500D6C668 /* Classes */ = {
			isa = PBXGroup;
			children = (
				C45954B51331E37500D6C668 /* TokenFieldExampleAppDelegate.h */,
				C45954B61331E37500D6C668 /* TokenFieldExampleAppDelegate.m */,
				C45954B71331E37500D6C668 /* TokenFieldExampleViewController.h */,
				C45954B81331E37500D6C668 /* TokenFieldExampleViewController.m */,
			);
			path = Classes;
			sourceTree = "<group>";
		};
		C45954BC1331E37500D6C668 /* Products */ = {
			isa = PBXGroup;
			children = (
				C45954C41331E37500D6C668 /* TokenFieldExample.app */,
			);
			name = Products;
			sourceTree = "<group>";
		};
		C45F72D511D71B3E0040CF4E /* Twitter Controller */ = {
			isa = PBXGroup;
			children = (
				C45F72D211D71B3B0040CF4E /* TwitterEngineController.h */,
				C45F72D311D71B3B0040CF4E /* TwitterEngineController.m */,
			);
			name = "Twitter Controller";
			sourceTree = "<group>";
		};
		C461FE8E0FC5C07B0036595E /* Library */ = {
			isa = PBXGroup;
			children = (
				C461FEA00FC5C0980036595E /* FJSCode.h */,
				C4C9224C1299754B005C12F4 /* Global.h */,
				C4C9224D1299754B005C12F4 /* Global.m */,
				C461FE9F0FC5C0980036595E /* SynthesizeSingleton.h */,
				C468A5F4105AD7DA00302D93 /* NSLog */,
				C4F6D0090FCA533900F6AD69 /* Foundation Categories */,
				C489B66C1032762E00514567 /* CoreData Categories */,
				C4CC16E510DE00D000DBE821 /* UIKit Categories */,
				C4A83640117A2409007D9A2A /* UIImage */,
				C4A9082212B88FBE006CFE9B /* Model Object */,
				C4C921E012996EF1005C12F4 /* Archiving */,
				C4C921C21299687B005C12F4 /* Exception Helper */,
				C4C921AE129967D5005C12F4 /* KBCollectionExtensions */,
				C4049DB50FDDB3B2001693C1 /* Network */,
				C4BCA07F11DACEE0001CCEF7 /* Key Chain */,
				C4C922111299716B005C12F4 /* Status Bar Activity Indicator */,
				C4C9221812997241005C12F4 /* TableView Loading */,
				C4D222AE100C091D00E88C0B /* Files */,
				C4A189720FCF5D9D00E70A29 /* CoreLocation */,
				C43FAB610FCC422000EB4F92 /* ToolBar */,
				C403FC77100F865300DCA31A /* Audio */,
				C46C16BD11F6107500377E8C /* Map */,
				C49D41AA102121A500FF8BCC /* Buttons */,
				C4A9085412B89034006CFE9B /* FJExpandingTextView.h */,
				C4A9085512B89034006CFE9B /* FJExpandingTextView.m */,
				C4B3A70E12984FE30084F2C9 /* Flip View */,
				C4AC0F2811B1AFD400FEE0ED /* MAKVONotificationCenter */,
				C4C921E612996FC3005C12F4 /* KVO Blocks */,
				C4CC17C510DE10AA00DBE821 /* Solicit Review */,
				C45954101331DB4F00D6C668 /* MKNumberBadgeView */,
				C459541A1331DC4900D6C668 /* Description */,
				C459546D1331E2EC00D6C668 /* ATMHud */,
				C45954AC1331E37500D6C668 /* TITokenFieldView */,
				C4F6D0080FCA532200F6AD69 /* Progress View */,
				C41CD521113096470085A3BF /* Twitter */,
				C40B1D9711D51ABC00ADE99B /* FacebookAgent */,
				C45F72D511D71B3E0040CF4E /* Twitter Controller */,
				C470937811C977640082307C /* Date Picker */,
				C486535F10BCA73A0064A126 /* UIDevice Categories */,
				C4CC168A10DDEA5C00DBE821 /* Browser */,
			);
			name = Library;
			sourceTree = "<group>";
		};
		C468A5F4105AD7DA00302D93 /* NSLog */ = {
			isa = PBXGroup;
			children = (
				C470933611C972720082307C /* MacroUtilities.h */,
			);
			name = NSLog;
			sourceTree = "<group>";
		};
		C46C16BD11F6107500377E8C /* Map */ = {
			isa = PBXGroup;
			children = (
				C46C16BA11F6107200377E8C /* MapViewController.h */,
				C46C16BB11F6107200377E8C /* MapViewController.m */,
			);
			name = Map;
			sourceTree = "<group>";
		};
		C470937811C977640082307C /* Date Picker */ = {
			isa = PBXGroup;
			children = (
				C4EFEC9D10E1D13C005180AC /* FJSDatePickerController.h */,
				C4EFEC9E10E1D13C005180AC /* FJSDatePickerController.m */,
			);
			name = "Date Picker";
			sourceTree = "<group>";
		};
		C486535F10BCA73A0064A126 /* UIDevice Categories */ = {
			isa = PBXGroup;
			children = (
				C4C9227212997756005C12F4 /* UIDevice+Additions.h */,
				C4C9227312997756005C12F4 /* UIDevice+Additions.m */,
				C486534C10BCA7360064A126 /* UIDevice-Hardware.h */,
				C486534D10BCA7360064A126 /* UIDevice-Hardware.m */,
				C486534E10BCA7360064A126 /* UIDevice-IOKitExtensions.h */,
				C486534F10BCA7360064A126 /* UIDevice-IOKitExtensions.m */,
				C486535010BCA7360064A126 /* UIDevice-Reachability.h */,
				C486535110BCA7360064A126 /* UIDevice-Reachability.m */,
			);
			name = "UIDevice Categories";
			sourceTree = "<group>";
		};
		C489B66C1032762E00514567 /* CoreData Categories */ = {
			isa = PBXGroup;
			children = (
				C4C921C4129968CA005C12F4 /* FJCoreDataExtensions.h */,
				C470935611C974D30082307C /* NSManagedObjectContext+CoreDataStack.h */,
				C470935711C974D30082307C /* NSManagedObjectContext+CoreDataStack.m */,
				C470935811C974D30082307C /* NSManagedObjectContext+Convenience.h */,
				C470935911C974D30082307C /* NSManagedObjectContext+Convenience.m */,
				C4A4596910339C30002CBE45 /* NSManagedObject+Extensions.h */,
				C489B6B310327C2A00514567 /* NSManagedObject+Extensions.m */,
				C4C9220E12997127005C12F4 /* DDCoreData */,
			);
			name = "CoreData Categories";
			sourceTree = "<group>";
		};
		C49D41AA102121A500FF8BCC /* Buttons */ = {
			isa = PBXGroup;
			children = (
				C41AFD31101E0F910095F37D /* VisualFeedbackHiddenButton.h */,
				C41AFD32101E0F910095F37D /* VisualFeedbackHiddenButton.m */,
				C49D439B10220C8B00FF8BCC /* UIButton+Glossy.h */,
				C49D439D10220C9200FF8BCC /* UIButton+Glossy.m */,
				C49D434B1021454500FF8BCC /* AQGlassButton.h */,
				C49D434C1021454500FF8BCC /* AQGlassButton.m */,
			);
			name = Buttons;
			sourceTree = "<group>";
		};
		C4A189720FCF5D9D00E70A29 /* CoreLocation */ = {
			isa = PBXGroup;
			children = (
				C4A189730FCF5DB200E70A29 /* MyCLController.h */,
				C4A189740FCF5DB200E70A29 /* MyCLController.m */,
			);
			name = CoreLocation;
			sourceTree = "<group>";
		};
		C4A83640117A2409007D9A2A /* UIImage */ = {
			isa = PBXGroup;
			children = (
				C4C4DC9A11592AB3003906C9 /* UIImage+Caching.h */,
				C4C4DC9B11592AB3003906C9 /* UIImage+Caching.m */,
				C4C4DC9C11592AB3003906C9 /* UIImage+Disk.h */,
				C4C4DC9D11592AB3003906C9 /* UIImage+Disk.m */,
			);
			name = UIImage;
			sourceTree = "<group>";
		};
		C4A9082212B88FBE006CFE9B /* Model Object */ = {
			isa = PBXGroup;
			children = (
				C4A9081F12B88FBB006CFE9B /* SMModelObject.h */,
				C4A9082012B88FBB006CFE9B /* SMModelObject.m */,
			);
			name = "Model Object";
			sourceTree = "<group>";
		};
		C4AC0F2811B1AFD400FEE0ED /* MAKVONotificationCenter */ = {
			isa = PBXGroup;
			children = (
				C4AC0F2411B1AFAC00FEE0ED /* MAKVONotificationCenter.h */,
				C4AC0F2511B1AFAD00FEE0ED /* MAKVONotificationCenter.m */,
			);
			name = MAKVONotificationCenter;
			sourceTree = "<group>";
		};
		C4B3A70E12984FE30084F2C9 /* Flip View */ = {
			isa = PBXGroup;
			children = (
				C4B3A70412984C950084F2C9 /* FJFlipViewController.h */,
				C4B3A70512984C950084F2C9 /* FJFlipViewController.m */,
			);
			name = "Flip View";
			sourceTree = "<group>";
		};
		C4BCA07F11DACEE0001CCEF7 /* Key Chain */ = {
			isa = PBXGroup;
			children = (
				C410226611CBE6E000E651D3 /* SFHFKeychainUtils.h */,
				C410226711CBE6E000E651D3 /* SFHFKeychainUtils.m */,
			);
			name = "Key Chain";
			sourceTree = "<group>";
		};
		C4C921AE129967D5005C12F4 /* KBCollectionExtensions */ = {
			isa = PBXGroup;
			children = (
				C40A51650FFF27CD001D4CDE /* KBCollectionExtensions.h */,
				C40A51640FFF27CD001D4CDE /* KBCollectionExtensions.m */,
			);
			name = KBCollectionExtensions;
			sourceTree = "<group>";
		};
		C4C921C21299687B005C12F4 /* Exception Helper */ = {
			isa = PBXGroup;
			children = (
				C4CC175410DE068A00DBE821 /* ExceptionHelper.h */,
				C4CC175510DE068A00DBE821 /* ExceptionHelper.m */,
			);
			name = "Exception Helper";
			sourceTree = "<group>";
		};
		C4C921E012996EF1005C12F4 /* Archiving */ = {
			isa = PBXGroup;
			children = (
				C4C921DE12996EEB005C12F4 /* TPAutoArchiver.h */,
				C4C921DF12996EEB005C12F4 /* TPAutoArchiver.m */,
			);
			name = Archiving;
			sourceTree = "<group>";
		};
		C4C921E612996FC3005C12F4 /* KVO Blocks */ = {
			isa = PBXGroup;
			children = (
				C4C921E212996FBC005C12F4 /* CKVOBlockNotificationHelper.h */,
				C4C921E312996FBC005C12F4 /* CKVOBlockNotificationHelper.m */,
				C4C921E412996FBC005C12F4 /* NSObject_KVOBlockNotificationExtensions.h */,
				C4C921E512996FBC005C12F4 /* NSObject_KVOBlockNotificationExtensions.m */,
			);
			name = "KVO Blocks";
			sourceTree = "<group>";
		};
		C4C9220E12997127005C12F4 /* DDCoreData */ = {
			isa = PBXGroup;
			children = (
				C4C9220612997124005C12F4 /* DDCoreData.h */,
				C4C9220712997124005C12F4 /* DDCoreDataException.h */,
				C4C9220812997125005C12F4 /* DDCoreDataException.m */,
				C4C9220912997125005C12F4 /* DDCoreDataHelper.h */,
				C4C9220A12997125005C12F4 /* DDCoreDataHelper.m */,
				C4C9220B12997125005C12F4 /* DDCoreDataProvider.h */,
				C4C9220C12997125005C12F4 /* DDCoreDataStack.h */,
				C4C9220D12997125005C12F4 /* DDCoreDataStack.m */,
			);
			name = DDCoreData;
			sourceTree = "<group>";
		};
		C4C922111299716B005C12F4 /* Status Bar Activity Indicator */ = {
			isa = PBXGroup;
			children = (
				C4C9220F12997168005C12F4 /* ACActivityIndicatorQueue.h */,
				C4C9221012997168005C12F4 /* ACActivityIndicatorQueue.m */,
			);
			name = "Status Bar Activity Indicator";
			sourceTree = "<group>";
		};
		C4C9221812997241005C12F4 /* TableView Loading */ = {
			isa = PBXGroup;
			children = (
				C4C9221212997239005C12F4 /* UITableViewContentUnavailableView.h */,
				C4C9221312997239005C12F4 /* UITableViewContentUnavailableView.m */,
				C4C9221412997239005C12F4 /* UITableViewHelper.h */,
				C4C9221512997239005C12F4 /* UITableViewHelper.m */,
				C4C9221612997239005C12F4 /* UITableViewUpdatingView.h */,
				C4C9221712997239005C12F4 /* UITableViewUpdatingView.m */,
			);
			name = "TableView Loading";
			sourceTree = "<group>";
		};
		C4CC168A10DDEA5C00DBE821 /* Browser */ = {
			isa = PBXGroup;
			children = (
				C4CC16BF10DDFB7B00DBE821 /* BrowserViewController.h */,
				C4CC16C010DDFB7B00DBE821 /* BrowserViewController.m */,
			);
			name = Browser;
			sourceTree = "<group>";
		};
		C4CC16E510DE00D000DBE821 /* UIKit Categories */ = {
			isa = PBXGroup;
			children = (
				C4C921CF12996A5B005C12F4 /* FJUIKitExtensions.h */,
				C4CC16D310DDFF6700DBE821 /* UIImageHelper.h */,
				C4CC16D410DDFF6700DBE821 /* UIImageHelper.m */,
				C4CC17B310DE0E6700DBE821 /* L0ExternalURLOpeningDetection.h */,
				C4CC17B410DE0E6700DBE821 /* L0ExternalURLOpeningDetection.m */,
				C4C92219129972BA005C12F4 /* UITableViewControllerHelper.h */,
				C4C9221A129972BA005C12F4 /* UITableViewControllerHelper.m */,
				C4D71F1D104E3CFB002F4E70 /* NSArray+TableView.h */,
				C4D71F1E104E3CFB002F4E70 /* NSArray+TableView.m */,
				C470931511C971370082307C /* UIView-Extensions.h */,
				C470931611C971370082307C /* UIView-Extensions.m */,
				C470931911C9715A0082307C /* UIAlertViewHelper.h */,
				C470931A11C9715A0082307C /* UIAlertViewHelper.m */,
				C42E952E10D6CEE900754443 /* UIColor+extensions.h */,
				C42E952F10D6CEE900754443 /* UIColor+extensions.m */,
				C4A9080F12B88DEE006CFE9B /* BNColor.h */,
				C4A9081012B88DEE006CFE9B /* BNColor.m */,
				C4CC17F310DE180700DBE821 /* BlueBadge.h */,
				C4CC17F410DE180700DBE821 /* BlueBadge.m */,
				C42E952810D6CEB600754443 /* UIBarButtonItem+extensions.h */,
				C42E952910D6CEB600754443 /* UIBarButtonItem+extensions.m */,
			);
			name = "UIKit Categories";
			sourceTree = "<group>";
		};
		C4CC17C510DE10AA00DBE821 /* Solicit Review */ = {
			isa = PBXGroup;
			children = (
				C4CC17BD10DE104900DBE821 /* L0SolicitReviewController.h */,
				C4CC17BE10DE104900DBE821 /* L0SolicitReviewController.m */,
				C4CC17D310DE10E300DBE821 /* UIAlertView+L0Alert.h */,
				C4CC17D410DE10E300DBE821 /* UIAlertView+L0Alert.m */,
			);
			name = "Solicit Review";
			sourceTree = "<group>";
		};
		C4D222AE100C091D00E88C0B /* Files */ = {
			isa = PBXGroup;
			children = (
				C4D222AA100C07B200E88C0B /* FJSFileManager.h */,
				C4D222AB100C07B200E88C0B /* FJSFileManager.m */,
			);
			name = Files;
			sourceTree = "<group>";
		};
		C4F6D0080FCA532200F6AD69 /* Progress View */ = {
			isa = PBXGroup;
			children = (
				C4A8369A117A267F007D9A2A /* MBProgressHUD.h */,
				C4A8369B117A267F007D9A2A /* MBProgressHUD.m */,
			);
			name = "Progress View";
			sourceTree = "<group>";
		};
		C4F6D0090FCA533900F6AD69 /* Foundation Categories */ = {
			isa = PBXGroup;
			children = (
				C4C921981299664E005C12F4 /* FJFoundationExtensions.h */,
				C4E41F9B12D7B14D00FC8F83 /* NSData+Base64.h */,
				C4E41F9C12D7B14D00FC8F83 /* NSData+Base64.m */,
				C4A83633117A2369007D9A2A /* NSObject+Proxy.h */,
				C4A83634117A2369007D9A2A /* NSObject+Proxy.m */,
				C4CC171C10DE020F00DBE821 /* NSObjectHelper.h */,
				C4CC171D10DE020F00DBE821 /* NSObjectHelper.m */,
				C470953211C97D100082307C /* NSString+extensions.h */,
				C470953311C97D100082307C /* NSString+extensions.m */,
				C4CC170710DE018300DBE821 /* NSDictionaryHelper.h */,
				C4CC170810DE018300DBE821 /* NSDictionaryHelper.m */,
				C4CC16FE10DE011D00DBE821 /* NSArrayHelper.h */,
				C4CC16FF10DE011D00DBE821 /* NSArrayHelper.m */,
				C4C6522D1142264500EAA479 /* NSSet+blocks.h */,
				C4C6522E1142266900EAA479 /* NSSet+blocks.m */,
				C4C652301142268500EAA479 /* NSArray+blocks.h */,
				C4C6522F1142268500EAA479 /* NSArray+blocks.m */,
				C422B99710FAA0A900925B8E /* NSURL+Extensions.h */,
				C422B99810FAA0A900925B8E /* NSURL+Extensions.m */,
				C461FE910FC5C0980036595E /* NSDate+Helper.h */,
				C461FE920FC5C0980036595E /* NSDate+Helper.m */,
				C4A8364B117A256A007D9A2A /* NSOperationQueue+Shared.h */,
				C4A8364C117A256A007D9A2A /* NSOperationQueue+Shared.m */,
			);
			name = "Foundation Categories";
			sourceTree = "<group>";
		};
/* End PBXGroup section */

/* Begin PBXProject section */
		29B97313FDCFA39411CA2CEA /* Project object */ = {
			isa = PBXProject;
			buildConfigurationList = C01FCF4E08A954540054247B /* Build configuration list for PBXProject "FJSCode" */;
			compatibilityVersion = "Xcode 3.1";
			developmentRegion = English;
			hasScannedForEncodings = 1;
			knownRegions = (
				English,
				Japanese,
				French,
				German,
			);
			mainGroup = 29B97314FDCFA39411CA2CEA /* CustomTemplate */;
			projectDirPath = "";
			projectReferences = (
				{
					ProductGroup = C45954741331E2EC00D6C668 /* Products */;
					ProjectRef = C45954731331E2EC00D6C668 /* ATMHud.xcodeproj */;
				},
				{
					ProductGroup = C45954BC1331E37500D6C668 /* Products */;
					ProjectRef = C45954BB1331E37500D6C668 /* TokenFieldExample.xcodeproj */;
				},
			);
			projectRoot = "";
			targets = (
			);
		};
/* End PBXProject section */

/* Begin PBXReferenceProxy section */
		C45954931331E2ED00D6C668 /* ATMHud.app */ = {
			isa = PBXReferenceProxy;
			fileType = wrapper.application;
			path = ATMHud.app;
			remoteRef = C45954921331E2ED00D6C668 /* PBXContainerItemProxy */;
			sourceTree = BUILT_PRODUCTS_DIR;
		};
		C45954C41331E37500D6C668 /* TokenFieldExample.app */ = {
			isa = PBXReferenceProxy;
			fileType = wrapper.application;
			path = TokenFieldExample.app;
			remoteRef = C45954C31331E37500D6C668 /* PBXContainerItemProxy */;
			sourceTree = BUILT_PRODUCTS_DIR;
		};
/* End PBXReferenceProxy section */

/* Begin XCBuildConfiguration section */
		C01FCF4F08A954540054247B /* Debug */ = {
			isa = XCBuildConfiguration;
			buildSettings = {
				ARCHS = "$(ARCHS_STANDARD_32_BIT)";
				"CODE_SIGN_IDENTITY[sdk=iphoneos*]" = "iPhone Developer";
				GCC_C_LANGUAGE_STANDARD = c99;
				GCC_WARN_ABOUT_RETURN_TYPE = YES;
				GCC_WARN_UNUSED_VARIABLE = YES;
				ONLY_ACTIVE_ARCH = YES;
				OTHER_LDFLAGS = "-ObjC";
				PREBINDING = NO;
				SDKROOT = iphoneos3.0;
			};
			name = Debug;
		};
		C01FCF5008A954540054247B /* Release */ = {
			isa = XCBuildConfiguration;
			buildSettings = {
				ARCHS = "$(ARCHS_STANDARD_32_BIT)";
				"CODE_SIGN_IDENTITY[sdk=iphoneos*]" = "iPhone Developer";
				GCC_C_LANGUAGE_STANDARD = c99;
				GCC_WARN_ABOUT_RETURN_TYPE = YES;
				GCC_WARN_UNUSED_VARIABLE = YES;
				ONLY_ACTIVE_ARCH = YES;
				OTHER_LDFLAGS = "-ObjC";
				PREBINDING = NO;
				SDKROOT = iphoneos3.0;
			};
			name = Release;
		};
		C43FAE200FCCA96B00EB4F92 /* Distribution Beta */ = {
			isa = XCBuildConfiguration;
			buildSettings = {
				ARCHS = "$(ARCHS_STANDARD_32_BIT)";
				"CODE_SIGN_IDENTITY[sdk=iphoneos*]" = "iPhone Developer";
				GCC_C_LANGUAGE_STANDARD = c99;
				GCC_WARN_ABOUT_RETURN_TYPE = YES;
				GCC_WARN_UNUSED_VARIABLE = YES;
				ONLY_ACTIVE_ARCH = YES;
				OTHER_LDFLAGS = "-ObjC";
				PREBINDING = NO;
				SDKROOT = iphoneos3.0;
			};
			name = "Distribution Beta";
		};
		C43FAEC50FCCACF100EB4F92 /* Release from debug */ = {
			isa = XCBuildConfiguration;
			buildSettings = {
				ARCHS = "$(ARCHS_STANDARD_32_BIT)";
				"CODE_SIGN_IDENTITY[sdk=iphoneos*]" = "iPhone Developer";
				GCC_C_LANGUAGE_STANDARD = c99;
				GCC_WARN_ABOUT_RETURN_TYPE = YES;
				GCC_WARN_UNUSED_VARIABLE = YES;
				ONLY_ACTIVE_ARCH = YES;
				OTHER_LDFLAGS = "-ObjC";
				PREBINDING = NO;
				SDKROOT = iphoneos3.0;
			};
			name = "Release from debug";
		};
/* End XCBuildConfiguration section */

/* Begin XCConfigurationList section */
		C01FCF4E08A954540054247B /* Build configuration list for PBXProject "FJSCode" */ = {
			isa = XCConfigurationList;
			buildConfigurations = (
				C01FCF4F08A954540054247B /* Debug */,
				C43FAEC50FCCACF100EB4F92 /* Release from debug */,
				C01FCF5008A954540054247B /* Release */,
				C43FAE200FCCA96B00EB4F92 /* Distribution Beta */,
			);
			defaultConfigurationIsVisible = 0;
			defaultConfigurationName = Debug;
		};
/* End XCConfigurationList section */
	};
	rootObject = 29B97313FDCFA39411CA2CEA /* Project object */;
}
