// !$*UTF8*$!
{
	archiveVersion = 1;
	classes = {
	};
	objectVersion = 45;
	objects = {

/* Begin PBXFileReference section */
		1D30AB110D05D00D00671497 /* Foundation.framework */ = {isa = PBXFileReference; lastKnownFileType = wrapper.framework; name = Foundation.framework; path = System/Library/Frameworks/Foundation.framework; sourceTree = SDKROOT; };
		1DF5F4DF0D08C38300B7A737 /* UIKit.framework */ = {isa = PBXFileReference; lastKnownFileType = wrapper.framework; name = UIKit.framework; path = System/Library/Frameworks/UIKit.framework; sourceTree = SDKROOT; };
		288765FC0DF74451002DB57D /* CoreGraphics.framework */ = {isa = PBXFileReference; lastKnownFileType = wrapper.framework; name = CoreGraphics.framework; path = System/Library/Frameworks/CoreGraphics.framework; sourceTree = SDKROOT; };
		28AD733E0D9D9553002E5188 /* MainWindow.xib */ = {isa = PBXFileReference; lastKnownFileType = file.xib; path = MainWindow.xib; sourceTree = "<group>"; };
		29B97316FDCFA39411CA2CEA /* main.m */ = {isa = PBXFileReference; fileEncoding = 4; lastKnownFileType = sourcecode.c.objc; path = main.m; sourceTree = "<group>"; };
		32CA4F630368D1EE00C91783 /* FJSCode_Prefix.pch */ = {isa = PBXFileReference; fileEncoding = 4; lastKnownFileType = sourcecode.c.h; path = FJSCode_Prefix.pch; sourceTree = "<group>"; };
		8D1107310486CEB800E47090 /* FJSCode-Info.plist */ = {isa = PBXFileReference; fileEncoding = 4; lastKnownFileType = text.plist.xml; path = "FJSCode-Info.plist"; plistStructureDefinitionIdentifier = "com.apple.xcode.plist.structure-definition.iphone.info-plist"; sourceTree = "<group>"; };
		C403FC78100F866A00DCA31A /* SCListener.h */ = {isa = PBXFileReference; fileEncoding = 4; lastKnownFileType = sourcecode.c.h; path = SCListener.h; sourceTree = "<group>"; };
		C403FC79100F866A00DCA31A /* SCListener.m */ = {isa = PBXFileReference; fileEncoding = 4; lastKnownFileType = sourcecode.c.objc; path = SCListener.m; sourceTree = "<group>"; };
		C403FC7E100F86A900DCA31A /* SoundEffect.h */ = {isa = PBXFileReference; fileEncoding = 4; lastKnownFileType = sourcecode.c.h; path = SoundEffect.h; sourceTree = "<group>"; };
		C403FC7F100F86A900DCA31A /* SoundEffect.m */ = {isa = PBXFileReference; fileEncoding = 4; lastKnownFileType = sourcecode.c.objc; path = SoundEffect.m; sourceTree = "<group>"; };
		C403FCE8100FA10A00DCA31A /* ListenerController.h */ = {isa = PBXFileReference; fileEncoding = 4; lastKnownFileType = sourcecode.c.h; path = ListenerController.h; sourceTree = "<group>"; };
		C403FCE9100FA10A00DCA31A /* ListenerController.m */ = {isa = PBXFileReference; fileEncoding = 4; lastKnownFileType = sourcecode.c.objc; path = ListenerController.m; sourceTree = "<group>"; };
		C40A51640FFF27CD001D4CDE /* KBCollectionExtensions.m */ = {isa = PBXFileReference; fileEncoding = 4; lastKnownFileType = sourcecode.c.objc; path = KBCollectionExtensions.m; sourceTree = "<group>"; };
		C40A51650FFF27CD001D4CDE /* KBCollectionExtensions.h */ = {isa = PBXFileReference; fileEncoding = 4; lastKnownFileType = sourcecode.c.h; path = KBCollectionExtensions.h; sourceTree = "<group>"; };
		C40B1D9811D51ABC00ADE99B /* Connect_iphone.png */ = {isa = PBXFileReference; lastKnownFileType = image.png; path = Connect_iphone.png; sourceTree = "<group>"; };
		C40B1D9911D51ABC00ADE99B /* FacebookAgent.h */ = {isa = PBXFileReference; fileEncoding = 4; lastKnownFileType = sourcecode.c.h; path = FacebookAgent.h; sourceTree = "<group>"; };
		C40B1D9A11D51ABC00ADE99B /* FacebookAgent.m */ = {isa = PBXFileReference; fileEncoding = 4; lastKnownFileType = sourcecode.c.objc; path = FacebookAgent.m; sourceTree = "<group>"; };
		C40B1D9B11D51ABC00ADE99B /* Logout_iphone.png */ = {isa = PBXFileReference; lastKnownFileType = image.png; path = Logout_iphone.png; sourceTree = "<group>"; };
		C410226611CBE6E000E651D3 /* SFHFKeychainUtils.h */ = {isa = PBXFileReference; fileEncoding = 4; lastKnownFileType = sourcecode.c.h; path = SFHFKeychainUtils.h; sourceTree = "<group>"; };
		C410226711CBE6E000E651D3 /* SFHFKeychainUtils.m */ = {isa = PBXFileReference; fileEncoding = 4; lastKnownFileType = sourcecode.c.objc; path = SFHFKeychainUtils.m; sourceTree = "<group>"; };
		C41AFD31101E0F910095F37D /* VisualFeedbackHiddenButton.h */ = {isa = PBXFileReference; fileEncoding = 4; lastKnownFileType = sourcecode.c.h; path = VisualFeedbackHiddenButton.h; sourceTree = "<group>"; };
		C41AFD32101E0F910095F37D /* VisualFeedbackHiddenButton.m */ = {isa = PBXFileReference; fileEncoding = 4; lastKnownFileType = sourcecode.c.objc; path = VisualFeedbackHiddenButton.m; sourceTree = "<group>"; };
		C41CD42B11308CCB0085A3BF /* FJSTweetViewController.h */ = {isa = PBXFileReference; fileEncoding = 4; lastKnownFileType = sourcecode.c.h; path = FJSTweetViewController.h; sourceTree = "<group>"; };
		C41CD42C11308CCB0085A3BF /* FJSTweetViewController.m */ = {isa = PBXFileReference; fileEncoding = 4; lastKnownFileType = sourcecode.c.objc; path = FJSTweetViewController.m; sourceTree = "<group>"; };
		C41CD42D11308CCB0085A3BF /* FJSTweetViewController.xib */ = {isa = PBXFileReference; lastKnownFileType = file.xib; path = FJSTweetViewController.xib; sourceTree = "<group>"; };
		C41CD43011308D290085A3BF /* charCount.png */ = {isa = PBXFileReference; lastKnownFileType = image.png; path = charCount.png; sourceTree = "<group>"; };
		C41CD43111308D580085A3BF /* twittername.png */ = {isa = PBXFileReference; lastKnownFileType = image.png; path = twittername.png; sourceTree = "<group>"; };
		C41CD43211308D730085A3BF /* tweetbubble.png */ = {isa = PBXFileReference; lastKnownFileType = image.png; path = tweetbubble.png; sourceTree = "<group>"; };
		C422B99710FAA0A900925B8E /* NSURL+Extensions.h */ = {isa = PBXFileReference; fileEncoding = 4; lastKnownFileType = sourcecode.c.h; path = "NSURL+Extensions.h"; sourceTree = "<group>"; };
		C422B99810FAA0A900925B8E /* NSURL+Extensions.m */ = {isa = PBXFileReference; fileEncoding = 4; lastKnownFileType = sourcecode.c.objc; path = "NSURL+Extensions.m"; sourceTree = "<group>"; };
		C42E952810D6CEB600754443 /* UIBarButtonItem+extensions.h */ = {isa = PBXFileReference; fileEncoding = 4; lastKnownFileType = sourcecode.c.h; path = "UIBarButtonItem+extensions.h"; sourceTree = "<group>"; };
		C42E952910D6CEB600754443 /* UIBarButtonItem+extensions.m */ = {isa = PBXFileReference; fileEncoding = 4; lastKnownFileType = sourcecode.c.objc; path = "UIBarButtonItem+extensions.m"; sourceTree = "<group>"; };
		C42E952E10D6CEE900754443 /* UIColor+extensions.h */ = {isa = PBXFileReference; fileEncoding = 4; lastKnownFileType = sourcecode.c.h; path = "UIColor+extensions.h"; sourceTree = "<group>"; };
		C42E952F10D6CEE900754443 /* UIColor+extensions.m */ = {isa = PBXFileReference; fileEncoding = 4; lastKnownFileType = sourcecode.c.objc; path = "UIColor+extensions.m"; sourceTree = "<group>"; };
		C43FAB660FCC424000EB4F92 /* IFActionToolbar.m */ = {isa = PBXFileReference; fileEncoding = 4; lastKnownFileType = sourcecode.c.objc; path = IFActionToolbar.m; sourceTree = "<group>"; };
		C43FAB670FCC424000EB4F92 /* IFActionToolbar.h */ = {isa = PBXFileReference; fileEncoding = 4; lastKnownFileType = sourcecode.c.h; path = IFActionToolbar.h; sourceTree = "<group>"; };
		C45F72D211D71B3B0040CF4E /* TwitterEngineController.h */ = {isa = PBXFileReference; fileEncoding = 4; lastKnownFileType = sourcecode.c.h; path = TwitterEngineController.h; sourceTree = "<group>"; };
		C45F72D311D71B3B0040CF4E /* TwitterEngineController.m */ = {isa = PBXFileReference; fileEncoding = 4; lastKnownFileType = sourcecode.c.objc; path = TwitterEngineController.m; sourceTree = "<group>"; };
		C461FE910FC5C0980036595E /* NSDate+Helper.h */ = {isa = PBXFileReference; fileEncoding = 4; lastKnownFileType = sourcecode.c.h; path = "NSDate+Helper.h"; sourceTree = "<group>"; };
		C461FE920FC5C0980036595E /* NSDate+Helper.m */ = {isa = PBXFileReference; fileEncoding = 4; lastKnownFileType = sourcecode.c.objc; path = "NSDate+Helper.m"; sourceTree = "<group>"; };
		C461FE9F0FC5C0980036595E /* SynthesizeSingleton.h */ = {isa = PBXFileReference; fileEncoding = 4; lastKnownFileType = sourcecode.c.h; path = SynthesizeSingleton.h; sourceTree = "<group>"; };
		C461FEA00FC5C0980036595E /* FJSCode.h */ = {isa = PBXFileReference; fileEncoding = 4; lastKnownFileType = sourcecode.c.h; path = FJSCode.h; sourceTree = "<group>"; };
		C461FEAA0FC5C1200036595E /* QuartzCore.framework */ = {isa = PBXFileReference; lastKnownFileType = wrapper.framework; name = QuartzCore.framework; path = System/Library/Frameworks/QuartzCore.framework; sourceTree = SDKROOT; };
		C468A598105AA6D500302D93 /* NSObject+AssociatedObjects.h */ = {isa = PBXFileReference; fileEncoding = 4; lastKnownFileType = sourcecode.c.h; path = "NSObject+AssociatedObjects.h"; sourceTree = "<group>"; };
		C468A599105AA6D500302D93 /* NSObject+AssociatedObjects.m */ = {isa = PBXFileReference; fileEncoding = 4; lastKnownFileType = sourcecode.c.objc; path = "NSObject+AssociatedObjects.m"; sourceTree = "<group>"; };
		C468A6B6105B005300302D93 /* IFTweetLabel.m */ = {isa = PBXFileReference; fileEncoding = 4; lastKnownFileType = sourcecode.c.objc; path = IFTweetLabel.m; sourceTree = "<group>"; };
		C468A6B7105B005300302D93 /* IFTweetLabel.h */ = {isa = PBXFileReference; fileEncoding = 4; lastKnownFileType = sourcecode.c.h; path = IFTweetLabel.h; sourceTree = "<group>"; };
		C470930411C96FB20082307C /* NSError+UIAlertView.h */ = {isa = PBXFileReference; fileEncoding = 4; lastKnownFileType = sourcecode.c.h; path = "NSError+UIAlertView.h"; sourceTree = "<group>"; };
		C470930511C96FB20082307C /* NSError+UIAlertView.m */ = {isa = PBXFileReference; fileEncoding = 4; lastKnownFileType = sourcecode.c.objc; path = "NSError+UIAlertView.m"; sourceTree = "<group>"; };
		C470931511C971370082307C /* UIView-Extensions.h */ = {isa = PBXFileReference; fileEncoding = 4; lastKnownFileType = sourcecode.c.h; path = "UIView-Extensions.h"; sourceTree = "<group>"; };
		C470931611C971370082307C /* UIView-Extensions.m */ = {isa = PBXFileReference; fileEncoding = 4; lastKnownFileType = sourcecode.c.objc; path = "UIView-Extensions.m"; sourceTree = "<group>"; };
		C470931911C9715A0082307C /* UIAlertViewHelper.h */ = {isa = PBXFileReference; fileEncoding = 4; lastKnownFileType = sourcecode.c.h; path = UIAlertViewHelper.h; sourceTree = "<group>"; };
		C470931A11C9715A0082307C /* UIAlertViewHelper.m */ = {isa = PBXFileReference; fileEncoding = 4; lastKnownFileType = sourcecode.c.objc; path = UIAlertViewHelper.m; sourceTree = "<group>"; };
		C470933611C972720082307C /* MacroUtilities.h */ = {isa = PBXFileReference; fileEncoding = 4; lastKnownFileType = sourcecode.c.h; path = MacroUtilities.h; sourceTree = "<group>"; };
		C470935611C974D30082307C /* NSManagedObjectContext+CoreDataStack.h */ = {isa = PBXFileReference; fileEncoding = 4; lastKnownFileType = sourcecode.c.h; path = "NSManagedObjectContext+CoreDataStack.h"; sourceTree = "<group>"; };
		C470935711C974D30082307C /* NSManagedObjectContext+CoreDataStack.m */ = {isa = PBXFileReference; fileEncoding = 4; lastKnownFileType = sourcecode.c.objc; path = "NSManagedObjectContext+CoreDataStack.m"; sourceTree = "<group>"; };
		C470935811C974D30082307C /* NSManagedObjectContext+Convenience.h */ = {isa = PBXFileReference; fileEncoding = 4; lastKnownFileType = sourcecode.c.h; path = "NSManagedObjectContext+Convenience.h"; sourceTree = "<group>"; };
		C470935911C974D30082307C /* NSManagedObjectContext+Convenience.m */ = {isa = PBXFileReference; fileEncoding = 4; lastKnownFileType = sourcecode.c.objc; path = "NSManagedObjectContext+Convenience.m"; sourceTree = "<group>"; };
		C470953211C97D100082307C /* NSString+extensions.h */ = {isa = PBXFileReference; fileEncoding = 4; lastKnownFileType = sourcecode.c.h; path = "NSString+extensions.h"; sourceTree = "<group>"; };
		C470953311C97D100082307C /* NSString+extensions.m */ = {isa = PBXFileReference; fileEncoding = 4; lastKnownFileType = sourcecode.c.objc; path = "NSString+extensions.m"; sourceTree = "<group>"; };
		C486534C10BCA7360064A126 /* UIDevice-Hardware.h */ = {isa = PBXFileReference; fileEncoding = 4; lastKnownFileType = sourcecode.c.h; path = "UIDevice-Hardware.h"; sourceTree = "<group>"; };
		C486534D10BCA7360064A126 /* UIDevice-Hardware.m */ = {isa = PBXFileReference; fileEncoding = 4; lastKnownFileType = sourcecode.c.objc; path = "UIDevice-Hardware.m"; sourceTree = "<group>"; };
		C486534E10BCA7360064A126 /* UIDevice-IOKitExtensions.h */ = {isa = PBXFileReference; fileEncoding = 4; lastKnownFileType = sourcecode.c.h; path = "UIDevice-IOKitExtensions.h"; sourceTree = "<group>"; };
		C486534F10BCA7360064A126 /* UIDevice-IOKitExtensions.m */ = {isa = PBXFileReference; fileEncoding = 4; lastKnownFileType = sourcecode.c.objc; path = "UIDevice-IOKitExtensions.m"; sourceTree = "<group>"; };
		C486535010BCA7360064A126 /* UIDevice-Reachability.h */ = {isa = PBXFileReference; fileEncoding = 4; lastKnownFileType = sourcecode.c.h; path = "UIDevice-Reachability.h"; sourceTree = "<group>"; };
		C486535110BCA7360064A126 /* UIDevice-Reachability.m */ = {isa = PBXFileReference; fileEncoding = 4; lastKnownFileType = sourcecode.c.objc; path = "UIDevice-Reachability.m"; sourceTree = "<group>"; };
		C489B6A01032782B00514567 /* CoreData.framework */ = {isa = PBXFileReference; lastKnownFileType = wrapper.framework; name = CoreData.framework; path = ../../../../../Developer/Platforms/iPhoneSimulator.platform/Developer/SDKs/iPhoneSimulator3.0.sdk/System/Library/Frameworks/CoreData.framework; sourceTree = FJSCODE_SRC; };
		C489B6B310327C2A00514567 /* NSManagedObject+Extensions.m */ = {isa = PBXFileReference; fileEncoding = 4; lastKnownFileType = sourcecode.c.objc; path = "NSManagedObject+Extensions.m"; sourceTree = "<group>"; };
		C49D434B1021454500FF8BCC /* AQGlassButton.h */ = {isa = PBXFileReference; fileEncoding = 4; lastKnownFileType = sourcecode.c.h; path = AQGlassButton.h; sourceTree = "<group>"; };
		C49D434C1021454500FF8BCC /* AQGlassButton.m */ = {isa = PBXFileReference; fileEncoding = 4; lastKnownFileType = sourcecode.c.objc; path = AQGlassButton.m; sourceTree = "<group>"; };
		C49D439B10220C8B00FF8BCC /* UIButton+Glossy.h */ = {isa = PBXFileReference; fileEncoding = 4; lastKnownFileType = sourcecode.c.h; path = "UIButton+Glossy.h"; sourceTree = "<group>"; };
		C49D439D10220C9200FF8BCC /* UIButton+Glossy.m */ = {isa = PBXFileReference; fileEncoding = 4; lastKnownFileType = sourcecode.c.objc; path = "UIButton+Glossy.m"; sourceTree = "<group>"; };
		C4A189730FCF5DB200E70A29 /* MyCLController.h */ = {isa = PBXFileReference; fileEncoding = 4; lastKnownFileType = sourcecode.c.h; path = MyCLController.h; sourceTree = "<group>"; };
		C4A189740FCF5DB200E70A29 /* MyCLController.m */ = {isa = PBXFileReference; fileEncoding = 4; lastKnownFileType = sourcecode.c.objc; path = MyCLController.m; sourceTree = "<group>"; };
		C4A1A6F7106C04A500AC2F9D /* AudioToolbox.framework */ = {isa = PBXFileReference; lastKnownFileType = wrapper.framework; name = AudioToolbox.framework; path = System/Library/Frameworks/AudioToolbox.framework; sourceTree = SDKROOT; };
		C4A1A783106C0A4B00AC2F9D /* CoreData.framework */ = {isa = PBXFileReference; lastKnownFileType = wrapper.framework; name = CoreData.framework; path = System/Library/Frameworks/CoreData.framework; sourceTree = SDKROOT; };
		C4A1A785106C0A5F00AC2F9D /* UIKit.framework */ = {isa = PBXFileReference; lastKnownFileType = wrapper.framework; name = UIKit.framework; path = System/Library/Frameworks/UIKit.framework; sourceTree = SDKROOT; };
		C4A4596910339C30002CBE45 /* NSManagedObject+Extensions.h */ = {isa = PBXFileReference; fileEncoding = 4; lastKnownFileType = sourcecode.c.h; path = "NSManagedObject+Extensions.h"; sourceTree = "<group>"; };
		C4A83633117A2369007D9A2A /* NSObject+Proxy.h */ = {isa = PBXFileReference; fileEncoding = 4; lastKnownFileType = sourcecode.c.h; path = "NSObject+Proxy.h"; sourceTree = "<group>"; };
		C4A83634117A2369007D9A2A /* NSObject+Proxy.m */ = {isa = PBXFileReference; fileEncoding = 4; lastKnownFileType = sourcecode.c.objc; path = "NSObject+Proxy.m"; sourceTree = "<group>"; };
		C4A8364B117A256A007D9A2A /* NSOperationQueue+Shared.h */ = {isa = PBXFileReference; fileEncoding = 4; lastKnownFileType = sourcecode.c.h; path = "NSOperationQueue+Shared.h"; sourceTree = "<group>"; };
		C4A8364C117A256A007D9A2A /* NSOperationQueue+Shared.m */ = {isa = PBXFileReference; fileEncoding = 4; lastKnownFileType = sourcecode.c.objc; path = "NSOperationQueue+Shared.m"; sourceTree = "<group>"; };
		C4A8369A117A267F007D9A2A /* MBProgressHUD.h */ = {isa = PBXFileReference; fileEncoding = 4; lastKnownFileType = sourcecode.c.h; path = MBProgressHUD.h; sourceTree = "<group>"; };
		C4A8369B117A267F007D9A2A /* MBProgressHUD.m */ = {isa = PBXFileReference; fileEncoding = 4; lastKnownFileType = sourcecode.c.objc; path = MBProgressHUD.m; sourceTree = "<group>"; };
		C4AC0F2411B1AFAC00FEE0ED /* MAKVONotificationCenter.h */ = {isa = PBXFileReference; fileEncoding = 4; lastKnownFileType = sourcecode.c.h; path = MAKVONotificationCenter.h; sourceTree = "<group>"; };
		C4AC0F2511B1AFAD00FEE0ED /* MAKVONotificationCenter.m */ = {isa = PBXFileReference; fileEncoding = 4; lastKnownFileType = sourcecode.c.objc; path = MAKVONotificationCenter.m; sourceTree = "<group>"; };
		C4C4DC9A11592AB3003906C9 /* UIImage+Caching.h */ = {isa = PBXFileReference; fileEncoding = 4; lastKnownFileType = sourcecode.c.h; path = "UIImage+Caching.h"; sourceTree = "<group>"; };
		C4C4DC9B11592AB3003906C9 /* UIImage+Caching.m */ = {isa = PBXFileReference; fileEncoding = 4; lastKnownFileType = sourcecode.c.objc; path = "UIImage+Caching.m"; sourceTree = "<group>"; };
		C4C4DC9C11592AB3003906C9 /* UIImage+Disk.h */ = {isa = PBXFileReference; fileEncoding = 4; lastKnownFileType = sourcecode.c.h; path = "UIImage+Disk.h"; sourceTree = "<group>"; };
		C4C4DC9D11592AB3003906C9 /* UIImage+Disk.m */ = {isa = PBXFileReference; fileEncoding = 4; lastKnownFileType = sourcecode.c.objc; path = "UIImage+Disk.m"; sourceTree = "<group>"; };
		C4C6522D1142264500EAA479 /* NSSet+blocks.h */ = {isa = PBXFileReference; fileEncoding = 4; lastKnownFileType = sourcecode.c.h; path = "NSSet+blocks.h"; sourceTree = "<group>"; };
		C4C6522E1142266900EAA479 /* NSSet+blocks.m */ = {isa = PBXFileReference; fileEncoding = 4; lastKnownFileType = sourcecode.c.objc; path = "NSSet+blocks.m"; sourceTree = "<group>"; };
		C4C6522F1142268500EAA479 /* NSArray+blocks.m */ = {isa = PBXFileReference; fileEncoding = 4; lastKnownFileType = sourcecode.c.objc; path = "NSArray+blocks.m"; sourceTree = "<group>"; };
		C4C652301142268500EAA479 /* NSArray+blocks.h */ = {isa = PBXFileReference; fileEncoding = 4; lastKnownFileType = sourcecode.c.h; path = "NSArray+blocks.h"; sourceTree = "<group>"; };
		C4CC16BF10DDFB7B00DBE821 /* BrowserViewController.h */ = {isa = PBXFileReference; fileEncoding = 4; lastKnownFileType = sourcecode.c.h; path = BrowserViewController.h; sourceTree = "<group>"; };
		C4CC16C010DDFB7B00DBE821 /* BrowserViewController.m */ = {isa = PBXFileReference; fileEncoding = 4; lastKnownFileType = sourcecode.c.objc; path = BrowserViewController.m; sourceTree = "<group>"; };
		C4CC16D310DDFF6700DBE821 /* UIImageHelper.h */ = {isa = PBXFileReference; fileEncoding = 4; lastKnownFileType = sourcecode.c.h; path = UIImageHelper.h; sourceTree = "<group>"; };
		C4CC16D410DDFF6700DBE821 /* UIImageHelper.m */ = {isa = PBXFileReference; fileEncoding = 4; lastKnownFileType = sourcecode.c.objc; path = UIImageHelper.m; sourceTree = "<group>"; };
		C4CC16FE10DE011D00DBE821 /* NSArrayHelper.h */ = {isa = PBXFileReference; fileEncoding = 4; lastKnownFileType = sourcecode.c.h; path = NSArrayHelper.h; sourceTree = "<group>"; };
		C4CC16FF10DE011D00DBE821 /* NSArrayHelper.m */ = {isa = PBXFileReference; fileEncoding = 4; lastKnownFileType = sourcecode.c.objc; path = NSArrayHelper.m; sourceTree = "<group>"; };
		C4CC170710DE018300DBE821 /* NSDictionaryHelper.h */ = {isa = PBXFileReference; fileEncoding = 4; lastKnownFileType = sourcecode.c.h; path = NSDictionaryHelper.h; sourceTree = "<group>"; };
		C4CC170810DE018300DBE821 /* NSDictionaryHelper.m */ = {isa = PBXFileReference; fileEncoding = 4; lastKnownFileType = sourcecode.c.objc; path = NSDictionaryHelper.m; sourceTree = "<group>"; };
		C4CC171C10DE020F00DBE821 /* NSObjectHelper.h */ = {isa = PBXFileReference; fileEncoding = 4; lastKnownFileType = sourcecode.c.h; path = NSObjectHelper.h; sourceTree = "<group>"; };
		C4CC171D10DE020F00DBE821 /* NSObjectHelper.m */ = {isa = PBXFileReference; fileEncoding = 4; lastKnownFileType = sourcecode.c.objc; path = NSObjectHelper.m; sourceTree = "<group>"; };
		C4CC175410DE068A00DBE821 /* ExceptionHelper.h */ = {isa = PBXFileReference; fileEncoding = 4; lastKnownFileType = sourcecode.c.h; path = ExceptionHelper.h; sourceTree = "<group>"; };
		C4CC175510DE068A00DBE821 /* ExceptionHelper.m */ = {isa = PBXFileReference; fileEncoding = 4; lastKnownFileType = sourcecode.c.objc; path = ExceptionHelper.m; sourceTree = "<group>"; };
		C4CC17B310DE0E6700DBE821 /* L0ExternalURLOpeningDetection.h */ = {isa = PBXFileReference; fileEncoding = 4; lastKnownFileType = sourcecode.c.h; path = L0ExternalURLOpeningDetection.h; sourceTree = "<group>"; };
		C4CC17B410DE0E6700DBE821 /* L0ExternalURLOpeningDetection.m */ = {isa = PBXFileReference; fileEncoding = 4; lastKnownFileType = sourcecode.c.objc; path = L0ExternalURLOpeningDetection.m; sourceTree = "<group>"; };
		C4CC17BD10DE104900DBE821 /* L0SolicitReviewController.h */ = {isa = PBXFileReference; fileEncoding = 4; lastKnownFileType = sourcecode.c.h; path = L0SolicitReviewController.h; sourceTree = "<group>"; };
		C4CC17BE10DE104900DBE821 /* L0SolicitReviewController.m */ = {isa = PBXFileReference; fileEncoding = 4; lastKnownFileType = sourcecode.c.objc; path = L0SolicitReviewController.m; sourceTree = "<group>"; };
		C4CC17D310DE10E300DBE821 /* UIAlertView+L0Alert.h */ = {isa = PBXFileReference; fileEncoding = 4; lastKnownFileType = sourcecode.c.h; path = "UIAlertView+L0Alert.h"; sourceTree = "<group>"; };
		C4CC17D410DE10E300DBE821 /* UIAlertView+L0Alert.m */ = {isa = PBXFileReference; fileEncoding = 4; lastKnownFileType = sourcecode.c.objc; path = "UIAlertView+L0Alert.m"; sourceTree = "<group>"; };
		C4CC17DB10DE145A00DBE821 /* NSMutableArray+Extensions.h */ = {isa = PBXFileReference; fileEncoding = 4; lastKnownFileType = sourcecode.c.h; path = "NSMutableArray+Extensions.h"; sourceTree = "<group>"; };
		C4CC17DC10DE145A00DBE821 /* NSMutableArray+Extensions.m */ = {isa = PBXFileReference; fileEncoding = 4; lastKnownFileType = sourcecode.c.objc; path = "NSMutableArray+Extensions.m"; sourceTree = "<group>"; };
		C4CC17F310DE180700DBE821 /* BlueBadge.h */ = {isa = PBXFileReference; fileEncoding = 4; lastKnownFileType = sourcecode.c.h; path = BlueBadge.h; sourceTree = "<group>"; };
		C4CC17F410DE180700DBE821 /* BlueBadge.m */ = {isa = PBXFileReference; fileEncoding = 4; lastKnownFileType = sourcecode.c.objc; path = BlueBadge.m; sourceTree = "<group>"; };
		C4D222AA100C07B200E88C0B /* FJSFileManager.h */ = {isa = PBXFileReference; fileEncoding = 4; lastKnownFileType = sourcecode.c.h; path = FJSFileManager.h; sourceTree = "<group>"; };
		C4D222AB100C07B200E88C0B /* FJSFileManager.m */ = {isa = PBXFileReference; fileEncoding = 4; lastKnownFileType = sourcecode.c.objc; path = FJSFileManager.m; sourceTree = "<group>"; };
		C4D71B2E104C9F77002F4E70 /* CFNetwork.framework */ = {isa = PBXFileReference; lastKnownFileType = wrapper.framework; name = CFNetwork.framework; path = System/Library/Frameworks/CFNetwork.framework; sourceTree = SDKROOT; };
		C4D71F1D104E3CFB002F4E70 /* NSArray+TableView.h */ = {isa = PBXFileReference; fileEncoding = 4; lastKnownFileType = sourcecode.c.h; path = "NSArray+TableView.h"; sourceTree = "<group>"; };
		C4D71F1E104E3CFB002F4E70 /* NSArray+TableView.m */ = {isa = PBXFileReference; fileEncoding = 4; lastKnownFileType = sourcecode.c.objc; path = "NSArray+TableView.m"; sourceTree = "<group>"; };
		C4EFEC9D10E1D13C005180AC /* FJSDatePickerController.h */ = {isa = PBXFileReference; fileEncoding = 4; lastKnownFileType = sourcecode.c.h; path = FJSDatePickerController.h; sourceTree = "<group>"; };
		C4EFEC9E10E1D13C005180AC /* FJSDatePickerController.m */ = {isa = PBXFileReference; fileEncoding = 4; lastKnownFileType = sourcecode.c.objc; path = FJSDatePickerController.m; sourceTree = "<group>"; };
		C4F64E5211BC3DCC000A4993 /* Reachability.h */ = {isa = PBXFileReference; fileEncoding = 4; lastKnownFileType = sourcecode.c.h; path = Reachability.h; sourceTree = "<group>"; };
		C4F64E5311BC3DCC000A4993 /* Reachability.m */ = {isa = PBXFileReference; fileEncoding = 4; lastKnownFileType = sourcecode.c.objc; path = Reachability.m; sourceTree = "<group>"; };
		C4FD3EB50FD242EA0084CFE3 /* CoreLocation.framework */ = {isa = PBXFileReference; lastKnownFileType = wrapper.framework; name = CoreLocation.framework; path = System/Library/Frameworks/CoreLocation.framework; sourceTree = SDKROOT; };
/* End PBXFileReference section */

/* Begin PBXGroup section */
		19C28FACFE9D520D11CA2CBB /* Products */ = {
			isa = PBXGroup;
			children = (
			);
			name = Products;
			sourceTree = "<group>";
		};
		29B97314FDCFA39411CA2CEA /* CustomTemplate */ = {
			isa = PBXGroup;
			children = (
				C461FE8E0FC5C07B0036595E /* Library */,
				29B97315FDCFA39411CA2CEA /* Other Sources */,
				29B97317FDCFA39411CA2CEA /* Resources */,
				29B97323FDCFA39411CA2CEA /* Frameworks */,
				19C28FACFE9D520D11CA2CBB /* Products */,
			);
			name = CustomTemplate;
			sourceTree = "<group>";
		};
		29B97315FDCFA39411CA2CEA /* Other Sources */ = {
			isa = PBXGroup;
			children = (
				32CA4F630368D1EE00C91783 /* FJSCode_Prefix.pch */,
				29B97316FDCFA39411CA2CEA /* main.m */,
			);
			name = "Other Sources";
			sourceTree = "<group>";
		};
		29B97317FDCFA39411CA2CEA /* Resources */ = {
			isa = PBXGroup;
			children = (
				28AD733E0D9D9553002E5188 /* MainWindow.xib */,
				8D1107310486CEB800E47090 /* FJSCode-Info.plist */,
			);
			name = Resources;
			sourceTree = "<group>";
		};
		29B97323FDCFA39411CA2CEA /* Frameworks */ = {
			isa = PBXGroup;
			children = (
				C4A1A783106C0A4B00AC2F9D /* CoreData.framework */,
				C4A1A785106C0A5F00AC2F9D /* UIKit.framework */,
				C4A1A6F7106C04A500AC2F9D /* AudioToolbox.framework */,
				C4D71B2E104C9F77002F4E70 /* CFNetwork.framework */,
				C489B6A01032782B00514567 /* CoreData.framework */,
				C4FD3EB50FD242EA0084CFE3 /* CoreLocation.framework */,
				C461FEAA0FC5C1200036595E /* QuartzCore.framework */,
				1DF5F4DF0D08C38300B7A737 /* UIKit.framework */,
				1D30AB110D05D00D00671497 /* Foundation.framework */,
				288765FC0DF74451002DB57D /* CoreGraphics.framework */,
			);
			name = Frameworks;
			sourceTree = "<group>";
		};
		C403FC77100F865300DCA31A /* Audio */ = {
			isa = PBXGroup;
			children = (
				C403FC7E100F86A900DCA31A /* SoundEffect.h */,
				C403FC7F100F86A900DCA31A /* SoundEffect.m */,
				C403FC78100F866A00DCA31A /* SCListener.h */,
				C403FC79100F866A00DCA31A /* SCListener.m */,
				C403FCE8100FA10A00DCA31A /* ListenerController.h */,
				C403FCE9100FA10A00DCA31A /* ListenerController.m */,
			);
			name = Audio;
			sourceTree = "<group>";
		};
		C4049DB50FDDB3B2001693C1 /* Network */ = {
			isa = PBXGroup;
			children = (
				C4F64E5211BC3DCC000A4993 /* Reachability.h */,
				C4F64E5311BC3DCC000A4993 /* Reachability.m */,
			);
			name = Network;
			sourceTree = "<group>";
		};
		C40B1D9711D51ABC00ADE99B /* FacebookAgent */ = {
			isa = PBXGroup;
			children = (
				C40B1D9811D51ABC00ADE99B /* Connect_iphone.png */,
				C40B1D9911D51ABC00ADE99B /* FacebookAgent.h */,
				C40B1D9A11D51ABC00ADE99B /* FacebookAgent.m */,
				C40B1D9B11D51ABC00ADE99B /* Logout_iphone.png */,
			);
			path = FacebookAgent;
			sourceTree = "<group>";
		};
		C41CD521113096470085A3BF /* Twitter */ = {
			isa = PBXGroup;
			children = (
				C468A6B7105B005300302D93 /* IFTweetLabel.h */,
				C468A6B6105B005300302D93 /* IFTweetLabel.m */,
				C41CD42B11308CCB0085A3BF /* FJSTweetViewController.h */,
				C41CD42C11308CCB0085A3BF /* FJSTweetViewController.m */,
				C41CD42D11308CCB0085A3BF /* FJSTweetViewController.xib */,
				C41CD43111308D580085A3BF /* twittername.png */,
				C41CD43011308D290085A3BF /* charCount.png */,
				C41CD43211308D730085A3BF /* tweetbubble.png */,
			);
			name = Twitter;
			sourceTree = "<group>";
		};
		C43FAB610FCC422000EB4F92 /* ToolBar */ = {
			isa = PBXGroup;
			children = (
				C43FAB660FCC424000EB4F92 /* IFActionToolbar.m */,
				C43FAB670FCC424000EB4F92 /* IFActionToolbar.h */,
			);
			name = ToolBar;
			sourceTree = "<group>";
		};
		C45F72D511D71B3E0040CF4E /* Twitter Controller */ = {
			isa = PBXGroup;
			children = (
				C45F72D211D71B3B0040CF4E /* TwitterEngineController.h */,
				C45F72D311D71B3B0040CF4E /* TwitterEngineController.m */,
			);
			name = "Twitter Controller";
			sourceTree = "<group>";
		};
		C461FE8E0FC5C07B0036595E /* Library */ = {
			isa = PBXGroup;
			children = (
				C461FEA00FC5C0980036595E /* FJSCode.h */,
				C461FE9F0FC5C0980036595E /* SynthesizeSingleton.h */,
				C410226611CBE6E000E651D3 /* SFHFKeychainUtils.h */,
				C410226711CBE6E000E651D3 /* SFHFKeychainUtils.m */,
				C468A5F4105AD7DA00302D93 /* NSLog */,
				C4F6D0090FCA533900F6AD69 /* Generic Categories */,
				C489B66C1032762E00514567 /* CoreData Categories */,
				C4CC16E510DE00D000DBE821 /* UIKit Categories */,
				C4A83640117A2409007D9A2A /* UIImage */,
				C403FC77100F865300DCA31A /* Audio */,
				C4049DB50FDDB3B2001693C1 /* Network */,
				C4D222AE100C091D00E88C0B /* Files */,
				C4A189720FCF5D9D00E70A29 /* CoreLocation */,
				C43FAB610FCC422000EB4F92 /* ToolBar */,
				C49D41AA102121A500FF8BCC /* Buttons */,
				C4AC0F2811B1AFD400FEE0ED /* MAKVONotificationCenter */,
				C4CC17C510DE10AA00DBE821 /* Solicit Review */,
				C4F6D0080FCA532200F6AD69 /* Progress View */,
				C41CD521113096470085A3BF /* Twitter */,
				C40B1D9711D51ABC00ADE99B /* FacebookAgent */,
				C45F72D511D71B3E0040CF4E /* Twitter Controller */,
				C470937811C977640082307C /* Date Picker */,
				C486535F10BCA73A0064A126 /* UIDevice Categories */,
				C4CC168A10DDEA5C00DBE821 /* Browser */,
			);
			name = Library;
			sourceTree = "<group>";
		};
		C468A5F4105AD7DA00302D93 /* NSLog */ = {
			isa = PBXGroup;
			children = (
				C470933611C972720082307C /* MacroUtilities.h */,
			);
			name = NSLog;
			sourceTree = "<group>";
		};
		C470937811C977640082307C /* Date Picker */ = {
			isa = PBXGroup;
			children = (
				C4EFEC9D10E1D13C005180AC /* FJSDatePickerController.h */,
				C4EFEC9E10E1D13C005180AC /* FJSDatePickerController.m */,
			);
			name = "Date Picker";
			sourceTree = "<group>";
		};
		C486535F10BCA73A0064A126 /* UIDevice Categories */ = {
			isa = PBXGroup;
			children = (
				C486534C10BCA7360064A126 /* UIDevice-Hardware.h */,
				C486534D10BCA7360064A126 /* UIDevice-Hardware.m */,
				C486534E10BCA7360064A126 /* UIDevice-IOKitExtensions.h */,
				C486534F10BCA7360064A126 /* UIDevice-IOKitExtensions.m */,
				C486535010BCA7360064A126 /* UIDevice-Reachability.h */,
				C486535110BCA7360064A126 /* UIDevice-Reachability.m */,
			);
			name = "UIDevice Categories";
			sourceTree = "<group>";
		};
		C489B66C1032762E00514567 /* CoreData Categories */ = {
			isa = PBXGroup;
			children = (
				C470935611C974D30082307C /* NSManagedObjectContext+CoreDataStack.h */,
				C470935711C974D30082307C /* NSManagedObjectContext+CoreDataStack.m */,
				C470935811C974D30082307C /* NSManagedObjectContext+Convenience.h */,
				C470935911C974D30082307C /* NSManagedObjectContext+Convenience.m */,
				C4A4596910339C30002CBE45 /* NSManagedObject+Extensions.h */,
				C489B6B310327C2A00514567 /* NSManagedObject+Extensions.m */,
			);
			name = "CoreData Categories";
			sourceTree = "<group>";
		};
		C49D41AA102121A500FF8BCC /* Buttons */ = {
			isa = PBXGroup;
			children = (
				C41AFD31101E0F910095F37D /* VisualFeedbackHiddenButton.h */,
				C41AFD32101E0F910095F37D /* VisualFeedbackHiddenButton.m */,
				C49D439B10220C8B00FF8BCC /* UIButton+Glossy.h */,
				C49D439D10220C9200FF8BCC /* UIButton+Glossy.m */,
				C49D434B1021454500FF8BCC /* AQGlassButton.h */,
				C49D434C1021454500FF8BCC /* AQGlassButton.m */,
			);
			name = Buttons;
			sourceTree = "<group>";
		};
		C4A189720FCF5D9D00E70A29 /* CoreLocation */ = {
			isa = PBXGroup;
			children = (
				C4A189730FCF5DB200E70A29 /* MyCLController.h */,
				C4A189740FCF5DB200E70A29 /* MyCLController.m */,
			);
			name = CoreLocation;
			sourceTree = "<group>";
		};
		C4A8363E117A23E9007D9A2A /* Crazier Categories */ = {
			isa = PBXGroup;
			children = (
				C468A598105AA6D500302D93 /* NSObject+AssociatedObjects.h */,
				C468A599105AA6D500302D93 /* NSObject+AssociatedObjects.m */,
				C40A51650FFF27CD001D4CDE /* KBCollectionExtensions.h */,
				C40A51640FFF27CD001D4CDE /* KBCollectionExtensions.m */,
				C461FE910FC5C0980036595E /* NSDate+Helper.h */,
				C461FE920FC5C0980036595E /* NSDate+Helper.m */,
				C4C6522D1142264500EAA479 /* NSSet+blocks.h */,
				C4C6522E1142266900EAA479 /* NSSet+blocks.m */,
				C4C6522F1142268500EAA479 /* NSArray+blocks.m */,
				C4C652301142268500EAA479 /* NSArray+blocks.h */,
				C4CC175410DE068A00DBE821 /* ExceptionHelper.h */,
				C4CC175510DE068A00DBE821 /* ExceptionHelper.m */,
			);
			name = "Crazier Categories";
			sourceTree = "<group>";
		};
		C4A83640117A2409007D9A2A /* UIImage */ = {
			isa = PBXGroup;
			children = (
				C4CC16D310DDFF6700DBE821 /* UIImageHelper.h */,
				C4CC16D410DDFF6700DBE821 /* UIImageHelper.m */,
				C4C4DC9A11592AB3003906C9 /* UIImage+Caching.h */,
				C4C4DC9B11592AB3003906C9 /* UIImage+Caching.m */,
				C4C4DC9C11592AB3003906C9 /* UIImage+Disk.h */,
				C4C4DC9D11592AB3003906C9 /* UIImage+Disk.m */,
			);
			name = UIImage;
			sourceTree = "<group>";
		};
		C4AC0F2811B1AFD400FEE0ED /* MAKVONotificationCenter */ = {
			isa = PBXGroup;
			children = (
				C4AC0F2411B1AFAC00FEE0ED /* MAKVONotificationCenter.h */,
				C4AC0F2511B1AFAD00FEE0ED /* MAKVONotificationCenter.m */,
			);
			name = MAKVONotificationCenter;
			sourceTree = "<group>";
		};
		C4CC168A10DDEA5C00DBE821 /* Browser */ = {
			isa = PBXGroup;
			children = (
				C4CC16BF10DDFB7B00DBE821 /* BrowserViewController.h */,
				C4CC16C010DDFB7B00DBE821 /* BrowserViewController.m */,
			);
			name = Browser;
			sourceTree = "<group>";
		};
		C4CC16E510DE00D000DBE821 /* UIKit Categories */ = {
			isa = PBXGroup;
			children = (
				C4CC17B310DE0E6700DBE821 /* L0ExternalURLOpeningDetection.h */,
				C4CC17B410DE0E6700DBE821 /* L0ExternalURLOpeningDetection.m */,
				C470930411C96FB20082307C /* NSError+UIAlertView.h */,
				C470930511C96FB20082307C /* NSError+UIAlertView.m */,
				C4D71F1D104E3CFB002F4E70 /* NSArray+TableView.h */,
				C4D71F1E104E3CFB002F4E70 /* NSArray+TableView.m */,
				C470931511C971370082307C /* UIView-Extensions.h */,
				C470931611C971370082307C /* UIView-Extensions.m */,
				C470931911C9715A0082307C /* UIAlertViewHelper.h */,
				C470931A11C9715A0082307C /* UIAlertViewHelper.m */,
				C42E952E10D6CEE900754443 /* UIColor+extensions.h */,
				C42E952F10D6CEE900754443 /* UIColor+extensions.m */,
				C4CC17F310DE180700DBE821 /* BlueBadge.h */,
				C4CC17F410DE180700DBE821 /* BlueBadge.m */,
				C42E952810D6CEB600754443 /* UIBarButtonItem+extensions.h */,
				C42E952910D6CEB600754443 /* UIBarButtonItem+extensions.m */,
			);
			name = "UIKit Categories";
			sourceTree = "<group>";
		};
		C4CC17C510DE10AA00DBE821 /* Solicit Review */ = {
			isa = PBXGroup;
			children = (
				C4CC17BD10DE104900DBE821 /* L0SolicitReviewController.h */,
				C4CC17BE10DE104900DBE821 /* L0SolicitReviewController.m */,
				C4CC17D310DE10E300DBE821 /* UIAlertView+L0Alert.h */,
				C4CC17D410DE10E300DBE821 /* UIAlertView+L0Alert.m */,
			);
			name = "Solicit Review";
			sourceTree = "<group>";
		};
		C4D222AE100C091D00E88C0B /* Files */ = {
			isa = PBXGroup;
			children = (
				C4D222AA100C07B200E88C0B /* FJSFileManager.h */,
				C4D222AB100C07B200E88C0B /* FJSFileManager.m */,
			);
			name = Files;
			sourceTree = "<group>";
		};
		C4F6D0080FCA532200F6AD69 /* Progress View */ = {
			isa = PBXGroup;
			children = (
				C4A8369A117A267F007D9A2A /* MBProgressHUD.h */,
				C4A8369B117A267F007D9A2A /* MBProgressHUD.m */,
			);
			name = "Progress View";
			sourceTree = "<group>";
		};
		C4F6D0090FCA533900F6AD69 /* Generic Categories */ = {
			isa = PBXGroup;
			children = (
				C4A83633117A2369007D9A2A /* NSObject+Proxy.h */,
				C4A83634117A2369007D9A2A /* NSObject+Proxy.m */,
				C4CC171C10DE020F00DBE821 /* NSObjectHelper.h */,
				C4CC171D10DE020F00DBE821 /* NSObjectHelper.m */,
				C470953211C97D100082307C /* NSString+extensions.h */,
				C470953311C97D100082307C /* NSString+extensions.m */,
				C4CC170710DE018300DBE821 /* NSDictionaryHelper.h */,
				C4CC170810DE018300DBE821 /* NSDictionaryHelper.m */,
				C4CC16FE10DE011D00DBE821 /* NSArrayHelper.h */,
				C4CC16FF10DE011D00DBE821 /* NSArrayHelper.m */,
				C4CC17DB10DE145A00DBE821 /* NSMutableArray+Extensions.h */,
				C4CC17DC10DE145A00DBE821 /* NSMutableArray+Extensions.m */,
				C422B99710FAA0A900925B8E /* NSURL+Extensions.h */,
				C422B99810FAA0A900925B8E /* NSURL+Extensions.m */,
				C4A8364B117A256A007D9A2A /* NSOperationQueue+Shared.h */,
				C4A8364C117A256A007D9A2A /* NSOperationQueue+Shared.m */,
				C4A8363E117A23E9007D9A2A /* Crazier Categories */,
			);
			name = "Generic Categories";
			sourceTree = "<group>";
		};
/* End PBXGroup section */

/* Begin PBXProject section */
		29B97313FDCFA39411CA2CEA /* Project object */ = {
			isa = PBXProject;
			buildConfigurationList = C01FCF4E08A954540054247B /* Build configuration list for PBXProject "FJSCode" */;
			compatibilityVersion = "Xcode 3.1";
			hasScannedForEncodings = 1;
			mainGroup = 29B97314FDCFA39411CA2CEA /* CustomTemplate */;
			projectDirPath = "";
			projectRoot = "";
			targets = (
			);
		};
/* End PBXProject section */

/* Begin XCBuildConfiguration section */
		C01FCF4F08A954540054247B /* Debug */ = {
			isa = XCBuildConfiguration;
			buildSettings = {
				ARCHS = "$(ARCHS_STANDARD_32_BIT)";
				"CODE_SIGN_IDENTITY[sdk=iphoneos*]" = "iPhone Developer";
				GCC_C_LANGUAGE_STANDARD = c99;
				GCC_WARN_ABOUT_RETURN_TYPE = YES;
				GCC_WARN_UNUSED_VARIABLE = YES;
				ONLY_ACTIVE_ARCH = YES;
				OTHER_LDFLAGS = "-ObjC";
				PREBINDING = NO;
				SDKROOT = iphoneos3.0;
			};
			name = Debug;
		};
		C01FCF5008A954540054247B /* Release */ = {
			isa = XCBuildConfiguration;
			buildSettings = {
				ARCHS = "$(ARCHS_STANDARD_32_BIT)";
				"CODE_SIGN_IDENTITY[sdk=iphoneos*]" = "iPhone Developer";
				GCC_C_LANGUAGE_STANDARD = c99;
				GCC_WARN_ABOUT_RETURN_TYPE = YES;
				GCC_WARN_UNUSED_VARIABLE = YES;
				ONLY_ACTIVE_ARCH = YES;
				OTHER_LDFLAGS = "-ObjC";
				PREBINDING = NO;
				SDKROOT = iphoneos3.0;
			};
			name = Release;
		};
		C43FAE200FCCA96B00EB4F92 /* Distribution Beta */ = {
			isa = XCBuildConfiguration;
			buildSettings = {
				ARCHS = "$(ARCHS_STANDARD_32_BIT)";
				"CODE_SIGN_IDENTITY[sdk=iphoneos*]" = "iPhone Developer";
				GCC_C_LANGUAGE_STANDARD = c99;
				GCC_WARN_ABOUT_RETURN_TYPE = YES;
				GCC_WARN_UNUSED_VARIABLE = YES;
				ONLY_ACTIVE_ARCH = YES;
				OTHER_LDFLAGS = "-ObjC";
				PREBINDING = NO;
				SDKROOT = iphoneos3.0;
			};
			name = "Distribution Beta";
		};
		C43FAEC50FCCACF100EB4F92 /* Release from debug */ = {
			isa = XCBuildConfiguration;
			buildSettings = {
				ARCHS = "$(ARCHS_STANDARD_32_BIT)";
				"CODE_SIGN_IDENTITY[sdk=iphoneos*]" = "iPhone Developer";
				GCC_C_LANGUAGE_STANDARD = c99;
				GCC_WARN_ABOUT_RETURN_TYPE = YES;
				GCC_WARN_UNUSED_VARIABLE = YES;
				ONLY_ACTIVE_ARCH = YES;
				OTHER_LDFLAGS = "-ObjC";
				PREBINDING = NO;
				SDKROOT = iphoneos3.0;
			};
			name = "Release from debug";
		};
/* End XCBuildConfiguration section */

/* Begin XCConfigurationList section */
		C01FCF4E08A954540054247B /* Build configuration list for PBXProject "FJSCode" */ = {
			isa = XCConfigurationList;
			buildConfigurations = (
				C01FCF4F08A954540054247B /* Debug */,
				C43FAEC50FCCACF100EB4F92 /* Release from debug */,
				C01FCF5008A954540054247B /* Release */,
				C43FAE200FCCA96B00EB4F92 /* Distribution Beta */,
			);
			defaultConfigurationIsVisible = 0;
			defaultConfigurationName = Debug;
		};
/* End XCConfigurationList section */
	};
	rootObject = 29B97313FDCFA39411CA2CEA /* Project object */;
}
