// !$*UTF8*$!
{
	archiveVersion = 1;
	classes = {
	};
	objectVersion = 45;
	objects = {

/* Begin PBXBuildFile section */
		C4049DB80FDDB3C3001693C1 /* FJSImageDownloader.h in Headers */ = {isa = PBXBuildFile; fileRef = C4049DB60FDDB3C3001693C1 /* FJSImageDownloader.h */; };
		C4049DB90FDDB3C3001693C1 /* FJSImageDownloader.m in Sources */ = {isa = PBXBuildFile; fileRef = C4049DB70FDDB3C3001693C1 /* FJSImageDownloader.m */; };
		C41910670FDF546600D23A82 /* FJSMultiSelectTableViewCell.h in Headers */ = {isa = PBXBuildFile; fileRef = C41910650FDF546600D23A82 /* FJSMultiSelectTableViewCell.h */; };
		C41910680FDF546600D23A82 /* FJSMultiSelectTableViewCell.m in Sources */ = {isa = PBXBuildFile; fileRef = C41910660FDF546600D23A82 /* FJSMultiSelectTableViewCell.m */; };
		C41910720FDF54FB00D23A82 /* FJSMultiSelectTableViewController.h in Headers */ = {isa = PBXBuildFile; fileRef = C419106E0FDF54FB00D23A82 /* FJSMultiSelectTableViewController.h */; };
		C41910730FDF54FB00D23A82 /* FJSMultiSelectTableViewController.m in Sources */ = {isa = PBXBuildFile; fileRef = C419106F0FDF54FB00D23A82 /* FJSMultiSelectTableViewController.m */; };
		C41910740FDF54FB00D23A82 /* FJSMultiSelectTableViewCellController.h in Headers */ = {isa = PBXBuildFile; fileRef = C41910700FDF54FB00D23A82 /* FJSMultiSelectTableViewCellController.h */; };
		C41910750FDF54FB00D23A82 /* FJSMultiSelectTableViewCellController.m in Sources */ = {isa = PBXBuildFile; fileRef = C41910710FDF54FB00D23A82 /* FJSMultiSelectTableViewCellController.m */; };
		C41910840FDF554E00D23A82 /* FJSTableViewController.h in Headers */ = {isa = PBXBuildFile; fileRef = C41910800FDF554E00D23A82 /* FJSTableViewController.h */; };
		C41910850FDF554E00D23A82 /* FJSTableViewController.m in Sources */ = {isa = PBXBuildFile; fileRef = C41910810FDF554E00D23A82 /* FJSTableViewController.m */; };
		C41910860FDF554E00D23A82 /* FJSTableViewCellController.h in Headers */ = {isa = PBXBuildFile; fileRef = C41910820FDF554E00D23A82 /* FJSTableViewCellController.h */; };
		C41910870FDF554E00D23A82 /* FJSTableViewCellController.m in Sources */ = {isa = PBXBuildFile; fileRef = C41910830FDF554E00D23A82 /* FJSTableViewCellController.m */; };
		C41910940FDF55C400D23A82 /* MultiRowDeleteTableViewController.h in Headers */ = {isa = PBXBuildFile; fileRef = C419108C0FDF55C400D23A82 /* MultiRowDeleteTableViewController.h */; };
		C41910950FDF55C400D23A82 /* MultiRowDeleteTableViewController.m in Sources */ = {isa = PBXBuildFile; fileRef = C419108D0FDF55C400D23A82 /* MultiRowDeleteTableViewController.m */; };
		C41910960FDF55C400D23A82 /* AbstractGenericViewController.h in Headers */ = {isa = PBXBuildFile; fileRef = C419108E0FDF55C400D23A82 /* AbstractGenericViewController.h */; };
		C41910970FDF55C400D23A82 /* AbstractGenericViewController.m in Sources */ = {isa = PBXBuildFile; fileRef = C419108F0FDF55C400D23A82 /* AbstractGenericViewController.m */; };
		C41910980FDF55C400D23A82 /* SelectionListViewController.h in Headers */ = {isa = PBXBuildFile; fileRef = C41910900FDF55C400D23A82 /* SelectionListViewController.h */; };
		C41910990FDF55C400D23A82 /* SelectionListViewController.m in Sources */ = {isa = PBXBuildFile; fileRef = C41910910FDF55C400D23A82 /* SelectionListViewController.m */; };
		C419109A0FDF55C400D23A82 /* TextFieldEditingViewController.h in Headers */ = {isa = PBXBuildFile; fileRef = C41910920FDF55C400D23A82 /* TextFieldEditingViewController.h */; };
		C419109B0FDF55C400D23A82 /* TextFieldEditingViewController.m in Sources */ = {isa = PBXBuildFile; fileRef = C41910930FDF55C400D23A82 /* TextFieldEditingViewController.m */; };
		C43FAB680FCC424000EB4F92 /* IFActionToolbar.m in Sources */ = {isa = PBXBuildFile; fileRef = C43FAB660FCC424000EB4F92 /* IFActionToolbar.m */; };
		C43FAB690FCC424000EB4F92 /* IFActionToolbar.h in Headers */ = {isa = PBXBuildFile; fileRef = C43FAB670FCC424000EB4F92 /* IFActionToolbar.h */; };
		C43FAC0D0FCC604800EB4F92 /* FJSGenericTableViewController.h in Headers */ = {isa = PBXBuildFile; fileRef = C43FAC0B0FCC604800EB4F92 /* FJSGenericTableViewController.h */; };
		C43FAC0E0FCC604800EB4F92 /* FJSGenericTableViewController.m in Sources */ = {isa = PBXBuildFile; fileRef = C43FAC0C0FCC604800EB4F92 /* FJSGenericTableViewController.m */; };
		C43FAC100FCC62DE00EB4F92 /* FJSCellController.h in Headers */ = {isa = PBXBuildFile; fileRef = C43FAC0F0FCC62DE00EB4F92 /* FJSCellController.h */; };
		C43FAC120FCC63B200EB4F92 /* FJSCellDataSource.h in Headers */ = {isa = PBXBuildFile; fileRef = C43FAC110FCC63B200EB4F92 /* FJSCellDataSource.h */; };
		C43FACA50FCC713B00EB4F92 /* OverlayViewController.h in Headers */ = {isa = PBXBuildFile; fileRef = C464CF6E0FC5FDFC00758E05 /* OverlayViewController.h */; };
		C43FACA60FCC714600EB4F92 /* OverlayViewController.m in Sources */ = {isa = PBXBuildFile; fileRef = C464CF6F0FC5FDFC00758E05 /* OverlayViewController.m */; };
		C461FEBF0FC5C19E0036595E /* FJSCode.h in Headers */ = {isa = PBXBuildFile; fileRef = C461FEA00FC5C0980036595E /* FJSCode.h */; };
		C461FEC20FC5C1A20036595E /* LoadingView.h in Headers */ = {isa = PBXBuildFile; fileRef = C461FE950FC5C0980036595E /* LoadingView.h */; };
		C461FEC30FC5C1A30036595E /* LoadingView.m in Sources */ = {isa = PBXBuildFile; fileRef = C461FE960FC5C0980036595E /* LoadingView.m */; };
		C461FEC40FC5C1A40036595E /* NSDate+Helper.h in Headers */ = {isa = PBXBuildFile; fileRef = C461FE910FC5C0980036595E /* NSDate+Helper.h */; };
		C461FEC50FC5C1A50036595E /* NSDate+Helper.m in Sources */ = {isa = PBXBuildFile; fileRef = C461FE920FC5C0980036595E /* NSDate+Helper.m */; };
		C461FEC60FC5C1A50036595E /* NSString+extensions.h in Headers */ = {isa = PBXBuildFile; fileRef = C461FE9B0FC5C0980036595E /* NSString+extensions.h */; };
		C461FEC70FC5C1A60036595E /* NSString+extensions.m in Sources */ = {isa = PBXBuildFile; fileRef = C461FE9C0FC5C0980036595E /* NSString+extensions.m */; };
		C461FEC80FC5C1A70036595E /* SynthesizeSingleton.h in Headers */ = {isa = PBXBuildFile; fileRef = C461FE9F0FC5C0980036595E /* SynthesizeSingleton.h */; };
		C461FEC90FC5C1A70036595E /* UIColor+extensions.h in Headers */ = {isa = PBXBuildFile; fileRef = C461FE990FC5C0980036595E /* UIColor+extensions.h */; };
		C461FECA0FC5C1A80036595E /* UIColor+extensions.m in Sources */ = {isa = PBXBuildFile; fileRef = C461FE9A0FC5C0980036595E /* UIColor+extensions.m */; };
		C461FECB0FC5C1A90036595E /* UIView-Extensions.h in Headers */ = {isa = PBXBuildFile; fileRef = C461FE9D0FC5C0980036595E /* UIView-Extensions.h */; };
		C461FECC0FC5C1A90036595E /* UIView-Extensions.m in Sources */ = {isa = PBXBuildFile; fileRef = C461FE9E0FC5C0980036595E /* UIView-Extensions.m */; };
		C46297240FE1865C00C84434 /* UIImage+extensions.h in Headers */ = {isa = PBXBuildFile; fileRef = C46297220FE1865C00C84434 /* UIImage+extensions.h */; };
		C46297250FE1865C00C84434 /* UIImage+extensions.m in Sources */ = {isa = PBXBuildFile; fileRef = C46297230FE1865C00C84434 /* UIImage+extensions.m */; };
		C488B2440FD98431004A72A8 /* DummyClass.h in Headers */ = {isa = PBXBuildFile; fileRef = C488B2420FD98431004A72A8 /* DummyClass.h */; };
		C488B2450FD98431004A72A8 /* DummyClass.m in Sources */ = {isa = PBXBuildFile; fileRef = C488B2430FD98431004A72A8 /* DummyClass.m */; };
		C488B2C10FD9926F004A72A8 /* FJSCellDataSource.m in Sources */ = {isa = PBXBuildFile; fileRef = C488B2C00FD9926F004A72A8 /* FJSCellDataSource.m */; };
		C488B3830FD9A133004A72A8 /* FJSGenericTableViewDataSource.h in Headers */ = {isa = PBXBuildFile; fileRef = C488B3810FD9A133004A72A8 /* FJSGenericTableViewDataSource.h */; };
		C488B3840FD9A133004A72A8 /* FJSGenericTableViewDataSource.m in Sources */ = {isa = PBXBuildFile; fileRef = C488B3820FD9A133004A72A8 /* FJSGenericTableViewDataSource.m */; };
		C4A189750FCF5DB200E70A29 /* MyCLController.h in Headers */ = {isa = PBXBuildFile; fileRef = C4A189730FCF5DB200E70A29 /* MyCLController.h */; };
		C4A189760FCF5DB200E70A29 /* MyCLController.m in Sources */ = {isa = PBXBuildFile; fileRef = C4A189740FCF5DB200E70A29 /* MyCLController.m */; };
		C4A3A1AC100A8BCC007FCD3F /* TouchProcessor.h in Headers */ = {isa = PBXBuildFile; fileRef = C4A3A1AA100A8BCC007FCD3F /* TouchProcessor.h */; };
		C4A3A1AD100A8BCC007FCD3F /* TouchProcessor.m in Sources */ = {isa = PBXBuildFile; fileRef = C4A3A1AB100A8BCC007FCD3F /* TouchProcessor.m */; };
		C4AC6C2A0FFC209100D37504 /* FJSScrollViewController.h in Headers */ = {isa = PBXBuildFile; fileRef = C4F6CE700FC8D0F000F6AD69 /* FJSScrollViewController.h */; };
		C4AC6C2D0FFC20AA00D37504 /* FJSScrollViewController.m in Sources */ = {isa = PBXBuildFile; fileRef = C4F6CE710FC8D0F000F6AD69 /* FJSScrollViewController.m */; };
		C4E59B520FDF1065000785F0 /* FJSJSONDownloader.h in Headers */ = {isa = PBXBuildFile; fileRef = C4E59B500FDF1065000785F0 /* FJSJSONDownloader.h */; };
		C4E59B530FDF1065000785F0 /* FJSJSONDownloader.m in Sources */ = {isa = PBXBuildFile; fileRef = C4E59B510FDF1065000785F0 /* FJSJSONDownloader.m */; };
		C4E59C170FDF15BE000785F0 /* SBJsonBase.h in Headers */ = {isa = PBXBuildFile; fileRef = C4E59C0B0FDF15BE000785F0 /* SBJsonBase.h */; };
		C4E59C180FDF15BE000785F0 /* SBJsonBase.m in Sources */ = {isa = PBXBuildFile; fileRef = C4E59C0C0FDF15BE000785F0 /* SBJsonBase.m */; };
		C4E59C190FDF15BE000785F0 /* SBJsonParser.h in Headers */ = {isa = PBXBuildFile; fileRef = C4E59C0D0FDF15BE000785F0 /* SBJsonParser.h */; };
		C4E59C1A0FDF15BE000785F0 /* SBJsonParser.m in Sources */ = {isa = PBXBuildFile; fileRef = C4E59C0E0FDF15BE000785F0 /* SBJsonParser.m */; };
		C4E59C1B0FDF15BE000785F0 /* SBJsonWriter.h in Headers */ = {isa = PBXBuildFile; fileRef = C4E59C0F0FDF15BE000785F0 /* SBJsonWriter.h */; };
		C4E59C1C0FDF15BE000785F0 /* SBJsonWriter.m in Sources */ = {isa = PBXBuildFile; fileRef = C4E59C100FDF15BE000785F0 /* SBJsonWriter.m */; };
		C4E59C1D0FDF15BE000785F0 /* SBJSON.m in Sources */ = {isa = PBXBuildFile; fileRef = C4E59C110FDF15BE000785F0 /* SBJSON.m */; };
		C4E59C1E0FDF15BE000785F0 /* SBJSON.h in Headers */ = {isa = PBXBuildFile; fileRef = C4E59C120FDF15BE000785F0 /* SBJSON.h */; };
		C4E59C1F0FDF15BE000785F0 /* NSString+SBJSON.m in Sources */ = {isa = PBXBuildFile; fileRef = C4E59C130FDF15BE000785F0 /* NSString+SBJSON.m */; };
		C4E59C200FDF15BE000785F0 /* NSString+SBJSON.h in Headers */ = {isa = PBXBuildFile; fileRef = C4E59C140FDF15BE000785F0 /* NSString+SBJSON.h */; };
		C4E59C210FDF15BE000785F0 /* NSObject+SBJSON.m in Sources */ = {isa = PBXBuildFile; fileRef = C4E59C150FDF15BE000785F0 /* NSObject+SBJSON.m */; };
		C4E59C220FDF15BE000785F0 /* NSObject+SBJSON.h in Headers */ = {isa = PBXBuildFile; fileRef = C4E59C160FDF15BE000785F0 /* NSObject+SBJSON.h */; };
		C4E59C280FDF1612000785F0 /* FJSDownloader.h in Headers */ = {isa = PBXBuildFile; fileRef = C4E59C260FDF1612000785F0 /* FJSDownloader.h */; };
		C4E59C290FDF1612000785F0 /* FJSDownloader.m in Sources */ = {isa = PBXBuildFile; fileRef = C4E59C270FDF1612000785F0 /* FJSDownloader.m */; };
		C4F6CFEA0FCA3FA100F6AD69 /* FJSSelectableScrollView.h in Headers */ = {isa = PBXBuildFile; fileRef = C4F6CE720FC8D0F000F6AD69 /* FJSSelectableScrollView.h */; };
		C4F6CFEB0FCA3FA100F6AD69 /* FJSViewController.h in Headers */ = {isa = PBXBuildFile; fileRef = C4F6CE6B0FC8D0F000F6AD69 /* FJSViewController.h */; };
		C4F6CFEC0FCA3FA100F6AD69 /* FJSImageViewController.h in Headers */ = {isa = PBXBuildFile; fileRef = C4F6CE6D0FC8D0F000F6AD69 /* FJSImageViewController.h */; };
		C4F6CFF30FCA3FD500F6AD69 /* FJSSelectableScrollView.m in Sources */ = {isa = PBXBuildFile; fileRef = C4F6CE730FC8D0F000F6AD69 /* FJSSelectableScrollView.m */; };
		C4F6CFF40FCA3FD500F6AD69 /* FJSViewController.m in Sources */ = {isa = PBXBuildFile; fileRef = C4F6CE6C0FC8D0F000F6AD69 /* FJSViewController.m */; };
		C4F6CFF50FCA3FD500F6AD69 /* FJSImageViewController.m in Sources */ = {isa = PBXBuildFile; fileRef = C4F6CE6E0FC8D0F000F6AD69 /* FJSImageViewController.m */; };
		C4FD3EB60FD242EB0084CFE3 /* CoreLocation.framework in Frameworks */ = {isa = PBXBuildFile; fileRef = C4FD3EB50FD242EA0084CFE3 /* CoreLocation.framework */; };
		C4FEBDBE10084B36006978F7 /* MacroUtilities.h in Headers */ = {isa = PBXBuildFile; fileRef = C4FEBDBD10084B36006978F7 /* MacroUtilities.h */; };
/* End PBXBuildFile section */

/* Begin PBXFileReference section */
		1D30AB110D05D00D00671497 /* Foundation.framework */ = {isa = PBXFileReference; lastKnownFileType = wrapper.framework; name = Foundation.framework; path = System/Library/Frameworks/Foundation.framework; sourceTree = SDKROOT; };
		1D3623240D0F684500981E51 /* FJSCodeAppDelegate.h */ = {isa = PBXFileReference; fileEncoding = 4; lastKnownFileType = sourcecode.c.h; name = FJSCodeAppDelegate.h; path = Classes/FJSCodeAppDelegate.h; sourceTree = "<group>"; };
		1D3623250D0F684500981E51 /* FJSCodeAppDelegate.m */ = {isa = PBXFileReference; fileEncoding = 4; lastKnownFileType = sourcecode.c.objc; name = FJSCodeAppDelegate.m; path = Classes/FJSCodeAppDelegate.m; sourceTree = "<group>"; };
		1DF5F4DF0D08C38300B7A737 /* UIKit.framework */ = {isa = PBXFileReference; lastKnownFileType = wrapper.framework; name = UIKit.framework; path = System/Library/Frameworks/UIKit.framework; sourceTree = SDKROOT; };
		288765FC0DF74451002DB57D /* CoreGraphics.framework */ = {isa = PBXFileReference; lastKnownFileType = wrapper.framework; name = CoreGraphics.framework; path = System/Library/Frameworks/CoreGraphics.framework; sourceTree = SDKROOT; };
		28AD733E0D9D9553002E5188 /* MainWindow.xib */ = {isa = PBXFileReference; lastKnownFileType = file.xib; path = MainWindow.xib; sourceTree = "<group>"; };
		29B97316FDCFA39411CA2CEA /* main.m */ = {isa = PBXFileReference; fileEncoding = 4; lastKnownFileType = sourcecode.c.objc; path = main.m; sourceTree = "<group>"; };
		32CA4F630368D1EE00C91783 /* FJSCode_Prefix.pch */ = {isa = PBXFileReference; fileEncoding = 4; lastKnownFileType = sourcecode.c.h; path = FJSCode_Prefix.pch; sourceTree = "<group>"; };
		8D1107310486CEB800E47090 /* FJSCode-Info.plist */ = {isa = PBXFileReference; fileEncoding = 4; lastKnownFileType = text.plist.xml; path = "FJSCode-Info.plist"; plistStructureDefinitionIdentifier = "com.apple.xcode.plist.structure-definition.iphone.info-plist"; sourceTree = "<group>"; };
		C4049DB60FDDB3C3001693C1 /* FJSImageDownloader.h */ = {isa = PBXFileReference; fileEncoding = 4; lastKnownFileType = sourcecode.c.h; path = FJSImageDownloader.h; sourceTree = "<group>"; };
		C4049DB70FDDB3C3001693C1 /* FJSImageDownloader.m */ = {isa = PBXFileReference; fileEncoding = 4; lastKnownFileType = sourcecode.c.objc; path = FJSImageDownloader.m; sourceTree = "<group>"; };
		C40A51640FFF27CD001D4CDE /* KBCollectionExtensions.m */ = {isa = PBXFileReference; fileEncoding = 4; lastKnownFileType = sourcecode.c.objc; path = KBCollectionExtensions.m; sourceTree = "<group>"; };
		C40A51650FFF27CD001D4CDE /* KBCollectionExtensions.h */ = {isa = PBXFileReference; fileEncoding = 4; lastKnownFileType = sourcecode.c.h; path = KBCollectionExtensions.h; sourceTree = "<group>"; };
		C41910650FDF546600D23A82 /* FJSMultiSelectTableViewCell.h */ = {isa = PBXFileReference; fileEncoding = 4; lastKnownFileType = sourcecode.c.h; path = FJSMultiSelectTableViewCell.h; sourceTree = "<group>"; };
		C41910660FDF546600D23A82 /* FJSMultiSelectTableViewCell.m */ = {isa = PBXFileReference; fileEncoding = 4; lastKnownFileType = sourcecode.c.objc; path = FJSMultiSelectTableViewCell.m; sourceTree = "<group>"; };
		C419106E0FDF54FB00D23A82 /* FJSMultiSelectTableViewController.h */ = {isa = PBXFileReference; fileEncoding = 4; lastKnownFileType = sourcecode.c.h; path = FJSMultiSelectTableViewController.h; sourceTree = "<group>"; };
		C419106F0FDF54FB00D23A82 /* FJSMultiSelectTableViewController.m */ = {isa = PBXFileReference; fileEncoding = 4; lastKnownFileType = sourcecode.c.objc; path = FJSMultiSelectTableViewController.m; sourceTree = "<group>"; };
		C41910700FDF54FB00D23A82 /* FJSMultiSelectTableViewCellController.h */ = {isa = PBXFileReference; fileEncoding = 4; lastKnownFileType = sourcecode.c.h; path = FJSMultiSelectTableViewCellController.h; sourceTree = "<group>"; };
		C41910710FDF54FB00D23A82 /* FJSMultiSelectTableViewCellController.m */ = {isa = PBXFileReference; fileEncoding = 4; lastKnownFileType = sourcecode.c.objc; path = FJSMultiSelectTableViewCellController.m; sourceTree = "<group>"; };
		C41910800FDF554E00D23A82 /* FJSTableViewController.h */ = {isa = PBXFileReference; fileEncoding = 4; lastKnownFileType = sourcecode.c.h; path = FJSTableViewController.h; sourceTree = "<group>"; };
		C41910810FDF554E00D23A82 /* FJSTableViewController.m */ = {isa = PBXFileReference; fileEncoding = 4; lastKnownFileType = sourcecode.c.objc; path = FJSTableViewController.m; sourceTree = "<group>"; };
		C41910820FDF554E00D23A82 /* FJSTableViewCellController.h */ = {isa = PBXFileReference; fileEncoding = 4; lastKnownFileType = sourcecode.c.h; path = FJSTableViewCellController.h; sourceTree = "<group>"; };
		C41910830FDF554E00D23A82 /* FJSTableViewCellController.m */ = {isa = PBXFileReference; fileEncoding = 4; lastKnownFileType = sourcecode.c.objc; path = FJSTableViewCellController.m; sourceTree = "<group>"; };
		C419108C0FDF55C400D23A82 /* MultiRowDeleteTableViewController.h */ = {isa = PBXFileReference; fileEncoding = 4; lastKnownFileType = sourcecode.c.h; path = MultiRowDeleteTableViewController.h; sourceTree = "<group>"; };
		C419108D0FDF55C400D23A82 /* MultiRowDeleteTableViewController.m */ = {isa = PBXFileReference; fileEncoding = 4; lastKnownFileType = sourcecode.c.objc; path = MultiRowDeleteTableViewController.m; sourceTree = "<group>"; };
		C419108E0FDF55C400D23A82 /* AbstractGenericViewController.h */ = {isa = PBXFileReference; fileEncoding = 4; lastKnownFileType = sourcecode.c.h; path = AbstractGenericViewController.h; sourceTree = "<group>"; };
		C419108F0FDF55C400D23A82 /* AbstractGenericViewController.m */ = {isa = PBXFileReference; fileEncoding = 4; lastKnownFileType = sourcecode.c.objc; path = AbstractGenericViewController.m; sourceTree = "<group>"; };
		C41910900FDF55C400D23A82 /* SelectionListViewController.h */ = {isa = PBXFileReference; fileEncoding = 4; lastKnownFileType = sourcecode.c.h; path = SelectionListViewController.h; sourceTree = "<group>"; };
		C41910910FDF55C400D23A82 /* SelectionListViewController.m */ = {isa = PBXFileReference; fileEncoding = 4; lastKnownFileType = sourcecode.c.objc; path = SelectionListViewController.m; sourceTree = "<group>"; };
		C41910920FDF55C400D23A82 /* TextFieldEditingViewController.h */ = {isa = PBXFileReference; fileEncoding = 4; lastKnownFileType = sourcecode.c.h; path = TextFieldEditingViewController.h; sourceTree = "<group>"; };
		C41910930FDF55C400D23A82 /* TextFieldEditingViewController.m */ = {isa = PBXFileReference; fileEncoding = 4; lastKnownFileType = sourcecode.c.objc; path = TextFieldEditingViewController.m; sourceTree = "<group>"; };
		C43FAB660FCC424000EB4F92 /* IFActionToolbar.m */ = {isa = PBXFileReference; fileEncoding = 4; lastKnownFileType = sourcecode.c.objc; path = IFActionToolbar.m; sourceTree = "<group>"; };
		C43FAB670FCC424000EB4F92 /* IFActionToolbar.h */ = {isa = PBXFileReference; fileEncoding = 4; lastKnownFileType = sourcecode.c.h; path = IFActionToolbar.h; sourceTree = "<group>"; };
		C43FAC0B0FCC604800EB4F92 /* FJSGenericTableViewController.h */ = {isa = PBXFileReference; fileEncoding = 4; lastKnownFileType = sourcecode.c.h; path = FJSGenericTableViewController.h; sourceTree = "<group>"; };
		C43FAC0C0FCC604800EB4F92 /* FJSGenericTableViewController.m */ = {isa = PBXFileReference; fileEncoding = 4; lastKnownFileType = sourcecode.c.objc; path = FJSGenericTableViewController.m; sourceTree = "<group>"; };
		C43FAC0F0FCC62DE00EB4F92 /* FJSCellController.h */ = {isa = PBXFileReference; fileEncoding = 4; lastKnownFileType = sourcecode.c.h; path = FJSCellController.h; sourceTree = "<group>"; };
		C43FAC110FCC63B200EB4F92 /* FJSCellDataSource.h */ = {isa = PBXFileReference; fileEncoding = 4; lastKnownFileType = sourcecode.c.h; path = FJSCellDataSource.h; sourceTree = "<group>"; };
		C461FE910FC5C0980036595E /* NSDate+Helper.h */ = {isa = PBXFileReference; fileEncoding = 4; lastKnownFileType = sourcecode.c.h; path = "NSDate+Helper.h"; sourceTree = "<group>"; };
		C461FE920FC5C0980036595E /* NSDate+Helper.m */ = {isa = PBXFileReference; fileEncoding = 4; lastKnownFileType = sourcecode.c.objc; path = "NSDate+Helper.m"; sourceTree = "<group>"; };
		C461FE930FC5C0980036595E /* FJView.h */ = {isa = PBXFileReference; fileEncoding = 4; lastKnownFileType = sourcecode.c.h; path = FJView.h; sourceTree = "<group>"; };
		C461FE940FC5C0980036595E /* FJView.m */ = {isa = PBXFileReference; fileEncoding = 4; lastKnownFileType = sourcecode.c.objc; path = FJView.m; sourceTree = "<group>"; };
		C461FE950FC5C0980036595E /* LoadingView.h */ = {isa = PBXFileReference; fileEncoding = 4; lastKnownFileType = sourcecode.c.h; path = LoadingView.h; sourceTree = "<group>"; };
		C461FE960FC5C0980036595E /* LoadingView.m */ = {isa = PBXFileReference; fileEncoding = 4; lastKnownFileType = sourcecode.c.objc; path = LoadingView.m; sourceTree = "<group>"; };
		C461FE990FC5C0980036595E /* UIColor+extensions.h */ = {isa = PBXFileReference; fileEncoding = 4; lastKnownFileType = sourcecode.c.h; path = "UIColor+extensions.h"; sourceTree = "<group>"; };
		C461FE9A0FC5C0980036595E /* UIColor+extensions.m */ = {isa = PBXFileReference; fileEncoding = 4; lastKnownFileType = sourcecode.c.objc; path = "UIColor+extensions.m"; sourceTree = "<group>"; };
		C461FE9B0FC5C0980036595E /* NSString+extensions.h */ = {isa = PBXFileReference; fileEncoding = 4; lastKnownFileType = sourcecode.c.h; path = "NSString+extensions.h"; sourceTree = "<group>"; };
		C461FE9C0FC5C0980036595E /* NSString+extensions.m */ = {isa = PBXFileReference; fileEncoding = 4; lastKnownFileType = sourcecode.c.objc; path = "NSString+extensions.m"; sourceTree = "<group>"; };
		C461FE9D0FC5C0980036595E /* UIView-Extensions.h */ = {isa = PBXFileReference; fileEncoding = 4; lastKnownFileType = sourcecode.c.h; path = "UIView-Extensions.h"; sourceTree = "<group>"; };
		C461FE9E0FC5C0980036595E /* UIView-Extensions.m */ = {isa = PBXFileReference; fileEncoding = 4; lastKnownFileType = sourcecode.c.objc; path = "UIView-Extensions.m"; sourceTree = "<group>"; };
		C461FE9F0FC5C0980036595E /* SynthesizeSingleton.h */ = {isa = PBXFileReference; fileEncoding = 4; lastKnownFileType = sourcecode.c.h; path = SynthesizeSingleton.h; sourceTree = "<group>"; };
		C461FEA00FC5C0980036595E /* FJSCode.h */ = {isa = PBXFileReference; fileEncoding = 4; lastKnownFileType = sourcecode.c.h; path = FJSCode.h; sourceTree = "<group>"; };
		C461FEAA0FC5C1200036595E /* QuartzCore.framework */ = {isa = PBXFileReference; lastKnownFileType = wrapper.framework; name = QuartzCore.framework; path = System/Library/Frameworks/QuartzCore.framework; sourceTree = SDKROOT; };
		C461FEB30FC5C1510036595E /* libFJSCodeDebug.a */ = {isa = PBXFileReference; explicitFileType = archive.ar; includeInIndex = 0; path = libFJSCodeDebug.a; sourceTree = BUILT_PRODUCTS_DIR; };
		C46297220FE1865C00C84434 /* UIImage+extensions.h */ = {isa = PBXFileReference; fileEncoding = 4; lastKnownFileType = sourcecode.c.h; path = "UIImage+extensions.h"; sourceTree = "<group>"; };
		C46297230FE1865C00C84434 /* UIImage+extensions.m */ = {isa = PBXFileReference; fileEncoding = 4; lastKnownFileType = sourcecode.c.objc; path = "UIImage+extensions.m"; sourceTree = "<group>"; };
		C464CF6E0FC5FDFC00758E05 /* OverlayViewController.h */ = {isa = PBXFileReference; fileEncoding = 4; lastKnownFileType = sourcecode.c.h; path = OverlayViewController.h; sourceTree = "<group>"; };
		C464CF6F0FC5FDFC00758E05 /* OverlayViewController.m */ = {isa = PBXFileReference; fileEncoding = 4; lastKnownFileType = sourcecode.c.objc; path = OverlayViewController.m; sourceTree = "<group>"; };
		C488B2420FD98431004A72A8 /* DummyClass.h */ = {isa = PBXFileReference; fileEncoding = 4; lastKnownFileType = sourcecode.c.h; path = DummyClass.h; sourceTree = "<group>"; };
		C488B2430FD98431004A72A8 /* DummyClass.m */ = {isa = PBXFileReference; fileEncoding = 4; lastKnownFileType = sourcecode.c.objc; path = DummyClass.m; sourceTree = "<group>"; };
		C488B2C00FD9926F004A72A8 /* FJSCellDataSource.m */ = {isa = PBXFileReference; fileEncoding = 4; lastKnownFileType = sourcecode.c.objc; path = FJSCellDataSource.m; sourceTree = "<group>"; };
		C488B3810FD9A133004A72A8 /* FJSGenericTableViewDataSource.h */ = {isa = PBXFileReference; fileEncoding = 4; lastKnownFileType = sourcecode.c.h; path = FJSGenericTableViewDataSource.h; sourceTree = "<group>"; };
		C488B3820FD9A133004A72A8 /* FJSGenericTableViewDataSource.m */ = {isa = PBXFileReference; fileEncoding = 4; lastKnownFileType = sourcecode.c.objc; path = FJSGenericTableViewDataSource.m; sourceTree = "<group>"; };
		C4A189730FCF5DB200E70A29 /* MyCLController.h */ = {isa = PBXFileReference; fileEncoding = 4; lastKnownFileType = sourcecode.c.h; path = MyCLController.h; sourceTree = "<group>"; };
		C4A189740FCF5DB200E70A29 /* MyCLController.m */ = {isa = PBXFileReference; fileEncoding = 4; lastKnownFileType = sourcecode.c.objc; path = MyCLController.m; sourceTree = "<group>"; };
		C4A3A1AA100A8BCC007FCD3F /* TouchProcessor.h */ = {isa = PBXFileReference; fileEncoding = 4; lastKnownFileType = sourcecode.c.h; path = TouchProcessor.h; sourceTree = "<group>"; };
		C4A3A1AB100A8BCC007FCD3F /* TouchProcessor.m */ = {isa = PBXFileReference; fileEncoding = 4; lastKnownFileType = sourcecode.c.objc; path = TouchProcessor.m; sourceTree = "<group>"; };
		C4E59B500FDF1065000785F0 /* FJSJSONDownloader.h */ = {isa = PBXFileReference; fileEncoding = 4; lastKnownFileType = sourcecode.c.h; path = FJSJSONDownloader.h; sourceTree = "<group>"; };
		C4E59B510FDF1065000785F0 /* FJSJSONDownloader.m */ = {isa = PBXFileReference; fileEncoding = 4; lastKnownFileType = sourcecode.c.objc; path = FJSJSONDownloader.m; sourceTree = "<group>"; };
		C4E59C0B0FDF15BE000785F0 /* SBJsonBase.h */ = {isa = PBXFileReference; fileEncoding = 4; lastKnownFileType = sourcecode.c.h; path = SBJsonBase.h; sourceTree = "<group>"; };
		C4E59C0C0FDF15BE000785F0 /* SBJsonBase.m */ = {isa = PBXFileReference; fileEncoding = 4; lastKnownFileType = sourcecode.c.objc; path = SBJsonBase.m; sourceTree = "<group>"; };
		C4E59C0D0FDF15BE000785F0 /* SBJsonParser.h */ = {isa = PBXFileReference; fileEncoding = 4; lastKnownFileType = sourcecode.c.h; path = SBJsonParser.h; sourceTree = "<group>"; };
		C4E59C0E0FDF15BE000785F0 /* SBJsonParser.m */ = {isa = PBXFileReference; fileEncoding = 4; lastKnownFileType = sourcecode.c.objc; path = SBJsonParser.m; sourceTree = "<group>"; };
		C4E59C0F0FDF15BE000785F0 /* SBJsonWriter.h */ = {isa = PBXFileReference; fileEncoding = 4; lastKnownFileType = sourcecode.c.h; path = SBJsonWriter.h; sourceTree = "<group>"; };
		C4E59C100FDF15BE000785F0 /* SBJsonWriter.m */ = {isa = PBXFileReference; fileEncoding = 4; lastKnownFileType = sourcecode.c.objc; path = SBJsonWriter.m; sourceTree = "<group>"; };
		C4E59C110FDF15BE000785F0 /* SBJSON.m */ = {isa = PBXFileReference; fileEncoding = 4; lastKnownFileType = sourcecode.c.objc; path = SBJSON.m; sourceTree = "<group>"; };
		C4E59C120FDF15BE000785F0 /* SBJSON.h */ = {isa = PBXFileReference; fileEncoding = 4; lastKnownFileType = sourcecode.c.h; path = SBJSON.h; sourceTree = "<group>"; };
		C4E59C130FDF15BE000785F0 /* NSString+SBJSON.m */ = {isa = PBXFileReference; fileEncoding = 4; lastKnownFileType = sourcecode.c.objc; path = "NSString+SBJSON.m"; sourceTree = "<group>"; };
		C4E59C140FDF15BE000785F0 /* NSString+SBJSON.h */ = {isa = PBXFileReference; fileEncoding = 4; lastKnownFileType = sourcecode.c.h; path = "NSString+SBJSON.h"; sourceTree = "<group>"; };
		C4E59C150FDF15BE000785F0 /* NSObject+SBJSON.m */ = {isa = PBXFileReference; fileEncoding = 4; lastKnownFileType = sourcecode.c.objc; path = "NSObject+SBJSON.m"; sourceTree = "<group>"; };
		C4E59C160FDF15BE000785F0 /* NSObject+SBJSON.h */ = {isa = PBXFileReference; fileEncoding = 4; lastKnownFileType = sourcecode.c.h; path = "NSObject+SBJSON.h"; sourceTree = "<group>"; };
		C4E59C260FDF1612000785F0 /* FJSDownloader.h */ = {isa = PBXFileReference; fileEncoding = 4; lastKnownFileType = sourcecode.c.h; path = FJSDownloader.h; sourceTree = "<group>"; };
		C4E59C270FDF1612000785F0 /* FJSDownloader.m */ = {isa = PBXFileReference; fileEncoding = 4; lastKnownFileType = sourcecode.c.objc; path = FJSDownloader.m; sourceTree = "<group>"; };
		C4F6CE6B0FC8D0F000F6AD69 /* FJSViewController.h */ = {isa = PBXFileReference; fileEncoding = 4; lastKnownFileType = sourcecode.c.h; path = FJSViewController.h; sourceTree = "<group>"; };
		C4F6CE6C0FC8D0F000F6AD69 /* FJSViewController.m */ = {isa = PBXFileReference; fileEncoding = 4; lastKnownFileType = sourcecode.c.objc; path = FJSViewController.m; sourceTree = "<group>"; };
		C4F6CE6D0FC8D0F000F6AD69 /* FJSImageViewController.h */ = {isa = PBXFileReference; fileEncoding = 4; lastKnownFileType = sourcecode.c.h; path = FJSImageViewController.h; sourceTree = "<group>"; };
		C4F6CE6E0FC8D0F000F6AD69 /* FJSImageViewController.m */ = {isa = PBXFileReference; fileEncoding = 4; lastKnownFileType = sourcecode.c.objc; path = FJSImageViewController.m; sourceTree = "<group>"; };
		C4F6CE700FC8D0F000F6AD69 /* FJSScrollViewController.h */ = {isa = PBXFileReference; fileEncoding = 4; lastKnownFileType = sourcecode.c.h; path = FJSScrollViewController.h; sourceTree = "<group>"; };
		C4F6CE710FC8D0F000F6AD69 /* FJSScrollViewController.m */ = {isa = PBXFileReference; fileEncoding = 4; lastKnownFileType = sourcecode.c.objc; path = FJSScrollViewController.m; sourceTree = "<group>"; };
		C4F6CE720FC8D0F000F6AD69 /* FJSSelectableScrollView.h */ = {isa = PBXFileReference; fileEncoding = 4; lastKnownFileType = sourcecode.c.h; path = FJSSelectableScrollView.h; sourceTree = "<group>"; };
		C4F6CE730FC8D0F000F6AD69 /* FJSSelectableScrollView.m */ = {isa = PBXFileReference; fileEncoding = 4; lastKnownFileType = sourcecode.c.objc; path = FJSSelectableScrollView.m; sourceTree = "<group>"; };
		C4F6CE790FC8D29D00F6AD69 /* FJSImageScrollViewController.h */ = {isa = PBXFileReference; fileEncoding = 4; lastKnownFileType = sourcecode.c.h; path = FJSImageScrollViewController.h; sourceTree = "<group>"; };
		C4F6CE7A0FC8D29D00F6AD69 /* FJSImageScrollViewController.m */ = {isa = PBXFileReference; fileEncoding = 4; lastKnownFileType = sourcecode.c.objc; path = FJSImageScrollViewController.m; sourceTree = "<group>"; };
		C4FD3EB50FD242EA0084CFE3 /* CoreLocation.framework */ = {isa = PBXFileReference; lastKnownFileType = wrapper.framework; name = CoreLocation.framework; path = System/Library/Frameworks/CoreLocation.framework; sourceTree = SDKROOT; };
		C4FEBDBD10084B36006978F7 /* MacroUtilities.h */ = {isa = PBXFileReference; fileEncoding = 4; lastKnownFileType = sourcecode.c.h; path = MacroUtilities.h; sourceTree = "<group>"; };
/* End PBXFileReference section */

/* Begin PBXFrameworksBuildPhase section */
		C461FEB10FC5C1510036595E /* Frameworks */ = {
			isa = PBXFrameworksBuildPhase;
			buildActionMask = 2147483647;
			files = (
				C4FD3EB60FD242EB0084CFE3 /* CoreLocation.framework in Frameworks */,
			);
			runOnlyForDeploymentPostprocessing = 0;
		};
/* End PBXFrameworksBuildPhase section */

/* Begin PBXGroup section */
		19C28FACFE9D520D11CA2CBB /* Products */ = {
			isa = PBXGroup;
			children = (
				C461FEB30FC5C1510036595E /* libFJSCodeDebug.a */,
			);
			name = Products;
			sourceTree = "<group>";
		};
		29B97314FDCFA39411CA2CEA /* CustomTemplate */ = {
			isa = PBXGroup;
			children = (
				C461FE8E0FC5C07B0036595E /* Library */,
				29B97315FDCFA39411CA2CEA /* Other Sources */,
				29B97317FDCFA39411CA2CEA /* Resources */,
				29B97323FDCFA39411CA2CEA /* Frameworks */,
				19C28FACFE9D520D11CA2CBB /* Products */,
			);
			name = CustomTemplate;
			sourceTree = "<group>";
		};
		29B97315FDCFA39411CA2CEA /* Other Sources */ = {
			isa = PBXGroup;
			children = (
				32CA4F630368D1EE00C91783 /* FJSCode_Prefix.pch */,
				29B97316FDCFA39411CA2CEA /* main.m */,
			);
			name = "Other Sources";
			sourceTree = "<group>";
		};
		29B97317FDCFA39411CA2CEA /* Resources */ = {
			isa = PBXGroup;
			children = (
				28AD733E0D9D9553002E5188 /* MainWindow.xib */,
				8D1107310486CEB800E47090 /* FJSCode-Info.plist */,
			);
			name = Resources;
			sourceTree = "<group>";
		};
		29B97323FDCFA39411CA2CEA /* Frameworks */ = {
			isa = PBXGroup;
			children = (
				C4FD3EB50FD242EA0084CFE3 /* CoreLocation.framework */,
				C461FEAA0FC5C1200036595E /* QuartzCore.framework */,
				1DF5F4DF0D08C38300B7A737 /* UIKit.framework */,
				1D30AB110D05D00D00671497 /* Foundation.framework */,
				288765FC0DF74451002DB57D /* CoreGraphics.framework */,
			);
			name = Frameworks;
			sourceTree = "<group>";
		};
		C4049DB50FDDB3B2001693C1 /* Network */ = {
			isa = PBXGroup;
			children = (
				C4E59C260FDF1612000785F0 /* FJSDownloader.h */,
				C4E59C270FDF1612000785F0 /* FJSDownloader.m */,
				C4049DB60FDDB3C3001693C1 /* FJSImageDownloader.h */,
				C4049DB70FDDB3C3001693C1 /* FJSImageDownloader.m */,
				C4E59B500FDF1065000785F0 /* FJSJSONDownloader.h */,
				C4E59B510FDF1065000785F0 /* FJSJSONDownloader.m */,
			);
			name = Network;
			sourceTree = "<group>";
		};
		C419106D0FDF54DF00D23A82 /* Multi Select Table */ = {
			isa = PBXGroup;
			children = (
				C419106E0FDF54FB00D23A82 /* FJSMultiSelectTableViewController.h */,
				C419106F0FDF54FB00D23A82 /* FJSMultiSelectTableViewController.m */,
				C41910700FDF54FB00D23A82 /* FJSMultiSelectTableViewCellController.h */,
				C41910710FDF54FB00D23A82 /* FJSMultiSelectTableViewCellController.m */,
				C41910650FDF546600D23A82 /* FJSMultiSelectTableViewCell.h */,
				C41910660FDF546600D23A82 /* FJSMultiSelectTableViewCell.m */,
			);
			name = "Multi Select Table";
			sourceTree = "<group>";
		};
		C419107F0FDF552C00D23A82 /* TableViews Old */ = {
			isa = PBXGroup;
			children = (
				C41910800FDF554E00D23A82 /* FJSTableViewController.h */,
				C41910810FDF554E00D23A82 /* FJSTableViewController.m */,
				C41910820FDF554E00D23A82 /* FJSTableViewCellController.h */,
				C41910830FDF554E00D23A82 /* FJSTableViewCellController.m */,
			);
			name = "TableViews Old";
			sourceTree = "<group>";
		};
		C419108B0FDF55A600D23A82 /* Table Views LaMarche */ = {
			isa = PBXGroup;
			children = (
				C419108C0FDF55C400D23A82 /* MultiRowDeleteTableViewController.h */,
				C419108D0FDF55C400D23A82 /* MultiRowDeleteTableViewController.m */,
				C419108E0FDF55C400D23A82 /* AbstractGenericViewController.h */,
				C419108F0FDF55C400D23A82 /* AbstractGenericViewController.m */,
				C41910900FDF55C400D23A82 /* SelectionListViewController.h */,
				C41910910FDF55C400D23A82 /* SelectionListViewController.m */,
				C41910920FDF55C400D23A82 /* TextFieldEditingViewController.h */,
				C41910930FDF55C400D23A82 /* TextFieldEditingViewController.m */,
			);
			name = "Table Views LaMarche";
			sourceTree = "<group>";
		};
		C43FAB610FCC422000EB4F92 /* Bars */ = {
			isa = PBXGroup;
			children = (
				C43FAB660FCC424000EB4F92 /* IFActionToolbar.m */,
				C43FAB670FCC424000EB4F92 /* IFActionToolbar.h */,
			);
			name = Bars;
			sourceTree = "<group>";
		};
		C43FAC0A0FCC602D00EB4F92 /* TableViews */ = {
			isa = PBXGroup;
			children = (
				C43FAC0B0FCC604800EB4F92 /* FJSGenericTableViewController.h */,
				C43FAC0C0FCC604800EB4F92 /* FJSGenericTableViewController.m */,
				C43FAC0F0FCC62DE00EB4F92 /* FJSCellController.h */,
				C488B3810FD9A133004A72A8 /* FJSGenericTableViewDataSource.h */,
				C488B3820FD9A133004A72A8 /* FJSGenericTableViewDataSource.m */,
				C43FAC110FCC63B200EB4F92 /* FJSCellDataSource.h */,
				C488B2C00FD9926F004A72A8 /* FJSCellDataSource.m */,
			);
			name = TableViews;
			sourceTree = "<group>";
		};
		C461FE8E0FC5C07B0036595E /* Library */ = {
			isa = PBXGroup;
			children = (
				C4FEBDB810084B14006978F7 /* Touch */,
				C4E59C230FDF15C7000785F0 /* JSON */,
				C4049DB50FDDB3B2001693C1 /* Network */,
				C4A189720FCF5D9D00E70A29 /* CoreLocation */,
				C43FAC0A0FCC602D00EB4F92 /* TableViews */,
				C419107F0FDF552C00D23A82 /* TableViews Old */,
				C419106D0FDF54DF00D23A82 /* Multi Select Table */,
				C419108B0FDF55A600D23A82 /* Table Views LaMarche */,
				C43FAB610FCC422000EB4F92 /* Bars */,
				C4F6D0090FCA533900F6AD69 /* Categories */,
				C4F6D0080FCA532200F6AD69 /* Views */,
				C4F6D0070FCA530300F6AD69 /* View Controllers */,
				C4F6CE6F0FC8D0F000F6AD69 /* FJSScrollView */,
				C4FEBDBD10084B36006978F7 /* MacroUtilities.h */,
				C461FE9F0FC5C0980036595E /* SynthesizeSingleton.h */,
				C461FEA00FC5C0980036595E /* FJSCode.h */,
				C488B2420FD98431004A72A8 /* DummyClass.h */,
				C488B2430FD98431004A72A8 /* DummyClass.m */,
				1D3623240D0F684500981E51 /* FJSCodeAppDelegate.h */,
				1D3623250D0F684500981E51 /* FJSCodeAppDelegate.m */,
			);
			name = Library;
			sourceTree = "<group>";
		};
		C4A189720FCF5D9D00E70A29 /* CoreLocation */ = {
			isa = PBXGroup;
			children = (
				C4A189730FCF5DB200E70A29 /* MyCLController.h */,
				C4A189740FCF5DB200E70A29 /* MyCLController.m */,
			);
			name = CoreLocation;
			sourceTree = "<group>";
		};
		C4E59C230FDF15C7000785F0 /* JSON */ = {
			isa = PBXGroup;
			children = (
				C4E59C0B0FDF15BE000785F0 /* SBJsonBase.h */,
				C4E59C0C0FDF15BE000785F0 /* SBJsonBase.m */,
				C4E59C0D0FDF15BE000785F0 /* SBJsonParser.h */,
				C4E59C0E0FDF15BE000785F0 /* SBJsonParser.m */,
				C4E59C0F0FDF15BE000785F0 /* SBJsonWriter.h */,
				C4E59C100FDF15BE000785F0 /* SBJsonWriter.m */,
				C4E59C110FDF15BE000785F0 /* SBJSON.m */,
				C4E59C120FDF15BE000785F0 /* SBJSON.h */,
				C4E59C130FDF15BE000785F0 /* NSString+SBJSON.m */,
				C4E59C140FDF15BE000785F0 /* NSString+SBJSON.h */,
				C4E59C150FDF15BE000785F0 /* NSObject+SBJSON.m */,
				C4E59C160FDF15BE000785F0 /* NSObject+SBJSON.h */,
			);
			name = JSON;
			sourceTree = "<group>";
		};
		C4F6CE6F0FC8D0F000F6AD69 /* FJSScrollView */ = {
			isa = PBXGroup;
			children = (
				C4F6CE700FC8D0F000F6AD69 /* FJSScrollViewController.h */,
				C4F6CE710FC8D0F000F6AD69 /* FJSScrollViewController.m */,
				C4F6CE790FC8D29D00F6AD69 /* FJSImageScrollViewController.h */,
				C4F6CE7A0FC8D29D00F6AD69 /* FJSImageScrollViewController.m */,
				C4F6CE720FC8D0F000F6AD69 /* FJSSelectableScrollView.h */,
				C4F6CE730FC8D0F000F6AD69 /* FJSSelectableScrollView.m */,
			);
			name = FJSScrollView;
			sourceTree = "<group>";
		};
		C4F6D0070FCA530300F6AD69 /* View Controllers */ = {
			isa = PBXGroup;
			children = (
				C4F6CE6B0FC8D0F000F6AD69 /* FJSViewController.h */,
				C4F6CE6C0FC8D0F000F6AD69 /* FJSViewController.m */,
				C4F6CE6D0FC8D0F000F6AD69 /* FJSImageViewController.h */,
				C4F6CE6E0FC8D0F000F6AD69 /* FJSImageViewController.m */,
				C464CF6E0FC5FDFC00758E05 /* OverlayViewController.h */,
				C464CF6F0FC5FDFC00758E05 /* OverlayViewController.m */,
			);
			name = "View Controllers";
			sourceTree = "<group>";
		};
		C4F6D0080FCA532200F6AD69 /* Views */ = {
			isa = PBXGroup;
			children = (
				C461FE930FC5C0980036595E /* FJView.h */,
				C461FE940FC5C0980036595E /* FJView.m */,
				C461FE950FC5C0980036595E /* LoadingView.h */,
				C461FE960FC5C0980036595E /* LoadingView.m */,
			);
			name = Views;
			sourceTree = "<group>";
		};
		C4F6D0090FCA533900F6AD69 /* Categories */ = {
			isa = PBXGroup;
			children = (
				C40A51640FFF27CD001D4CDE /* KBCollectionExtensions.m */,
				C40A51650FFF27CD001D4CDE /* KBCollectionExtensions.h */,
				C461FE910FC5C0980036595E /* NSDate+Helper.h */,
				C461FE920FC5C0980036595E /* NSDate+Helper.m */,
				C461FE990FC5C0980036595E /* UIColor+extensions.h */,
				C461FE9A0FC5C0980036595E /* UIColor+extensions.m */,
				C461FE9B0FC5C0980036595E /* NSString+extensions.h */,
				C461FE9C0FC5C0980036595E /* NSString+extensions.m */,
				C461FE9D0FC5C0980036595E /* UIView-Extensions.h */,
				C461FE9E0FC5C0980036595E /* UIView-Extensions.m */,
				C46297220FE1865C00C84434 /* UIImage+extensions.h */,
				C46297230FE1865C00C84434 /* UIImage+extensions.m */,
			);
			name = Categories;
			sourceTree = "<group>";
		};
		C4FEBDB810084B14006978F7 /* Touch */ = {
			isa = PBXGroup;
			children = (
				C4A3A1AA100A8BCC007FCD3F /* TouchProcessor.h */,
				C4A3A1AB100A8BCC007FCD3F /* TouchProcessor.m */,
			);
			name = Touch;
			sourceTree = "<group>";
		};
/* End PBXGroup section */

/* Begin PBXHeadersBuildPhase section */
		C461FEAF0FC5C1510036595E /* Headers */ = {
			isa = PBXHeadersBuildPhase;
			buildActionMask = 2147483647;
			files = (
				C4AC6C2A0FFC209100D37504 /* FJSScrollViewController.h in Headers */,
				C4F6CFEA0FCA3FA100F6AD69 /* FJSSelectableScrollView.h in Headers */,
				C461FEBF0FC5C19E0036595E /* FJSCode.h in Headers */,
				C461FEC60FC5C1A50036595E /* NSString+extensions.h in Headers */,
				C461FEC90FC5C1A70036595E /* UIColor+extensions.h in Headers */,
				C461FECB0FC5C1A90036595E /* UIView-Extensions.h in Headers */,
				C461FEC40FC5C1A40036595E /* NSDate+Helper.h in Headers */,
				C4F6CFEB0FCA3FA100F6AD69 /* FJSViewController.h in Headers */,
				C4F6CFEC0FCA3FA100F6AD69 /* FJSImageViewController.h in Headers */,
				C461FEC20FC5C1A20036595E /* LoadingView.h in Headers */,
				C43FACA50FCC713B00EB4F92 /* OverlayViewController.h in Headers */,
				C461FEC80FC5C1A70036595E /* SynthesizeSingleton.h in Headers */,
				C43FAB690FCC424000EB4F92 /* IFActionToolbar.h in Headers */,
				C43FAC0D0FCC604800EB4F92 /* FJSGenericTableViewController.h in Headers */,
				C43FAC100FCC62DE00EB4F92 /* FJSCellController.h in Headers */,
				C43FAC120FCC63B200EB4F92 /* FJSCellDataSource.h in Headers */,
				C4A189750FCF5DB200E70A29 /* MyCLController.h in Headers */,
				C488B2440FD98431004A72A8 /* DummyClass.h in Headers */,
				C488B3830FD9A133004A72A8 /* FJSGenericTableViewDataSource.h in Headers */,
				C4049DB80FDDB3C3001693C1 /* FJSImageDownloader.h in Headers */,
				C4E59B520FDF1065000785F0 /* FJSJSONDownloader.h in Headers */,
				C4E59C170FDF15BE000785F0 /* SBJsonBase.h in Headers */,
				C4E59C190FDF15BE000785F0 /* SBJsonParser.h in Headers */,
				C4E59C1B0FDF15BE000785F0 /* SBJsonWriter.h in Headers */,
				C4E59C1E0FDF15BE000785F0 /* SBJSON.h in Headers */,
				C4E59C200FDF15BE000785F0 /* NSString+SBJSON.h in Headers */,
				C4E59C220FDF15BE000785F0 /* NSObject+SBJSON.h in Headers */,
				C4E59C280FDF1612000785F0 /* FJSDownloader.h in Headers */,
				C41910670FDF546600D23A82 /* FJSMultiSelectTableViewCell.h in Headers */,
				C41910720FDF54FB00D23A82 /* FJSMultiSelectTableViewController.h in Headers */,
				C41910740FDF54FB00D23A82 /* FJSMultiSelectTableViewCellController.h in Headers */,
				C41910840FDF554E00D23A82 /* FJSTableViewController.h in Headers */,
				C41910860FDF554E00D23A82 /* FJSTableViewCellController.h in Headers */,
				C41910940FDF55C400D23A82 /* MultiRowDeleteTableViewController.h in Headers */,
				C41910960FDF55C400D23A82 /* AbstractGenericViewController.h in Headers */,
				C41910980FDF55C400D23A82 /* SelectionListViewController.h in Headers */,
				C419109A0FDF55C400D23A82 /* TextFieldEditingViewController.h in Headers */,
				C46297240FE1865C00C84434 /* UIImage+extensions.h in Headers */,
				C4FEBDBE10084B36006978F7 /* MacroUtilities.h in Headers */,
				C4A3A1AC100A8BCC007FCD3F /* TouchProcessor.h in Headers */,
			);
			runOnlyForDeploymentPostprocessing = 0;
		};
/* End PBXHeadersBuildPhase section */

/* Begin PBXNativeTarget section */
		C461FEB20FC5C1510036595E /* FJSCodeDebug */ = {
			isa = PBXNativeTarget;
			buildConfigurationList = C461FEBE0FC5C1680036595E /* Build configuration list for PBXNativeTarget "FJSCodeDebug" */;
			buildPhases = (
				C461FEAF0FC5C1510036595E /* Headers */,
				C461FEB00FC5C1510036595E /* Sources */,
				C461FEB10FC5C1510036595E /* Frameworks */,
			);
			buildRules = (
			);
			dependencies = (
			);
			name = FJSCodeDebug;
			productName = FJSCodeDebug;
			productReference = C461FEB30FC5C1510036595E /* libFJSCodeDebug.a */;
			productType = "com.apple.product-type.library.static";
		};
/* End PBXNativeTarget section */

/* Begin PBXProject section */
		29B97313FDCFA39411CA2CEA /* Project object */ = {
			isa = PBXProject;
			buildConfigurationList = C01FCF4E08A954540054247B /* Build configuration list for PBXProject "FJSCode" */;
			compatibilityVersion = "Xcode 3.1";
			hasScannedForEncodings = 1;
			mainGroup = 29B97314FDCFA39411CA2CEA /* CustomTemplate */;
			projectDirPath = "";
			projectRoot = "";
			targets = (
				C461FEB20FC5C1510036595E /* FJSCodeDebug */,
			);
		};
/* End PBXProject section */

/* Begin PBXSourcesBuildPhase section */
		C461FEB00FC5C1510036595E /* Sources */ = {
			isa = PBXSourcesBuildPhase;
			buildActionMask = 2147483647;
			files = (
				C4AC6C2D0FFC20AA00D37504 /* FJSScrollViewController.m in Sources */,
				C4F6CFF30FCA3FD500F6AD69 /* FJSSelectableScrollView.m in Sources */,
				C461FEC50FC5C1A50036595E /* NSDate+Helper.m in Sources */,
				C461FEC70FC5C1A60036595E /* NSString+extensions.m in Sources */,
				C461FECA0FC5C1A80036595E /* UIColor+extensions.m in Sources */,
				C461FECC0FC5C1A90036595E /* UIView-Extensions.m in Sources */,
				C4F6CFF40FCA3FD500F6AD69 /* FJSViewController.m in Sources */,
				C4F6CFF50FCA3FD500F6AD69 /* FJSImageViewController.m in Sources */,
				C461FEC30FC5C1A30036595E /* LoadingView.m in Sources */,
				C43FACA60FCC714600EB4F92 /* OverlayViewController.m in Sources */,
				C43FAB680FCC424000EB4F92 /* IFActionToolbar.m in Sources */,
				C43FAC0E0FCC604800EB4F92 /* FJSGenericTableViewController.m in Sources */,
				C4A189760FCF5DB200E70A29 /* MyCLController.m in Sources */,
				C488B2450FD98431004A72A8 /* DummyClass.m in Sources */,
				C488B2C10FD9926F004A72A8 /* FJSCellDataSource.m in Sources */,
				C488B3840FD9A133004A72A8 /* FJSGenericTableViewDataSource.m in Sources */,
				C4049DB90FDDB3C3001693C1 /* FJSImageDownloader.m in Sources */,
				C4E59B530FDF1065000785F0 /* FJSJSONDownloader.m in Sources */,
				C4E59C180FDF15BE000785F0 /* SBJsonBase.m in Sources */,
				C4E59C1A0FDF15BE000785F0 /* SBJsonParser.m in Sources */,
				C4E59C1C0FDF15BE000785F0 /* SBJsonWriter.m in Sources */,
				C4E59C1D0FDF15BE000785F0 /* SBJSON.m in Sources */,
				C4E59C1F0FDF15BE000785F0 /* NSString+SBJSON.m in Sources */,
				C4E59C210FDF15BE000785F0 /* NSObject+SBJSON.m in Sources */,
				C4E59C290FDF1612000785F0 /* FJSDownloader.m in Sources */,
				C41910680FDF546600D23A82 /* FJSMultiSelectTableViewCell.m in Sources */,
				C41910730FDF54FB00D23A82 /* FJSMultiSelectTableViewController.m in Sources */,
				C41910750FDF54FB00D23A82 /* FJSMultiSelectTableViewCellController.m in Sources */,
				C41910850FDF554E00D23A82 /* FJSTableViewController.m in Sources */,
				C41910870FDF554E00D23A82 /* FJSTableViewCellController.m in Sources */,
				C41910950FDF55C400D23A82 /* MultiRowDeleteTableViewController.m in Sources */,
				C41910970FDF55C400D23A82 /* AbstractGenericViewController.m in Sources */,
				C41910990FDF55C400D23A82 /* SelectionListViewController.m in Sources */,
				C419109B0FDF55C400D23A82 /* TextFieldEditingViewController.m in Sources */,
				C46297250FE1865C00C84434 /* UIImage+extensions.m in Sources */,
				C4A3A1AD100A8BCC007FCD3F /* TouchProcessor.m in Sources */,
			);
			runOnlyForDeploymentPostprocessing = 0;
		};
/* End PBXSourcesBuildPhase section */

/* Begin XCBuildConfiguration section */
		C01FCF4F08A954540054247B /* Debug */ = {
			isa = XCBuildConfiguration;
			buildSettings = {
				ARCHS = "$(ARCHS_STANDARD_32_BIT)";
				"CODE_SIGN_IDENTITY[sdk=iphoneos*]" = "iPhone Developer";
				GCC_C_LANGUAGE_STANDARD = c99;
				GCC_WARN_ABOUT_RETURN_TYPE = YES;
				GCC_WARN_UNUSED_VARIABLE = YES;
				ONLY_ACTIVE_ARCH = YES;
				OTHER_LDFLAGS = "-ObjC";
				PREBINDING = NO;
				SDKROOT = iphonesimulator3.0;
			};
			name = Debug;
		};
		C01FCF5008A954540054247B /* Release */ = {
			isa = XCBuildConfiguration;
			buildSettings = {
				ARCHS = "$(ARCHS_STANDARD_32_BIT)";
				"CODE_SIGN_IDENTITY[sdk=iphoneos*]" = "iPhone Developer";
				GCC_C_LANGUAGE_STANDARD = c99;
				GCC_WARN_ABOUT_RETURN_TYPE = YES;
				GCC_WARN_UNUSED_VARIABLE = YES;
				ONLY_ACTIVE_ARCH = YES;
				OTHER_LDFLAGS = "-ObjC";
				PREBINDING = NO;
				SDKROOT = iphonesimulator3.0;
			};
			name = Release;
		};
		C43FAE200FCCA96B00EB4F92 /* Distribution Beta */ = {
			isa = XCBuildConfiguration;
			buildSettings = {
				ARCHS = "$(ARCHS_STANDARD_32_BIT)";
				"CODE_SIGN_IDENTITY[sdk=iphoneos*]" = "iPhone Developer";
				GCC_C_LANGUAGE_STANDARD = c99;
				GCC_WARN_ABOUT_RETURN_TYPE = YES;
				GCC_WARN_UNUSED_VARIABLE = YES;
				ONLY_ACTIVE_ARCH = YES;
				OTHER_LDFLAGS = "-ObjC";
				PREBINDING = NO;
				SDKROOT = iphonesimulator3.0;
			};
			name = "Distribution Beta";
		};
		C43FAE210FCCA96B00EB4F92 /* Distribution Beta */ = {
			isa = XCBuildConfiguration;
			buildSettings = {
				ALWAYS_SEARCH_USER_PATHS = NO;
				COPY_PHASE_STRIP = YES;
				DEBUG_INFORMATION_FORMAT = "dwarf-with-dsym";
				GCC_ENABLE_FIX_AND_CONTINUE = NO;
				GCC_MODEL_TUNING = G5;
				GCC_PRECOMPILE_PREFIX_HEADER = YES;
				GCC_PREFIX_HEADER = "";
				INSTALL_PATH = /usr/local/lib;
				ONLY_ACTIVE_ARCH = YES;
				OTHER_LDFLAGS = "-ObjC";
				PREBINDING = NO;
				PRODUCT_NAME = FJSCodeDebug;
				ZERO_LINK = NO;
			};
			name = "Distribution Beta";
		};
		C43FAEC50FCCACF100EB4F92 /* Release from debug */ = {
			isa = XCBuildConfiguration;
			buildSettings = {
				ARCHS = "$(ARCHS_STANDARD_32_BIT)";
				"CODE_SIGN_IDENTITY[sdk=iphoneos*]" = "iPhone Developer";
				GCC_C_LANGUAGE_STANDARD = c99;
				GCC_WARN_ABOUT_RETURN_TYPE = YES;
				GCC_WARN_UNUSED_VARIABLE = YES;
				ONLY_ACTIVE_ARCH = YES;
				OTHER_LDFLAGS = "-ObjC";
				PREBINDING = NO;
				SDKROOT = iphonesimulator3.0;
			};
			name = "Release from debug";
		};
		C43FAEC60FCCACF100EB4F92 /* Release from debug */ = {
			isa = XCBuildConfiguration;
			buildSettings = {
				ALWAYS_SEARCH_USER_PATHS = NO;
				COPY_PHASE_STRIP = NO;
				GCC_DYNAMIC_NO_PIC = NO;
				GCC_ENABLE_FIX_AND_CONTINUE = YES;
				GCC_MODEL_TUNING = G5;
				GCC_OPTIMIZATION_LEVEL = 0;
				GCC_PRECOMPILE_PREFIX_HEADER = YES;
				GCC_PREFIX_HEADER = "";
				INSTALL_PATH = /usr/local/lib;
				OTHER_LDFLAGS = "-ObjC";
				PREBINDING = NO;
				PRODUCT_NAME = FJSCodeDebug;
			};
			name = "Release from debug";
		};
		C461FEB40FC5C1520036595E /* Debug */ = {
			isa = XCBuildConfiguration;
			buildSettings = {
				ALWAYS_SEARCH_USER_PATHS = NO;
				"CODE_SIGN_IDENTITY[sdk=iphoneos*]" = "Don't Code Sign";
				COPY_PHASE_STRIP = NO;
				GCC_DYNAMIC_NO_PIC = NO;
				GCC_ENABLE_FIX_AND_CONTINUE = YES;
				GCC_MODEL_TUNING = G5;
				GCC_OPTIMIZATION_LEVEL = 0;
				GCC_PRECOMPILE_PREFIX_HEADER = YES;
				GCC_PREFIX_HEADER = "";
				INSTALL_PATH = /usr/local/lib;
				OTHER_LDFLAGS = "-ObjC";
				PREBINDING = NO;
				PRODUCT_NAME = FJSCodeDebug;
			};
			name = Debug;
		};
		C461FEB50FC5C1520036595E /* Release */ = {
			isa = XCBuildConfiguration;
			buildSettings = {
				ALWAYS_SEARCH_USER_PATHS = NO;
				COPY_PHASE_STRIP = YES;
				DEBUG_INFORMATION_FORMAT = "dwarf-with-dsym";
				GCC_ENABLE_FIX_AND_CONTINUE = NO;
				GCC_MODEL_TUNING = G5;
				GCC_PRECOMPILE_PREFIX_HEADER = YES;
				GCC_PREFIX_HEADER = "";
				INSTALL_PATH = /usr/local/lib;
				ONLY_ACTIVE_ARCH = YES;
				OTHER_LDFLAGS = "-ObjC";
				PREBINDING = NO;
				PRODUCT_NAME = FJSCodeDebug;
				ZERO_LINK = NO;
			};
			name = Release;
		};
/* End XCBuildConfiguration section */

/* Begin XCConfigurationList section */
		C01FCF4E08A954540054247B /* Build configuration list for PBXProject "FJSCode" */ = {
			isa = XCConfigurationList;
			buildConfigurations = (
				C01FCF4F08A954540054247B /* Debug */,
				C43FAEC50FCCACF100EB4F92 /* Release from debug */,
				C01FCF5008A954540054247B /* Release */,
				C43FAE200FCCA96B00EB4F92 /* Distribution Beta */,
			);
			defaultConfigurationIsVisible = 0;
			defaultConfigurationName = Debug;
		};
		C461FEBE0FC5C1680036595E /* Build configuration list for PBXNativeTarget "FJSCodeDebug" */ = {
			isa = XCConfigurationList;
			buildConfigurations = (
				C461FEB40FC5C1520036595E /* Debug */,
				C43FAEC60FCCACF100EB4F92 /* Release from debug */,
				C461FEB50FC5C1520036595E /* Release */,
				C43FAE210FCCA96B00EB4F92 /* Distribution Beta */,
			);
			defaultConfigurationIsVisible = 0;
			defaultConfigurationName = Debug;
		};
/* End XCConfigurationList section */
	};
	rootObject = 29B97313FDCFA39411CA2CEA /* Project object */;
}
